
Microsoft Visual Studio Solution File, Format Version 12.00
# Visual Studio 2012
Project("{FAE04EC0-301F-11D3-BF4B-00C04F79EFBC}") = "DirectAgents.Web", "DirectAgents.Web\DirectAgents.Web.csproj", "{6279416D-0396-434C-9D74-30C1B74FFF5B}"
EndProject
Project("{FAE04EC0-301F-11D3-BF4B-00C04F79EFBC}") = "DirectAgents.Domain", "..\..\1\DirectAgents.Domain\DirectAgents.Domain.csproj", "{278911AB-CB92-4316-843E-4571CD0C3410}"
EndProject
Project("{FAE04EC0-301F-11D3-BF4B-00C04F79EFBC}") = "CakeExtracter", "..\CakeExtracter\CakeExtracter\CakeExtracter.csproj", "{3B6C5433-5392-4165-A7E4-4AA431A75BB3}"
	ProjectSection(ProjectDependencies) = postProject
		{B5C95CB8-DBE8-4D94-9A6D-6C2ED3535A26} = {B5C95CB8-DBE8-4D94-9A6D-6C2ED3535A26}
	EndProjectSection
EndProject
Project("{FAE04EC0-301F-11D3-BF4B-00C04F79EFBC}") = "CakeExtracter.ConsoleApplication", "..\CakeExtracter.ConsoleApplication\CakeExtracter.ConsoleApplication.csproj", "{5C9EEBEE-1F02-47F3-92B8-700542642C7D}"
EndProject
Project("{2150E333-8FDC-42A3-9474-1A3956D46DE8}") = "API", "API", "{9CADCD2F-2E1D-4D0D-BA87-D9A94D3F8CB7}"
EndProject
Project("{FAE04EC0-301F-11D3-BF4B-00C04F79EFBC}") = "AdRoll", "..\API\AdRoll\AdRoll.csproj", "{FEB04D4A-CF17-43BF-BF2C-635E87A38279}"
EndProject
Project("{FAE04EC0-301F-11D3-BF4B-00C04F79EFBC}") = "DBM", "..\API\DBM\DBM.csproj", "{7B3C53ED-633B-4DDE-B925-6161F39FD9CA}"
EndProject
Project("{FAE04EC0-301F-11D3-BF4B-00C04F79EFBC}") = "FacebookAPI", "..\API\FacebookAPI\FacebookAPI.csproj", "{3358A07A-A5A0-4933-9680-03D4308B278C}"
EndProject
Project("{FAE04EC0-301F-11D3-BF4B-00C04F79EFBC}") = "BingAds", "..\BingAds\BingAds.csproj", "{E2EA8AB5-ABAF-4007-A446-09624CB159E6}"
EndProject
Project("{FAE04EC0-301F-11D3-BF4B-00C04F79EFBC}") = "Yahoo", "..\API\Yahoo\Yahoo.csproj", "{B5C95CB8-DBE8-4D94-9A6D-6C2ED3535A26}"
EndProject
Global
	GlobalSection(SolutionConfigurationPlatforms) = preSolution
		Debug|Any CPU = Debug|Any CPU
		Release|Any CPU = Release|Any CPU
	EndGlobalSection
	GlobalSection(ProjectConfigurationPlatforms) = postSolution
		{6279416D-0396-434C-9D74-30C1B74FFF5B}.Debug|Any CPU.ActiveCfg = Debug|Any CPU
		{6279416D-0396-434C-9D74-30C1B74FFF5B}.Debug|Any CPU.Build.0 = Debug|Any CPU
		{6279416D-0396-434C-9D74-30C1B74FFF5B}.Release|Any CPU.ActiveCfg = Release|Any CPU
		{6279416D-0396-434C-9D74-30C1B74FFF5B}.Release|Any CPU.Build.0 = Release|Any CPU
		{278911AB-CB92-4316-843E-4571CD0C3410}.Debug|Any CPU.ActiveCfg = Debug|Any CPU
		{278911AB-CB92-4316-843E-4571CD0C3410}.Debug|Any CPU.Build.0 = Debug|Any CPU
		{278911AB-CB92-4316-843E-4571CD0C3410}.Release|Any CPU.ActiveCfg = Release|Any CPU
		{278911AB-CB92-4316-843E-4571CD0C3410}.Release|Any CPU.Build.0 = Release|Any CPU
		{3B6C5433-5392-4165-A7E4-4AA431A75BB3}.Debug|Any CPU.ActiveCfg = Debug|Any CPU
		{3B6C5433-5392-4165-A7E4-4AA431A75BB3}.Debug|Any CPU.Build.0 = Debug|Any CPU
		{3B6C5433-5392-4165-A7E4-4AA431A75BB3}.Release|Any CPU.ActiveCfg = Release|Any CPU
		{3B6C5433-5392-4165-A7E4-4AA431A75BB3}.Release|Any CPU.Build.0 = Release|Any CPU
		{5C9EEBEE-1F02-47F3-92B8-700542642C7D}.Debug|Any CPU.ActiveCfg = Debug|Any CPU
		{5C9EEBEE-1F02-47F3-92B8-700542642C7D}.Debug|Any CPU.Build.0 = Debug|Any CPU
		{5C9EEBEE-1F02-47F3-92B8-700542642C7D}.Release|Any CPU.ActiveCfg = Release|Any CPU
		{5C9EEBEE-1F02-47F3-92B8-700542642C7D}.Release|Any CPU.Build.0 = Release|Any CPU
		{FEB04D4A-CF17-43BF-BF2C-635E87A38279}.Debug|Any CPU.ActiveCfg = Debug|Any CPU
		{FEB04D4A-CF17-43BF-BF2C-635E87A38279}.Debug|Any CPU.Build.0 = Debug|Any CPU
		{FEB04D4A-CF17-43BF-BF2C-635E87A38279}.Release|Any CPU.ActiveCfg = Release|Any CPU
		{FEB04D4A-CF17-43BF-BF2C-635E87A38279}.Release|Any CPU.Build.0 = Release|Any CPU
		{7B3C53ED-633B-4DDE-B925-6161F39FD9CA}.Debug|Any CPU.ActiveCfg = Debug|Any CPU
		{7B3C53ED-633B-4DDE-B925-6161F39FD9CA}.Debug|Any CPU.Build.0 = Debug|Any CPU
		{7B3C53ED-633B-4DDE-B925-6161F39FD9CA}.Release|Any CPU.ActiveCfg = Release|Any CPU
		{7B3C53ED-633B-4DDE-B925-6161F39FD9CA}.Release|Any CPU.Build.0 = Release|Any CPU
		{3358A07A-A5A0-4933-9680-03D4308B278C}.Debug|Any CPU.ActiveCfg = Debug|Any CPU
		{3358A07A-A5A0-4933-9680-03D4308B278C}.Debug|Any CPU.Build.0 = Debug|Any CPU
		{3358A07A-A5A0-4933-9680-03D4308B278C}.Release|Any CPU.ActiveCfg = Release|Any CPU
		{3358A07A-A5A0-4933-9680-03D4308B278C}.Release|Any CPU.Build.0 = Release|Any CPU
		{E2EA8AB5-ABAF-4007-A446-09624CB159E6}.Debug|Any CPU.ActiveCfg = Debug|Any CPU
		{E2EA8AB5-ABAF-4007-A446-09624CB159E6}.Debug|Any CPU.Build.0 = Debug|Any CPU
		{E2EA8AB5-ABAF-4007-A446-09624CB159E6}.Release|Any CPU.ActiveCfg = Release|Any CPU
		{E2EA8AB5-ABAF-4007-A446-09624CB159E6}.Release|Any CPU.Build.0 = Release|Any CPU
		{B5C95CB8-DBE8-4D94-9A6D-6C2ED3535A26}.Debug|Any CPU.ActiveCfg = Debug|Any CPU
		{B5C95CB8-DBE8-4D94-9A6D-6C2ED3535A26}.Debug|Any CPU.Build.0 = Debug|Any CPU
		{B5C95CB8-DBE8-4D94-9A6D-6C2ED3535A26}.Release|Any CPU.ActiveCfg = Release|Any CPU
		{B5C95CB8-DBE8-4D94-9A6D-6C2ED3535A26}.Release|Any CPU.Build.0 = Release|Any CPU
	EndGlobalSection
	GlobalSection(SolutionProperties) = preSolution
		HideSolutionNode = FALSE
	EndGlobalSection
	GlobalSection(NestedProjects) = preSolution
		{FEB04D4A-CF17-43BF-BF2C-635E87A38279} = {9CADCD2F-2E1D-4D0D-BA87-D9A94D3F8CB7}
		{7B3C53ED-633B-4DDE-B925-6161F39FD9CA} = {9CADCD2F-2E1D-4D0D-BA87-D9A94D3F8CB7}
		{3358A07A-A5A0-4933-9680-03D4308B278C} = {9CADCD2F-2E1D-4D0D-BA87-D9A94D3F8CB7}
		{E2EA8AB5-ABAF-4007-A446-09624CB159E6} = {9CADCD2F-2E1D-4D0D-BA87-D9A94D3F8CB7}
		{B5C95CB8-DBE8-4D94-9A6D-6C2ED3535A26} = {9CADCD2F-2E1D-4D0D-BA87-D9A94D3F8CB7}
	EndGlobalSection
EndGlobal
