
Microsoft Visual Studio Solution File, Format Version 12.00
# Visual Studio 2012
Project("{FAE04EC0-301F-11D3-BF4B-00C04F79EFBC}") = "ClientPortal.Web", "ClientPortal.Web\ClientPortal.Web.csproj", "{F189F75D-4031-4D0A-BB22-E8B8E970BE4F}"
EndProject
Project("{FAE04EC0-301F-11D3-BF4B-00C04F79EFBC}") = "ClientPortal.Web.Tests", "ClientPortal.Web.Tests\ClientPortal.Web.Tests.csproj", "{7ECB73A3-80A0-41E7-96E4-2CAD76CFAA20}"
EndProject
Project("{FAE04EC0-301F-11D3-BF4B-00C04F79EFBC}") = "ClientPortal.Data", "..\ClientPortal.Data\ClientPortal.Data.csproj", "{2E621B59-9455-4FA5-B9BD-6BDC418FFBFA}"
EndProject
Project("{FAE04EC0-301F-11D3-BF4B-00C04F79EFBC}") = "DirectAgents.Mvc", "..\DirectAgents.Mvc\DirectAgents.Mvc.csproj", "{BF827E4B-B65D-42AE-98AD-441626532F00}"
EndProject
Project("{FAE04EC0-301F-11D3-BF4B-00C04F79EFBC}") = "QuickBooks", "..\QuickBooks\QuickBooks.csproj", "{C369EA6B-A68D-459D-A55F-42BCDEB9B689}"
EndProject
Project("{FAE04EC0-301F-11D3-BF4B-00C04F79EFBC}") = "QuickBooks.WebConnector", "..\QuickBooks.WebConnector\QuickBooks.WebConnector.csproj", "{7369AFD5-039A-4611-B101-1BD48C48D9D4}"
EndProject
Project("{FAE04EC0-301F-11D3-BF4B-00C04F79EFBC}") = "QuickBooks.Utility", "..\QuickBooks.Utility\QuickBooks.Utility.csproj", "{5A6D055F-1C43-4A27-AA2D-D034685BB63A}"
EndProject
Project("{FAE04EC0-301F-11D3-BF4B-00C04F79EFBC}") = "CakeExtracter", "..\CakeExtracter\CakeExtracter\CakeExtracter.csproj", "{3B6C5433-5392-4165-A7E4-4AA431A75BB3}"
EndProject
Global
	GlobalSection(SolutionConfigurationPlatforms) = preSolution
		Debug|Any CPU = Debug|Any CPU
		Debug|Mixed Platforms = Debug|Mixed Platforms
		Debug|x86 = Debug|x86
		Release|Any CPU = Release|Any CPU
		Release|Mixed Platforms = Release|Mixed Platforms
		Release|x86 = Release|x86
	EndGlobalSection
	GlobalSection(ProjectConfigurationPlatforms) = postSolution
		{F189F75D-4031-4D0A-BB22-E8B8E970BE4F}.Debug|Any CPU.ActiveCfg = Debug|Any CPU
		{F189F75D-4031-4D0A-BB22-E8B8E970BE4F}.Debug|Any CPU.Build.0 = Debug|Any CPU
		{F189F75D-4031-4D0A-BB22-E8B8E970BE4F}.Debug|Mixed Platforms.ActiveCfg = Debug|Any CPU
		{F189F75D-4031-4D0A-BB22-E8B8E970BE4F}.Debug|Mixed Platforms.Build.0 = Debug|Any CPU
		{F189F75D-4031-4D0A-BB22-E8B8E970BE4F}.Debug|x86.ActiveCfg = Debug|Any CPU
		{F189F75D-4031-4D0A-BB22-E8B8E970BE4F}.Release|Any CPU.ActiveCfg = Release|Any CPU
		{F189F75D-4031-4D0A-BB22-E8B8E970BE4F}.Release|Any CPU.Build.0 = Release|Any CPU
		{F189F75D-4031-4D0A-BB22-E8B8E970BE4F}.Release|Mixed Platforms.ActiveCfg = Release|Any CPU
		{F189F75D-4031-4D0A-BB22-E8B8E970BE4F}.Release|Mixed Platforms.Build.0 = Release|Any CPU
		{F189F75D-4031-4D0A-BB22-E8B8E970BE4F}.Release|x86.ActiveCfg = Release|Any CPU
		{7ECB73A3-80A0-41E7-96E4-2CAD76CFAA20}.Debug|Any CPU.ActiveCfg = Debug|Any CPU
		{7ECB73A3-80A0-41E7-96E4-2CAD76CFAA20}.Debug|Any CPU.Build.0 = Debug|Any CPU
		{7ECB73A3-80A0-41E7-96E4-2CAD76CFAA20}.Debug|Mixed Platforms.ActiveCfg = Debug|Any CPU
		{7ECB73A3-80A0-41E7-96E4-2CAD76CFAA20}.Debug|Mixed Platforms.Build.0 = Debug|Any CPU
		{7ECB73A3-80A0-41E7-96E4-2CAD76CFAA20}.Debug|x86.ActiveCfg = Debug|Any CPU
		{7ECB73A3-80A0-41E7-96E4-2CAD76CFAA20}.Release|Any CPU.ActiveCfg = Release|Any CPU
		{7ECB73A3-80A0-41E7-96E4-2CAD76CFAA20}.Release|Any CPU.Build.0 = Release|Any CPU
		{7ECB73A3-80A0-41E7-96E4-2CAD76CFAA20}.Release|Mixed Platforms.ActiveCfg = Release|Any CPU
		{7ECB73A3-80A0-41E7-96E4-2CAD76CFAA20}.Release|Mixed Platforms.Build.0 = Release|Any CPU
		{7ECB73A3-80A0-41E7-96E4-2CAD76CFAA20}.Release|x86.ActiveCfg = Release|Any CPU
		{2E621B59-9455-4FA5-B9BD-6BDC418FFBFA}.Debug|Any CPU.ActiveCfg = Debug|Any CPU
		{2E621B59-9455-4FA5-B9BD-6BDC418FFBFA}.Debug|Any CPU.Build.0 = Debug|Any CPU
		{2E621B59-9455-4FA5-B9BD-6BDC418FFBFA}.Debug|Mixed Platforms.ActiveCfg = Debug|Any CPU
		{2E621B59-9455-4FA5-B9BD-6BDC418FFBFA}.Debug|Mixed Platforms.Build.0 = Debug|Any CPU
		{2E621B59-9455-4FA5-B9BD-6BDC418FFBFA}.Debug|x86.ActiveCfg = Debug|Any CPU
		{2E621B59-9455-4FA5-B9BD-6BDC418FFBFA}.Release|Any CPU.ActiveCfg = Release|Any CPU
		{2E621B59-9455-4FA5-B9BD-6BDC418FFBFA}.Release|Any CPU.Build.0 = Release|Any CPU
		{2E621B59-9455-4FA5-B9BD-6BDC418FFBFA}.Release|Mixed Platforms.ActiveCfg = Release|Any CPU
		{2E621B59-9455-4FA5-B9BD-6BDC418FFBFA}.Release|Mixed Platforms.Build.0 = Release|Any CPU
		{2E621B59-9455-4FA5-B9BD-6BDC418FFBFA}.Release|x86.ActiveCfg = Release|Any CPU
		{BF827E4B-B65D-42AE-98AD-441626532F00}.Debug|Any CPU.ActiveCfg = Debug|Any CPU
		{BF827E4B-B65D-42AE-98AD-441626532F00}.Debug|Any CPU.Build.0 = Debug|Any CPU
		{BF827E4B-B65D-42AE-98AD-441626532F00}.Debug|Mixed Platforms.ActiveCfg = Debug|Any CPU
		{BF827E4B-B65D-42AE-98AD-441626532F00}.Debug|Mixed Platforms.Build.0 = Debug|Any CPU
		{BF827E4B-B65D-42AE-98AD-441626532F00}.Debug|x86.ActiveCfg = Debug|Any CPU
		{BF827E4B-B65D-42AE-98AD-441626532F00}.Release|Any CPU.ActiveCfg = Release|Any CPU
		{BF827E4B-B65D-42AE-98AD-441626532F00}.Release|Any CPU.Build.0 = Release|Any CPU
		{BF827E4B-B65D-42AE-98AD-441626532F00}.Release|Mixed Platforms.ActiveCfg = Release|Any CPU
		{BF827E4B-B65D-42AE-98AD-441626532F00}.Release|Mixed Platforms.Build.0 = Release|Any CPU
		{BF827E4B-B65D-42AE-98AD-441626532F00}.Release|x86.ActiveCfg = Release|Any CPU
		{C369EA6B-A68D-459D-A55F-42BCDEB9B689}.Debug|Any CPU.ActiveCfg = Debug|Any CPU
		{C369EA6B-A68D-459D-A55F-42BCDEB9B689}.Debug|Any CPU.Build.0 = Debug|Any CPU
		{C369EA6B-A68D-459D-A55F-42BCDEB9B689}.Debug|Mixed Platforms.ActiveCfg = Debug|Any CPU
		{C369EA6B-A68D-459D-A55F-42BCDEB9B689}.Debug|Mixed Platforms.Build.0 = Debug|Any CPU
		{C369EA6B-A68D-459D-A55F-42BCDEB9B689}.Debug|x86.ActiveCfg = Debug|Any CPU
		{C369EA6B-A68D-459D-A55F-42BCDEB9B689}.Release|Any CPU.ActiveCfg = Release|Any CPU
		{C369EA6B-A68D-459D-A55F-42BCDEB9B689}.Release|Any CPU.Build.0 = Release|Any CPU
		{C369EA6B-A68D-459D-A55F-42BCDEB9B689}.Release|Mixed Platforms.ActiveCfg = Release|Any CPU
		{C369EA6B-A68D-459D-A55F-42BCDEB9B689}.Release|Mixed Platforms.Build.0 = Release|Any CPU
		{C369EA6B-A68D-459D-A55F-42BCDEB9B689}.Release|x86.ActiveCfg = Release|Any CPU
		{7369AFD5-039A-4611-B101-1BD48C48D9D4}.Debug|Any CPU.ActiveCfg = Debug|Any CPU
		{7369AFD5-039A-4611-B101-1BD48C48D9D4}.Debug|Any CPU.Build.0 = Debug|Any CPU
		{7369AFD5-039A-4611-B101-1BD48C48D9D4}.Debug|Mixed Platforms.ActiveCfg = Debug|Any CPU
		{7369AFD5-039A-4611-B101-1BD48C48D9D4}.Debug|Mixed Platforms.Build.0 = Debug|Any CPU
		{7369AFD5-039A-4611-B101-1BD48C48D9D4}.Debug|x86.ActiveCfg = Debug|Any CPU
		{7369AFD5-039A-4611-B101-1BD48C48D9D4}.Release|Any CPU.ActiveCfg = Release|Any CPU
		{7369AFD5-039A-4611-B101-1BD48C48D9D4}.Release|Any CPU.Build.0 = Release|Any CPU
		{7369AFD5-039A-4611-B101-1BD48C48D9D4}.Release|Mixed Platforms.ActiveCfg = Release|Any CPU
		{7369AFD5-039A-4611-B101-1BD48C48D9D4}.Release|Mixed Platforms.Build.0 = Release|Any CPU
		{7369AFD5-039A-4611-B101-1BD48C48D9D4}.Release|x86.ActiveCfg = Release|Any CPU
		{5A6D055F-1C43-4A27-AA2D-D034685BB63A}.Debug|Any CPU.ActiveCfg = Debug|Any CPU
		{5A6D055F-1C43-4A27-AA2D-D034685BB63A}.Debug|Any CPU.Build.0 = Debug|Any CPU
		{5A6D055F-1C43-4A27-AA2D-D034685BB63A}.Debug|Mixed Platforms.ActiveCfg = Debug|Any CPU
		{5A6D055F-1C43-4A27-AA2D-D034685BB63A}.Debug|Mixed Platforms.Build.0 = Debug|Any CPU
		{5A6D055F-1C43-4A27-AA2D-D034685BB63A}.Debug|x86.ActiveCfg = Debug|Any CPU
		{5A6D055F-1C43-4A27-AA2D-D034685BB63A}.Release|Any CPU.ActiveCfg = Release|Any CPU
		{5A6D055F-1C43-4A27-AA2D-D034685BB63A}.Release|Any CPU.Build.0 = Release|Any CPU
		{5A6D055F-1C43-4A27-AA2D-D034685BB63A}.Release|Mixed Platforms.ActiveCfg = Release|Any CPU
		{5A6D055F-1C43-4A27-AA2D-D034685BB63A}.Release|Mixed Platforms.Build.0 = Release|Any CPU
		{5A6D055F-1C43-4A27-AA2D-D034685BB63A}.Release|x86.ActiveCfg = Release|Any CPU
		{3B6C5433-5392-4165-A7E4-4AA431A75BB3}.Debug|Any CPU.ActiveCfg = Debug|Any CPU
		{3B6C5433-5392-4165-A7E4-4AA431A75BB3}.Debug|Any CPU.Build.0 = Debug|Any CPU
		{3B6C5433-5392-4165-A7E4-4AA431A75BB3}.Debug|Mixed Platforms.ActiveCfg = Debug|Any CPU
		{3B6C5433-5392-4165-A7E4-4AA431A75BB3}.Debug|Mixed Platforms.Build.0 = Debug|Any CPU
		{3B6C5433-5392-4165-A7E4-4AA431A75BB3}.Debug|x86.ActiveCfg = Debug|Any CPU
		{3B6C5433-5392-4165-A7E4-4AA431A75BB3}.Release|Any CPU.ActiveCfg = Release|Any CPU
		{3B6C5433-5392-4165-A7E4-4AA431A75BB3}.Release|Any CPU.Build.0 = Release|Any CPU
		{3B6C5433-5392-4165-A7E4-4AA431A75BB3}.Release|Mixed Platforms.ActiveCfg = Release|Any CPU
		{3B6C5433-5392-4165-A7E4-4AA431A75BB3}.Release|Mixed Platforms.Build.0 = Release|Any CPU
		{3B6C5433-5392-4165-A7E4-4AA431A75BB3}.Release|x86.ActiveCfg = Release|Any CPU
	EndGlobalSection
	GlobalSection(SolutionProperties) = preSolution
		HideSolutionNode = FALSE
	EndGlobalSection
EndGlobal
