
Microsoft Visual Studio Solution File, Format Version 12.00
# Visual Studio 2012
Project("{FAE04EC0-301F-11D3-BF4B-00C04F79EFBC}") = "ClientPortal.Web", "ClientPortal.Web\ClientPortal.Web.csproj", "{F189F75D-4031-4D0A-BB22-E8B8E970BE4F}"
EndProject
Project("{FAE04EC0-301F-11D3-BF4B-00C04F79EFBC}") = "ClientPortal.Web.Tests", "ClientPortal.Web.Tests\ClientPortal.Web.Tests.csproj", "{7ECB73A3-80A0-41E7-96E4-2CAD76CFAA20}"
EndProject
Global
	GlobalSection(SolutionConfigurationPlatforms) = preSolution
		Debug|Any CPU = Debug|Any CPU
		Release|Any CPU = Release|Any CPU
	EndGlobalSection
	GlobalSection(ProjectConfigurationPlatforms) = postSolution
		{F189F75D-4031-4D0A-BB22-E8B8E970BE4F}.Debug|Any CPU.ActiveCfg = Debug|Any CPU
		{F189F75D-4031-4D0A-BB22-E8B8E970BE4F}.Debug|Any CPU.Build.0 = Debug|Any CPU
		{F189F75D-4031-4D0A-BB22-E8B8E970BE4F}.Release|Any CPU.ActiveCfg = Release|Any CPU
		{F189F75D-4031-4D0A-BB22-E8B8E970BE4F}.Release|Any CPU.Build.0 = Release|Any CPU
		{7ECB73A3-80A0-41E7-96E4-2CAD76CFAA20}.Debug|Any CPU.ActiveCfg = Debug|Any CPU
		{7ECB73A3-80A0-41E7-96E4-2CAD76CFAA20}.Debug|Any CPU.Build.0 = Debug|Any CPU
		{7ECB73A3-80A0-41E7-96E4-2CAD76CFAA20}.Release|Any CPU.ActiveCfg = Release|Any CPU
		{7ECB73A3-80A0-41E7-96E4-2CAD76CFAA20}.Release|Any CPU.Build.0 = Release|Any CPU
	EndGlobalSection
	GlobalSection(SolutionProperties) = preSolution
		HideSolutionNode = FALSE
	EndGlobalSection
EndGlobal
