
Microsoft Visual Studio Solution File, Format Version 12.00
# Visual Studio 2012
Project("{FAE04EC0-301F-11D3-BF4B-00C04F79EFBC}") = "EomApp1", "..\EomTool\EomApp1\EomApp1.csproj", "{7FA31632-40D5-4B76-953D-CD90D8D64EFA}"
EndProject
Project("{FAE04EC0-301F-11D3-BF4B-00C04F79EFBC}") = "DataGridViewExtensions", "..\EomTool\DataGridViewExtension\DataGridViewExtensions.csproj", "{ACFA074E-254F-482C-90A1-FB0E60497B17}"
EndProject
Project("{FAE04EC0-301F-11D3-BF4B-00C04F79EFBC}") = "DirectAgents.Common", "..\EomTool\DAgents.Common\DirectAgents.Common.csproj", "{C96A7A6B-F15A-4C83-B871-0DF48E798C5F}"
EndProject
Project("{FAE04EC0-301F-11D3-BF4B-00C04F79EFBC}") = "Eom.Common", "..\EomTool\Eom.Common\Eom.Common.csproj", "{7C8D69E8-324C-43ED-958A-2248778DD89E}"
EndProject
Project("{FAE04EC0-301F-11D3-BF4B-00C04F79EFBC}") = "HTMLEditorControl", "..\EomTool\HtmlEditorControl\HTMLEditorControl.csproj", "{5873DE0F-6853-4C8E-91A4-7A6861069A9A}"
EndProject
Project("{FAE04EC0-301F-11D3-BF4B-00C04F79EFBC}") = "DirectTrack.Rest", "..\EomTool\DirectTrack.Rest\DirectTrack.Rest.csproj", "{A5D217FE-1556-4ABD-BFDF-F5A2D65F5D8A}"
EndProject
Project("{FAE04EC0-301F-11D3-BF4B-00C04F79EFBC}") = "DirectAgents.Synch", "..\EomTool\DAgents.DirectTrack\DirectAgents.Synch.csproj", "{4C08DC70-20A6-4D3B-AB4B-5AAA04521118}"
EndProject
Project("{FAE04EC0-301F-11D3-BF4B-00C04F79EFBC}") = "EomApp.Controls", "..\EomTool\EomAppControls\EomApp.Controls.csproj", "{1594F5F0-0810-4CD2-8C1E-439BA340EC2E}"
EndProject
Project("{FAE04EC0-301F-11D3-BF4B-00C04F79EFBC}") = "EomApp.Controls.Wpf", "..\EomApp.Controls.Wpf\EomApp.Controls.Wpf.csproj", "{6DE348DC-663F-4251-A8E4-A1107E1B0497}"
EndProject
Project("{FAE04EC0-301F-11D3-BF4B-00C04F79EFBC}") = "EomApp.Models", "..\EomTool\EomAppModels\EomApp.Models.csproj", "{B9F971EA-5F76-474C-B3DC-E00FD3760967}"
EndProject
Project("{FAE04EC0-301F-11D3-BF4B-00C04F79EFBC}") = "EomTool.Domain", "..\EomTool\EomTool.Domain\EomTool.Domain.csproj", "{F41DA2E2-D584-479A-9F24-9B2D3D33F927}"
EndProject
Project("{FAE04EC0-301F-11D3-BF4B-00C04F79EFBC}") = "QuickBooksLibrary", "..\QuickBooksLibrary\QuickBooksLibrary.csproj", "{72427403-94B7-487D-BD9E-E0C1CF1954CA}"
EndProject
Project("{FAE04EC0-301F-11D3-BF4B-00C04F79EFBC}") = "AccountingBackupWeb.Models", "..\AccountingBackupWeb.Models\AccountingBackupWeb.Models.csproj", "{D09AA1DE-FB06-4334-A9D2-DAE8A035CD7D}"
EndProject
Project("{FAE04EC0-301F-11D3-BF4B-00C04F79EFBC}") = "QuickBooksService", "..\QuickBooksService\QuickBooksService.csproj", "{709FD9D8-7DEA-4E53-8ED9-244A8082ACC0}"
EndProject
Project("{FAE04EC0-301F-11D3-BF4B-00C04F79EFBC}") = "QuickBooks", "..\QuickBooks\QuickBooks.csproj", "{7AB15A9F-C226-449B-AB25-91E2AD18F4DC}"
EndProject
Project("{2150E333-8FDC-42A3-9474-1A3956D46DE8}") = "Legacy", "Legacy", "{2D16C2F8-1578-449F-AC64-E88BBDB023C1}"
EndProject
Project("{FAE04EC0-301F-11D3-BF4B-00C04F79EFBC}") = "Accounting.Domain", "..\Accounting.Domain\Accounting.Domain.csproj", "{5A9EBA3C-0860-47A1-B152-D4468C83E711}"
EndProject
Project("{FAE04EC0-301F-11D3-BF4B-00C04F79EFBC}") = "QuickBooks.Test", "..\QuickBooks.Test\QuickBooks.Test.csproj", "{6CD893A9-9ED9-46F6-B347-64EE2C884E6C}"
EndProject
Global
	GlobalSection(SolutionConfigurationPlatforms) = preSolution
		Debug - Client Portal|Any CPU = Debug - Client Portal|Any CPU
		Debug - Client Portal|Mixed Platforms = Debug - Client Portal|Mixed Platforms
		Debug - Client Portal|x86 = Debug - Client Portal|x86
		Debug - DADatabaseService|Any CPU = Debug - DADatabaseService|Any CPU
		Debug - DADatabaseService|Mixed Platforms = Debug - DADatabaseService|Mixed Platforms
		Debug - DADatabaseService|x86 = Debug - DADatabaseService|x86
		Debug - Direct Track|Any CPU = Debug - Direct Track|Any CPU
		Debug - Direct Track|Mixed Platforms = Debug - Direct Track|Mixed Platforms
		Debug - Direct Track|x86 = Debug - Direct Track|x86
		Debug - z|Any CPU = Debug - z|Any CPU
		Debug - z|Mixed Platforms = Debug - z|Mixed Platforms
		Debug - z|x86 = Debug - z|x86
		Debug|Any CPU = Debug|Any CPU
		Debug|Mixed Platforms = Debug|Mixed Platforms
		Debug|x86 = Debug|x86
		Release|Any CPU = Release|Any CPU
		Release|Mixed Platforms = Release|Mixed Platforms
		Release|x86 = Release|x86
		Try1 Debug|Any CPU = Try1 Debug|Any CPU
		Try1 Debug|Mixed Platforms = Try1 Debug|Mixed Platforms
		Try1 Debug|x86 = Try1 Debug|x86
	EndGlobalSection
	GlobalSection(ProjectConfigurationPlatforms) = postSolution
		{7FA31632-40D5-4B76-953D-CD90D8D64EFA}.Debug - Client Portal|Any CPU.ActiveCfg = Debug|x86
		{7FA31632-40D5-4B76-953D-CD90D8D64EFA}.Debug - Client Portal|Mixed Platforms.ActiveCfg = Debug|x86
		{7FA31632-40D5-4B76-953D-CD90D8D64EFA}.Debug - Client Portal|Mixed Platforms.Build.0 = Debug|x86
		{7FA31632-40D5-4B76-953D-CD90D8D64EFA}.Debug - Client Portal|x86.ActiveCfg = Debug|x86
		{7FA31632-40D5-4B76-953D-CD90D8D64EFA}.Debug - Client Portal|x86.Build.0 = Debug|x86
		{7FA31632-40D5-4B76-953D-CD90D8D64EFA}.Debug - DADatabaseService|Any CPU.ActiveCfg = Debug|x86
		{7FA31632-40D5-4B76-953D-CD90D8D64EFA}.Debug - DADatabaseService|Mixed Platforms.ActiveCfg = Debug|x86
		{7FA31632-40D5-4B76-953D-CD90D8D64EFA}.Debug - DADatabaseService|Mixed Platforms.Build.0 = Debug|x86
		{7FA31632-40D5-4B76-953D-CD90D8D64EFA}.Debug - DADatabaseService|x86.ActiveCfg = Debug|x86
		{7FA31632-40D5-4B76-953D-CD90D8D64EFA}.Debug - DADatabaseService|x86.Build.0 = Debug|x86
		{7FA31632-40D5-4B76-953D-CD90D8D64EFA}.Debug - Direct Track|Any CPU.ActiveCfg = Debug|x86
		{7FA31632-40D5-4B76-953D-CD90D8D64EFA}.Debug - Direct Track|Mixed Platforms.ActiveCfg = Debug|x86
		{7FA31632-40D5-4B76-953D-CD90D8D64EFA}.Debug - Direct Track|Mixed Platforms.Build.0 = Debug|x86
		{7FA31632-40D5-4B76-953D-CD90D8D64EFA}.Debug - Direct Track|x86.ActiveCfg = Debug|x86
		{7FA31632-40D5-4B76-953D-CD90D8D64EFA}.Debug - Direct Track|x86.Build.0 = Debug|x86
		{7FA31632-40D5-4B76-953D-CD90D8D64EFA}.Debug - z|Any CPU.ActiveCfg = Debug|x86
		{7FA31632-40D5-4B76-953D-CD90D8D64EFA}.Debug - z|Mixed Platforms.ActiveCfg = Debug|x86
		{7FA31632-40D5-4B76-953D-CD90D8D64EFA}.Debug - z|Mixed Platforms.Build.0 = Debug|x86
		{7FA31632-40D5-4B76-953D-CD90D8D64EFA}.Debug - z|x86.ActiveCfg = Debug|x86
		{7FA31632-40D5-4B76-953D-CD90D8D64EFA}.Debug - z|x86.Build.0 = Debug|x86
		{7FA31632-40D5-4B76-953D-CD90D8D64EFA}.Debug|Any CPU.ActiveCfg = Debug|x86
		{7FA31632-40D5-4B76-953D-CD90D8D64EFA}.Debug|Mixed Platforms.ActiveCfg = Debug|x86
		{7FA31632-40D5-4B76-953D-CD90D8D64EFA}.Debug|Mixed Platforms.Build.0 = Debug|x86
		{7FA31632-40D5-4B76-953D-CD90D8D64EFA}.Debug|x86.ActiveCfg = Debug|x86
		{7FA31632-40D5-4B76-953D-CD90D8D64EFA}.Debug|x86.Build.0 = Debug|x86
		{7FA31632-40D5-4B76-953D-CD90D8D64EFA}.Release|Any CPU.ActiveCfg = Release|x86
		{7FA31632-40D5-4B76-953D-CD90D8D64EFA}.Release|Mixed Platforms.ActiveCfg = Release|x86
		{7FA31632-40D5-4B76-953D-CD90D8D64EFA}.Release|Mixed Platforms.Build.0 = Release|x86
		{7FA31632-40D5-4B76-953D-CD90D8D64EFA}.Release|x86.ActiveCfg = Release|x86
		{7FA31632-40D5-4B76-953D-CD90D8D64EFA}.Release|x86.Build.0 = Release|x86
		{7FA31632-40D5-4B76-953D-CD90D8D64EFA}.Try1 Debug|Any CPU.ActiveCfg = Try1 Debug|x86
		{7FA31632-40D5-4B76-953D-CD90D8D64EFA}.Try1 Debug|Mixed Platforms.ActiveCfg = Try1 Debug|x86
		{7FA31632-40D5-4B76-953D-CD90D8D64EFA}.Try1 Debug|Mixed Platforms.Build.0 = Try1 Debug|x86
		{7FA31632-40D5-4B76-953D-CD90D8D64EFA}.Try1 Debug|x86.ActiveCfg = Try1 Debug|x86
		{7FA31632-40D5-4B76-953D-CD90D8D64EFA}.Try1 Debug|x86.Build.0 = Try1 Debug|x86
		{ACFA074E-254F-482C-90A1-FB0E60497B17}.Debug - Client Portal|Any CPU.ActiveCfg = Debug|Any CPU
		{ACFA074E-254F-482C-90A1-FB0E60497B17}.Debug - Client Portal|Any CPU.Build.0 = Debug|Any CPU
		{ACFA074E-254F-482C-90A1-FB0E60497B17}.Debug - Client Portal|Mixed Platforms.ActiveCfg = Debug|Any CPU
		{ACFA074E-254F-482C-90A1-FB0E60497B17}.Debug - Client Portal|Mixed Platforms.Build.0 = Debug|Any CPU
		{ACFA074E-254F-482C-90A1-FB0E60497B17}.Debug - Client Portal|x86.ActiveCfg = Debug|Any CPU
		{ACFA074E-254F-482C-90A1-FB0E60497B17}.Debug - DADatabaseService|Any CPU.ActiveCfg = Debug|Any CPU
		{ACFA074E-254F-482C-90A1-FB0E60497B17}.Debug - DADatabaseService|Any CPU.Build.0 = Debug|Any CPU
		{ACFA074E-254F-482C-90A1-FB0E60497B17}.Debug - DADatabaseService|Mixed Platforms.ActiveCfg = Debug|Any CPU
		{ACFA074E-254F-482C-90A1-FB0E60497B17}.Debug - DADatabaseService|Mixed Platforms.Build.0 = Debug|Any CPU
		{ACFA074E-254F-482C-90A1-FB0E60497B17}.Debug - DADatabaseService|x86.ActiveCfg = Debug|Any CPU
		{ACFA074E-254F-482C-90A1-FB0E60497B17}.Debug - Direct Track|Any CPU.ActiveCfg = Debug|Any CPU
		{ACFA074E-254F-482C-90A1-FB0E60497B17}.Debug - Direct Track|Any CPU.Build.0 = Debug|Any CPU
		{ACFA074E-254F-482C-90A1-FB0E60497B17}.Debug - Direct Track|Mixed Platforms.ActiveCfg = Debug|Any CPU
		{ACFA074E-254F-482C-90A1-FB0E60497B17}.Debug - Direct Track|Mixed Platforms.Build.0 = Debug|Any CPU
		{ACFA074E-254F-482C-90A1-FB0E60497B17}.Debug - Direct Track|x86.ActiveCfg = Debug|Any CPU
		{ACFA074E-254F-482C-90A1-FB0E60497B17}.Debug - z|Any CPU.ActiveCfg = Debug|Any CPU
		{ACFA074E-254F-482C-90A1-FB0E60497B17}.Debug - z|Any CPU.Build.0 = Debug|Any CPU
		{ACFA074E-254F-482C-90A1-FB0E60497B17}.Debug - z|Mixed Platforms.ActiveCfg = Debug|Any CPU
		{ACFA074E-254F-482C-90A1-FB0E60497B17}.Debug - z|Mixed Platforms.Build.0 = Debug|Any CPU
		{ACFA074E-254F-482C-90A1-FB0E60497B17}.Debug - z|x86.ActiveCfg = Debug|Any CPU
		{ACFA074E-254F-482C-90A1-FB0E60497B17}.Debug|Any CPU.ActiveCfg = Debug|Any CPU
		{ACFA074E-254F-482C-90A1-FB0E60497B17}.Debug|Any CPU.Build.0 = Debug|Any CPU
		{ACFA074E-254F-482C-90A1-FB0E60497B17}.Debug|Mixed Platforms.ActiveCfg = Debug|Any CPU
		{ACFA074E-254F-482C-90A1-FB0E60497B17}.Debug|Mixed Platforms.Build.0 = Debug|Any CPU
		{ACFA074E-254F-482C-90A1-FB0E60497B17}.Debug|x86.ActiveCfg = Debug|Any CPU
		{ACFA074E-254F-482C-90A1-FB0E60497B17}.Release|Any CPU.ActiveCfg = Release|Any CPU
		{ACFA074E-254F-482C-90A1-FB0E60497B17}.Release|Any CPU.Build.0 = Release|Any CPU
		{ACFA074E-254F-482C-90A1-FB0E60497B17}.Release|Mixed Platforms.ActiveCfg = Release|Any CPU
		{ACFA074E-254F-482C-90A1-FB0E60497B17}.Release|Mixed Platforms.Build.0 = Release|Any CPU
		{ACFA074E-254F-482C-90A1-FB0E60497B17}.Release|x86.ActiveCfg = Release|Any CPU
		{ACFA074E-254F-482C-90A1-FB0E60497B17}.Try1 Debug|Any CPU.ActiveCfg = Debug|Any CPU
		{ACFA074E-254F-482C-90A1-FB0E60497B17}.Try1 Debug|Any CPU.Build.0 = Debug|Any CPU
		{ACFA074E-254F-482C-90A1-FB0E60497B17}.Try1 Debug|Mixed Platforms.ActiveCfg = Debug|Any CPU
		{ACFA074E-254F-482C-90A1-FB0E60497B17}.Try1 Debug|Mixed Platforms.Build.0 = Debug|Any CPU
		{ACFA074E-254F-482C-90A1-FB0E60497B17}.Try1 Debug|x86.ActiveCfg = Debug|Any CPU
		{C96A7A6B-F15A-4C83-B871-0DF48E798C5F}.Debug - Client Portal|Any CPU.ActiveCfg = Debug|Any CPU
		{C96A7A6B-F15A-4C83-B871-0DF48E798C5F}.Debug - Client Portal|Any CPU.Build.0 = Debug|Any CPU
		{C96A7A6B-F15A-4C83-B871-0DF48E798C5F}.Debug - Client Portal|Mixed Platforms.ActiveCfg = Debug|Any CPU
		{C96A7A6B-F15A-4C83-B871-0DF48E798C5F}.Debug - Client Portal|Mixed Platforms.Build.0 = Debug|Any CPU
		{C96A7A6B-F15A-4C83-B871-0DF48E798C5F}.Debug - Client Portal|x86.ActiveCfg = Debug|Any CPU
		{C96A7A6B-F15A-4C83-B871-0DF48E798C5F}.Debug - DADatabaseService|Any CPU.ActiveCfg = Debug|Any CPU
		{C96A7A6B-F15A-4C83-B871-0DF48E798C5F}.Debug - DADatabaseService|Any CPU.Build.0 = Debug|Any CPU
		{C96A7A6B-F15A-4C83-B871-0DF48E798C5F}.Debug - DADatabaseService|Mixed Platforms.ActiveCfg = Debug|Any CPU
		{C96A7A6B-F15A-4C83-B871-0DF48E798C5F}.Debug - DADatabaseService|Mixed Platforms.Build.0 = Debug|Any CPU
		{C96A7A6B-F15A-4C83-B871-0DF48E798C5F}.Debug - DADatabaseService|x86.ActiveCfg = Debug|Any CPU
		{C96A7A6B-F15A-4C83-B871-0DF48E798C5F}.Debug - Direct Track|Any CPU.ActiveCfg = Debug|Any CPU
		{C96A7A6B-F15A-4C83-B871-0DF48E798C5F}.Debug - Direct Track|Any CPU.Build.0 = Debug|Any CPU
		{C96A7A6B-F15A-4C83-B871-0DF48E798C5F}.Debug - Direct Track|Mixed Platforms.ActiveCfg = Debug|Any CPU
		{C96A7A6B-F15A-4C83-B871-0DF48E798C5F}.Debug - Direct Track|Mixed Platforms.Build.0 = Debug|Any CPU
		{C96A7A6B-F15A-4C83-B871-0DF48E798C5F}.Debug - Direct Track|x86.ActiveCfg = Debug|Any CPU
		{C96A7A6B-F15A-4C83-B871-0DF48E798C5F}.Debug - z|Any CPU.ActiveCfg = Debug|Any CPU
		{C96A7A6B-F15A-4C83-B871-0DF48E798C5F}.Debug - z|Any CPU.Build.0 = Debug|Any CPU
		{C96A7A6B-F15A-4C83-B871-0DF48E798C5F}.Debug - z|Mixed Platforms.ActiveCfg = Debug|Any CPU
		{C96A7A6B-F15A-4C83-B871-0DF48E798C5F}.Debug - z|Mixed Platforms.Build.0 = Debug|Any CPU
		{C96A7A6B-F15A-4C83-B871-0DF48E798C5F}.Debug - z|x86.ActiveCfg = Debug|Any CPU
		{C96A7A6B-F15A-4C83-B871-0DF48E798C5F}.Debug|Any CPU.ActiveCfg = Debug|Any CPU
		{C96A7A6B-F15A-4C83-B871-0DF48E798C5F}.Debug|Any CPU.Build.0 = Debug|Any CPU
		{C96A7A6B-F15A-4C83-B871-0DF48E798C5F}.Debug|Mixed Platforms.ActiveCfg = Debug|Any CPU
		{C96A7A6B-F15A-4C83-B871-0DF48E798C5F}.Debug|Mixed Platforms.Build.0 = Debug|Any CPU
		{C96A7A6B-F15A-4C83-B871-0DF48E798C5F}.Debug|x86.ActiveCfg = Debug|Any CPU
		{C96A7A6B-F15A-4C83-B871-0DF48E798C5F}.Release|Any CPU.ActiveCfg = Release|Any CPU
		{C96A7A6B-F15A-4C83-B871-0DF48E798C5F}.Release|Any CPU.Build.0 = Release|Any CPU
		{C96A7A6B-F15A-4C83-B871-0DF48E798C5F}.Release|Mixed Platforms.ActiveCfg = Release|Any CPU
		{C96A7A6B-F15A-4C83-B871-0DF48E798C5F}.Release|Mixed Platforms.Build.0 = Release|Any CPU
		{C96A7A6B-F15A-4C83-B871-0DF48E798C5F}.Release|x86.ActiveCfg = Release|Any CPU
		{C96A7A6B-F15A-4C83-B871-0DF48E798C5F}.Try1 Debug|Any CPU.ActiveCfg = Try1 Debug|Any CPU
		{C96A7A6B-F15A-4C83-B871-0DF48E798C5F}.Try1 Debug|Any CPU.Build.0 = Try1 Debug|Any CPU
		{C96A7A6B-F15A-4C83-B871-0DF48E798C5F}.Try1 Debug|Mixed Platforms.ActiveCfg = Try1 Debug|Any CPU
		{C96A7A6B-F15A-4C83-B871-0DF48E798C5F}.Try1 Debug|Mixed Platforms.Build.0 = Try1 Debug|Any CPU
		{C96A7A6B-F15A-4C83-B871-0DF48E798C5F}.Try1 Debug|x86.ActiveCfg = Try1 Debug|Any CPU
		{7C8D69E8-324C-43ED-958A-2248778DD89E}.Debug - Client Portal|Any CPU.ActiveCfg = Debug|Any CPU
		{7C8D69E8-324C-43ED-958A-2248778DD89E}.Debug - Client Portal|Any CPU.Build.0 = Debug|Any CPU
		{7C8D69E8-324C-43ED-958A-2248778DD89E}.Debug - Client Portal|Mixed Platforms.ActiveCfg = Debug|Any CPU
		{7C8D69E8-324C-43ED-958A-2248778DD89E}.Debug - Client Portal|Mixed Platforms.Build.0 = Debug|Any CPU
		{7C8D69E8-324C-43ED-958A-2248778DD89E}.Debug - Client Portal|x86.ActiveCfg = Debug|Any CPU
		{7C8D69E8-324C-43ED-958A-2248778DD89E}.Debug - DADatabaseService|Any CPU.ActiveCfg = Debug|Any CPU
		{7C8D69E8-324C-43ED-958A-2248778DD89E}.Debug - DADatabaseService|Any CPU.Build.0 = Debug|Any CPU
		{7C8D69E8-324C-43ED-958A-2248778DD89E}.Debug - DADatabaseService|Mixed Platforms.ActiveCfg = Debug|Any CPU
		{7C8D69E8-324C-43ED-958A-2248778DD89E}.Debug - DADatabaseService|Mixed Platforms.Build.0 = Debug|Any CPU
		{7C8D69E8-324C-43ED-958A-2248778DD89E}.Debug - DADatabaseService|x86.ActiveCfg = Debug|Any CPU
		{7C8D69E8-324C-43ED-958A-2248778DD89E}.Debug - Direct Track|Any CPU.ActiveCfg = Debug|Any CPU
		{7C8D69E8-324C-43ED-958A-2248778DD89E}.Debug - Direct Track|Any CPU.Build.0 = Debug|Any CPU
		{7C8D69E8-324C-43ED-958A-2248778DD89E}.Debug - Direct Track|Mixed Platforms.ActiveCfg = Debug|Any CPU
		{7C8D69E8-324C-43ED-958A-2248778DD89E}.Debug - Direct Track|Mixed Platforms.Build.0 = Debug|Any CPU
		{7C8D69E8-324C-43ED-958A-2248778DD89E}.Debug - Direct Track|x86.ActiveCfg = Debug|Any CPU
		{7C8D69E8-324C-43ED-958A-2248778DD89E}.Debug - z|Any CPU.ActiveCfg = Debug|Any CPU
		{7C8D69E8-324C-43ED-958A-2248778DD89E}.Debug - z|Any CPU.Build.0 = Debug|Any CPU
		{7C8D69E8-324C-43ED-958A-2248778DD89E}.Debug - z|Mixed Platforms.ActiveCfg = Debug|Any CPU
		{7C8D69E8-324C-43ED-958A-2248778DD89E}.Debug - z|Mixed Platforms.Build.0 = Debug|Any CPU
		{7C8D69E8-324C-43ED-958A-2248778DD89E}.Debug - z|x86.ActiveCfg = Debug|Any CPU
		{7C8D69E8-324C-43ED-958A-2248778DD89E}.Debug|Any CPU.ActiveCfg = Debug|Any CPU
		{7C8D69E8-324C-43ED-958A-2248778DD89E}.Debug|Any CPU.Build.0 = Debug|Any CPU
		{7C8D69E8-324C-43ED-958A-2248778DD89E}.Debug|Mixed Platforms.ActiveCfg = Debug|Any CPU
		{7C8D69E8-324C-43ED-958A-2248778DD89E}.Debug|Mixed Platforms.Build.0 = Debug|Any CPU
		{7C8D69E8-324C-43ED-958A-2248778DD89E}.Debug|x86.ActiveCfg = Debug|Any CPU
		{7C8D69E8-324C-43ED-958A-2248778DD89E}.Release|Any CPU.ActiveCfg = Release|Any CPU
		{7C8D69E8-324C-43ED-958A-2248778DD89E}.Release|Any CPU.Build.0 = Release|Any CPU
		{7C8D69E8-324C-43ED-958A-2248778DD89E}.Release|Mixed Platforms.ActiveCfg = Release|Any CPU
		{7C8D69E8-324C-43ED-958A-2248778DD89E}.Release|Mixed Platforms.Build.0 = Release|Any CPU
		{7C8D69E8-324C-43ED-958A-2248778DD89E}.Release|x86.ActiveCfg = Release|Any CPU
		{7C8D69E8-324C-43ED-958A-2248778DD89E}.Try1 Debug|Any CPU.ActiveCfg = Debug|Any CPU
		{7C8D69E8-324C-43ED-958A-2248778DD89E}.Try1 Debug|Any CPU.Build.0 = Debug|Any CPU
		{7C8D69E8-324C-43ED-958A-2248778DD89E}.Try1 Debug|Mixed Platforms.ActiveCfg = Debug|Any CPU
		{7C8D69E8-324C-43ED-958A-2248778DD89E}.Try1 Debug|Mixed Platforms.Build.0 = Debug|Any CPU
		{7C8D69E8-324C-43ED-958A-2248778DD89E}.Try1 Debug|x86.ActiveCfg = Debug|Any CPU
		{5873DE0F-6853-4C8E-91A4-7A6861069A9A}.Debug - Client Portal|Any CPU.ActiveCfg = Debug|Any CPU
		{5873DE0F-6853-4C8E-91A4-7A6861069A9A}.Debug - Client Portal|Any CPU.Build.0 = Debug|Any CPU
		{5873DE0F-6853-4C8E-91A4-7A6861069A9A}.Debug - Client Portal|Mixed Platforms.ActiveCfg = Debug|Any CPU
		{5873DE0F-6853-4C8E-91A4-7A6861069A9A}.Debug - Client Portal|Mixed Platforms.Build.0 = Debug|Any CPU
		{5873DE0F-6853-4C8E-91A4-7A6861069A9A}.Debug - Client Portal|x86.ActiveCfg = Debug|Any CPU
		{5873DE0F-6853-4C8E-91A4-7A6861069A9A}.Debug - DADatabaseService|Any CPU.ActiveCfg = Debug|Any CPU
		{5873DE0F-6853-4C8E-91A4-7A6861069A9A}.Debug - DADatabaseService|Any CPU.Build.0 = Debug|Any CPU
		{5873DE0F-6853-4C8E-91A4-7A6861069A9A}.Debug - DADatabaseService|Mixed Platforms.ActiveCfg = Debug|Any CPU
		{5873DE0F-6853-4C8E-91A4-7A6861069A9A}.Debug - DADatabaseService|Mixed Platforms.Build.0 = Debug|Any CPU
		{5873DE0F-6853-4C8E-91A4-7A6861069A9A}.Debug - DADatabaseService|x86.ActiveCfg = Debug|Any CPU
		{5873DE0F-6853-4C8E-91A4-7A6861069A9A}.Debug - Direct Track|Any CPU.ActiveCfg = Debug|Any CPU
		{5873DE0F-6853-4C8E-91A4-7A6861069A9A}.Debug - Direct Track|Any CPU.Build.0 = Debug|Any CPU
		{5873DE0F-6853-4C8E-91A4-7A6861069A9A}.Debug - Direct Track|Mixed Platforms.ActiveCfg = Debug|Any CPU
		{5873DE0F-6853-4C8E-91A4-7A6861069A9A}.Debug - Direct Track|Mixed Platforms.Build.0 = Debug|Any CPU
		{5873DE0F-6853-4C8E-91A4-7A6861069A9A}.Debug - Direct Track|x86.ActiveCfg = Debug|Any CPU
		{5873DE0F-6853-4C8E-91A4-7A6861069A9A}.Debug - z|Any CPU.ActiveCfg = Debug|Any CPU
		{5873DE0F-6853-4C8E-91A4-7A6861069A9A}.Debug - z|Any CPU.Build.0 = Debug|Any CPU
		{5873DE0F-6853-4C8E-91A4-7A6861069A9A}.Debug - z|Mixed Platforms.ActiveCfg = Debug|Any CPU
		{5873DE0F-6853-4C8E-91A4-7A6861069A9A}.Debug - z|Mixed Platforms.Build.0 = Debug|Any CPU
		{5873DE0F-6853-4C8E-91A4-7A6861069A9A}.Debug - z|x86.ActiveCfg = Debug|Any CPU
		{5873DE0F-6853-4C8E-91A4-7A6861069A9A}.Debug|Any CPU.ActiveCfg = Debug|Any CPU
		{5873DE0F-6853-4C8E-91A4-7A6861069A9A}.Debug|Any CPU.Build.0 = Debug|Any CPU
		{5873DE0F-6853-4C8E-91A4-7A6861069A9A}.Debug|Mixed Platforms.ActiveCfg = Debug|Any CPU
		{5873DE0F-6853-4C8E-91A4-7A6861069A9A}.Debug|Mixed Platforms.Build.0 = Debug|Any CPU
		{5873DE0F-6853-4C8E-91A4-7A6861069A9A}.Debug|x86.ActiveCfg = Debug|Any CPU
		{5873DE0F-6853-4C8E-91A4-7A6861069A9A}.Release|Any CPU.ActiveCfg = Release|Any CPU
		{5873DE0F-6853-4C8E-91A4-7A6861069A9A}.Release|Any CPU.Build.0 = Release|Any CPU
		{5873DE0F-6853-4C8E-91A4-7A6861069A9A}.Release|Mixed Platforms.ActiveCfg = Release|Any CPU
		{5873DE0F-6853-4C8E-91A4-7A6861069A9A}.Release|Mixed Platforms.Build.0 = Release|Any CPU
		{5873DE0F-6853-4C8E-91A4-7A6861069A9A}.Release|x86.ActiveCfg = Release|Any CPU
		{5873DE0F-6853-4C8E-91A4-7A6861069A9A}.Try1 Debug|Any CPU.ActiveCfg = Debug|Any CPU
		{5873DE0F-6853-4C8E-91A4-7A6861069A9A}.Try1 Debug|Any CPU.Build.0 = Debug|Any CPU
		{5873DE0F-6853-4C8E-91A4-7A6861069A9A}.Try1 Debug|Mixed Platforms.ActiveCfg = Debug|Any CPU
		{5873DE0F-6853-4C8E-91A4-7A6861069A9A}.Try1 Debug|Mixed Platforms.Build.0 = Debug|Any CPU
		{5873DE0F-6853-4C8E-91A4-7A6861069A9A}.Try1 Debug|x86.ActiveCfg = Debug|Any CPU
		{A5D217FE-1556-4ABD-BFDF-F5A2D65F5D8A}.Debug - Client Portal|Any CPU.ActiveCfg = Debug|Any CPU
		{A5D217FE-1556-4ABD-BFDF-F5A2D65F5D8A}.Debug - Client Portal|Any CPU.Build.0 = Debug|Any CPU
		{A5D217FE-1556-4ABD-BFDF-F5A2D65F5D8A}.Debug - Client Portal|Mixed Platforms.ActiveCfg = Debug|Any CPU
		{A5D217FE-1556-4ABD-BFDF-F5A2D65F5D8A}.Debug - Client Portal|Mixed Platforms.Build.0 = Debug|Any CPU
		{A5D217FE-1556-4ABD-BFDF-F5A2D65F5D8A}.Debug - Client Portal|x86.ActiveCfg = Debug|Any CPU
		{A5D217FE-1556-4ABD-BFDF-F5A2D65F5D8A}.Debug - DADatabaseService|Any CPU.ActiveCfg = Debug|Any CPU
		{A5D217FE-1556-4ABD-BFDF-F5A2D65F5D8A}.Debug - DADatabaseService|Any CPU.Build.0 = Debug|Any CPU
		{A5D217FE-1556-4ABD-BFDF-F5A2D65F5D8A}.Debug - DADatabaseService|Mixed Platforms.ActiveCfg = Debug|Any CPU
		{A5D217FE-1556-4ABD-BFDF-F5A2D65F5D8A}.Debug - DADatabaseService|Mixed Platforms.Build.0 = Debug|Any CPU
		{A5D217FE-1556-4ABD-BFDF-F5A2D65F5D8A}.Debug - DADatabaseService|x86.ActiveCfg = Debug|Any CPU
		{A5D217FE-1556-4ABD-BFDF-F5A2D65F5D8A}.Debug - Direct Track|Any CPU.ActiveCfg = Debug|Any CPU
		{A5D217FE-1556-4ABD-BFDF-F5A2D65F5D8A}.Debug - Direct Track|Any CPU.Build.0 = Debug|Any CPU
		{A5D217FE-1556-4ABD-BFDF-F5A2D65F5D8A}.Debug - Direct Track|Mixed Platforms.ActiveCfg = Debug|Any CPU
		{A5D217FE-1556-4ABD-BFDF-F5A2D65F5D8A}.Debug - Direct Track|Mixed Platforms.Build.0 = Debug|Any CPU
		{A5D217FE-1556-4ABD-BFDF-F5A2D65F5D8A}.Debug - Direct Track|x86.ActiveCfg = Debug|Any CPU
		{A5D217FE-1556-4ABD-BFDF-F5A2D65F5D8A}.Debug - z|Any CPU.ActiveCfg = Debug|Any CPU
		{A5D217FE-1556-4ABD-BFDF-F5A2D65F5D8A}.Debug - z|Any CPU.Build.0 = Debug|Any CPU
		{A5D217FE-1556-4ABD-BFDF-F5A2D65F5D8A}.Debug - z|Mixed Platforms.ActiveCfg = Debug|Any CPU
		{A5D217FE-1556-4ABD-BFDF-F5A2D65F5D8A}.Debug - z|Mixed Platforms.Build.0 = Debug|Any CPU
		{A5D217FE-1556-4ABD-BFDF-F5A2D65F5D8A}.Debug - z|x86.ActiveCfg = Debug|Any CPU
		{A5D217FE-1556-4ABD-BFDF-F5A2D65F5D8A}.Debug|Any CPU.ActiveCfg = Debug|Any CPU
		{A5D217FE-1556-4ABD-BFDF-F5A2D65F5D8A}.Debug|Any CPU.Build.0 = Debug|Any CPU
		{A5D217FE-1556-4ABD-BFDF-F5A2D65F5D8A}.Debug|Mixed Platforms.ActiveCfg = Debug|Any CPU
		{A5D217FE-1556-4ABD-BFDF-F5A2D65F5D8A}.Debug|Mixed Platforms.Build.0 = Debug|Any CPU
		{A5D217FE-1556-4ABD-BFDF-F5A2D65F5D8A}.Debug|x86.ActiveCfg = Debug|Any CPU
		{A5D217FE-1556-4ABD-BFDF-F5A2D65F5D8A}.Release|Any CPU.ActiveCfg = Release|Any CPU
		{A5D217FE-1556-4ABD-BFDF-F5A2D65F5D8A}.Release|Any CPU.Build.0 = Release|Any CPU
		{A5D217FE-1556-4ABD-BFDF-F5A2D65F5D8A}.Release|Mixed Platforms.ActiveCfg = Release|Any CPU
		{A5D217FE-1556-4ABD-BFDF-F5A2D65F5D8A}.Release|Mixed Platforms.Build.0 = Release|Any CPU
		{A5D217FE-1556-4ABD-BFDF-F5A2D65F5D8A}.Release|x86.ActiveCfg = Release|Any CPU
		{A5D217FE-1556-4ABD-BFDF-F5A2D65F5D8A}.Try1 Debug|Any CPU.ActiveCfg = Try1 Debug|Any CPU
		{A5D217FE-1556-4ABD-BFDF-F5A2D65F5D8A}.Try1 Debug|Any CPU.Build.0 = Try1 Debug|Any CPU
		{A5D217FE-1556-4ABD-BFDF-F5A2D65F5D8A}.Try1 Debug|Mixed Platforms.ActiveCfg = Try1 Debug|Any CPU
		{A5D217FE-1556-4ABD-BFDF-F5A2D65F5D8A}.Try1 Debug|Mixed Platforms.Build.0 = Try1 Debug|Any CPU
		{A5D217FE-1556-4ABD-BFDF-F5A2D65F5D8A}.Try1 Debug|x86.ActiveCfg = Try1 Debug|Any CPU
		{4C08DC70-20A6-4D3B-AB4B-5AAA04521118}.Debug - Client Portal|Any CPU.ActiveCfg = Debug|Any CPU
		{4C08DC70-20A6-4D3B-AB4B-5AAA04521118}.Debug - Client Portal|Any CPU.Build.0 = Debug|Any CPU
		{4C08DC70-20A6-4D3B-AB4B-5AAA04521118}.Debug - Client Portal|Mixed Platforms.ActiveCfg = Debug|Any CPU
		{4C08DC70-20A6-4D3B-AB4B-5AAA04521118}.Debug - Client Portal|Mixed Platforms.Build.0 = Debug|Any CPU
		{4C08DC70-20A6-4D3B-AB4B-5AAA04521118}.Debug - Client Portal|x86.ActiveCfg = Debug|Any CPU
		{4C08DC70-20A6-4D3B-AB4B-5AAA04521118}.Debug - DADatabaseService|Any CPU.ActiveCfg = Debug|Any CPU
		{4C08DC70-20A6-4D3B-AB4B-5AAA04521118}.Debug - DADatabaseService|Any CPU.Build.0 = Debug|Any CPU
		{4C08DC70-20A6-4D3B-AB4B-5AAA04521118}.Debug - DADatabaseService|Mixed Platforms.ActiveCfg = Debug|Any CPU
		{4C08DC70-20A6-4D3B-AB4B-5AAA04521118}.Debug - DADatabaseService|Mixed Platforms.Build.0 = Debug|Any CPU
		{4C08DC70-20A6-4D3B-AB4B-5AAA04521118}.Debug - DADatabaseService|x86.ActiveCfg = Debug|Any CPU
		{4C08DC70-20A6-4D3B-AB4B-5AAA04521118}.Debug - Direct Track|Any CPU.ActiveCfg = Debug|Any CPU
		{4C08DC70-20A6-4D3B-AB4B-5AAA04521118}.Debug - Direct Track|Any CPU.Build.0 = Debug|Any CPU
		{4C08DC70-20A6-4D3B-AB4B-5AAA04521118}.Debug - Direct Track|Mixed Platforms.ActiveCfg = Debug|Any CPU
		{4C08DC70-20A6-4D3B-AB4B-5AAA04521118}.Debug - Direct Track|Mixed Platforms.Build.0 = Debug|Any CPU
		{4C08DC70-20A6-4D3B-AB4B-5AAA04521118}.Debug - Direct Track|x86.ActiveCfg = Debug|Any CPU
		{4C08DC70-20A6-4D3B-AB4B-5AAA04521118}.Debug - z|Any CPU.ActiveCfg = Debug|Any CPU
		{4C08DC70-20A6-4D3B-AB4B-5AAA04521118}.Debug - z|Any CPU.Build.0 = Debug|Any CPU
		{4C08DC70-20A6-4D3B-AB4B-5AAA04521118}.Debug - z|Mixed Platforms.ActiveCfg = Debug|Any CPU
		{4C08DC70-20A6-4D3B-AB4B-5AAA04521118}.Debug - z|Mixed Platforms.Build.0 = Debug|Any CPU
		{4C08DC70-20A6-4D3B-AB4B-5AAA04521118}.Debug - z|x86.ActiveCfg = Debug|Any CPU
		{4C08DC70-20A6-4D3B-AB4B-5AAA04521118}.Debug|Any CPU.ActiveCfg = Debug|Any CPU
		{4C08DC70-20A6-4D3B-AB4B-5AAA04521118}.Debug|Any CPU.Build.0 = Debug|Any CPU
		{4C08DC70-20A6-4D3B-AB4B-5AAA04521118}.Debug|Mixed Platforms.ActiveCfg = Debug|Any CPU
		{4C08DC70-20A6-4D3B-AB4B-5AAA04521118}.Debug|Mixed Platforms.Build.0 = Debug|Any CPU
		{4C08DC70-20A6-4D3B-AB4B-5AAA04521118}.Debug|x86.ActiveCfg = Debug|Any CPU
		{4C08DC70-20A6-4D3B-AB4B-5AAA04521118}.Release|Any CPU.ActiveCfg = Release|Any CPU
		{4C08DC70-20A6-4D3B-AB4B-5AAA04521118}.Release|Any CPU.Build.0 = Release|Any CPU
		{4C08DC70-20A6-4D3B-AB4B-5AAA04521118}.Release|Mixed Platforms.ActiveCfg = Release|Any CPU
		{4C08DC70-20A6-4D3B-AB4B-5AAA04521118}.Release|Mixed Platforms.Build.0 = Release|Any CPU
		{4C08DC70-20A6-4D3B-AB4B-5AAA04521118}.Release|x86.ActiveCfg = Release|Any CPU
		{4C08DC70-20A6-4D3B-AB4B-5AAA04521118}.Try1 Debug|Any CPU.ActiveCfg = Try1 Debug|Any CPU
		{4C08DC70-20A6-4D3B-AB4B-5AAA04521118}.Try1 Debug|Any CPU.Build.0 = Try1 Debug|Any CPU
		{4C08DC70-20A6-4D3B-AB4B-5AAA04521118}.Try1 Debug|Mixed Platforms.ActiveCfg = Try1 Debug|Any CPU
		{4C08DC70-20A6-4D3B-AB4B-5AAA04521118}.Try1 Debug|Mixed Platforms.Build.0 = Try1 Debug|Any CPU
		{4C08DC70-20A6-4D3B-AB4B-5AAA04521118}.Try1 Debug|x86.ActiveCfg = Try1 Debug|Any CPU
		{1594F5F0-0810-4CD2-8C1E-439BA340EC2E}.Debug - Client Portal|Any CPU.ActiveCfg = Debug|Any CPU
		{1594F5F0-0810-4CD2-8C1E-439BA340EC2E}.Debug - Client Portal|Any CPU.Build.0 = Debug|Any CPU
		{1594F5F0-0810-4CD2-8C1E-439BA340EC2E}.Debug - Client Portal|Mixed Platforms.ActiveCfg = Debug|Any CPU
		{1594F5F0-0810-4CD2-8C1E-439BA340EC2E}.Debug - Client Portal|Mixed Platforms.Build.0 = Debug|Any CPU
		{1594F5F0-0810-4CD2-8C1E-439BA340EC2E}.Debug - Client Portal|x86.ActiveCfg = Debug|Any CPU
		{1594F5F0-0810-4CD2-8C1E-439BA340EC2E}.Debug - DADatabaseService|Any CPU.ActiveCfg = Debug|Any CPU
		{1594F5F0-0810-4CD2-8C1E-439BA340EC2E}.Debug - DADatabaseService|Any CPU.Build.0 = Debug|Any CPU
		{1594F5F0-0810-4CD2-8C1E-439BA340EC2E}.Debug - DADatabaseService|Mixed Platforms.ActiveCfg = Debug|Any CPU
		{1594F5F0-0810-4CD2-8C1E-439BA340EC2E}.Debug - DADatabaseService|Mixed Platforms.Build.0 = Debug|Any CPU
		{1594F5F0-0810-4CD2-8C1E-439BA340EC2E}.Debug - DADatabaseService|x86.ActiveCfg = Debug|Any CPU
		{1594F5F0-0810-4CD2-8C1E-439BA340EC2E}.Debug - Direct Track|Any CPU.ActiveCfg = Debug|Any CPU
		{1594F5F0-0810-4CD2-8C1E-439BA340EC2E}.Debug - Direct Track|Any CPU.Build.0 = Debug|Any CPU
		{1594F5F0-0810-4CD2-8C1E-439BA340EC2E}.Debug - Direct Track|Mixed Platforms.ActiveCfg = Debug|Any CPU
		{1594F5F0-0810-4CD2-8C1E-439BA340EC2E}.Debug - Direct Track|Mixed Platforms.Build.0 = Debug|Any CPU
		{1594F5F0-0810-4CD2-8C1E-439BA340EC2E}.Debug - Direct Track|x86.ActiveCfg = Debug|Any CPU
		{1594F5F0-0810-4CD2-8C1E-439BA340EC2E}.Debug - z|Any CPU.ActiveCfg = Debug|Any CPU
		{1594F5F0-0810-4CD2-8C1E-439BA340EC2E}.Debug - z|Any CPU.Build.0 = Debug|Any CPU
		{1594F5F0-0810-4CD2-8C1E-439BA340EC2E}.Debug - z|Mixed Platforms.ActiveCfg = Debug|Any CPU
		{1594F5F0-0810-4CD2-8C1E-439BA340EC2E}.Debug - z|Mixed Platforms.Build.0 = Debug|Any CPU
		{1594F5F0-0810-4CD2-8C1E-439BA340EC2E}.Debug - z|x86.ActiveCfg = Debug|Any CPU
		{1594F5F0-0810-4CD2-8C1E-439BA340EC2E}.Debug|Any CPU.ActiveCfg = Debug|Any CPU
		{1594F5F0-0810-4CD2-8C1E-439BA340EC2E}.Debug|Any CPU.Build.0 = Debug|Any CPU
		{1594F5F0-0810-4CD2-8C1E-439BA340EC2E}.Debug|Mixed Platforms.ActiveCfg = Debug|Any CPU
		{1594F5F0-0810-4CD2-8C1E-439BA340EC2E}.Debug|Mixed Platforms.Build.0 = Debug|Any CPU
		{1594F5F0-0810-4CD2-8C1E-439BA340EC2E}.Debug|x86.ActiveCfg = Debug|Any CPU
		{1594F5F0-0810-4CD2-8C1E-439BA340EC2E}.Release|Any CPU.ActiveCfg = Release|Any CPU
		{1594F5F0-0810-4CD2-8C1E-439BA340EC2E}.Release|Any CPU.Build.0 = Release|Any CPU
		{1594F5F0-0810-4CD2-8C1E-439BA340EC2E}.Release|Mixed Platforms.ActiveCfg = Release|Any CPU
		{1594F5F0-0810-4CD2-8C1E-439BA340EC2E}.Release|Mixed Platforms.Build.0 = Release|Any CPU
		{1594F5F0-0810-4CD2-8C1E-439BA340EC2E}.Release|x86.ActiveCfg = Release|Any CPU
		{1594F5F0-0810-4CD2-8C1E-439BA340EC2E}.Try1 Debug|Any CPU.ActiveCfg = Debug|Any CPU
		{1594F5F0-0810-4CD2-8C1E-439BA340EC2E}.Try1 Debug|Any CPU.Build.0 = Debug|Any CPU
		{1594F5F0-0810-4CD2-8C1E-439BA340EC2E}.Try1 Debug|Mixed Platforms.ActiveCfg = Debug|Any CPU
		{1594F5F0-0810-4CD2-8C1E-439BA340EC2E}.Try1 Debug|Mixed Platforms.Build.0 = Debug|Any CPU
		{1594F5F0-0810-4CD2-8C1E-439BA340EC2E}.Try1 Debug|x86.ActiveCfg = Debug|Any CPU
		{6DE348DC-663F-4251-A8E4-A1107E1B0497}.Debug - Client Portal|Any CPU.ActiveCfg = Debug|Any CPU
		{6DE348DC-663F-4251-A8E4-A1107E1B0497}.Debug - Client Portal|Any CPU.Build.0 = Debug|Any CPU
		{6DE348DC-663F-4251-A8E4-A1107E1B0497}.Debug - Client Portal|Mixed Platforms.ActiveCfg = Debug|Any CPU
		{6DE348DC-663F-4251-A8E4-A1107E1B0497}.Debug - Client Portal|Mixed Platforms.Build.0 = Debug|Any CPU
		{6DE348DC-663F-4251-A8E4-A1107E1B0497}.Debug - Client Portal|x86.ActiveCfg = Debug|Any CPU
		{6DE348DC-663F-4251-A8E4-A1107E1B0497}.Debug - DADatabaseService|Any CPU.ActiveCfg = Debug|Any CPU
		{6DE348DC-663F-4251-A8E4-A1107E1B0497}.Debug - DADatabaseService|Any CPU.Build.0 = Debug|Any CPU
		{6DE348DC-663F-4251-A8E4-A1107E1B0497}.Debug - DADatabaseService|Mixed Platforms.ActiveCfg = Debug|Any CPU
		{6DE348DC-663F-4251-A8E4-A1107E1B0497}.Debug - DADatabaseService|Mixed Platforms.Build.0 = Debug|Any CPU
		{6DE348DC-663F-4251-A8E4-A1107E1B0497}.Debug - DADatabaseService|x86.ActiveCfg = Debug|Any CPU
		{6DE348DC-663F-4251-A8E4-A1107E1B0497}.Debug - Direct Track|Any CPU.ActiveCfg = Debug|Any CPU
		{6DE348DC-663F-4251-A8E4-A1107E1B0497}.Debug - Direct Track|Any CPU.Build.0 = Debug|Any CPU
		{6DE348DC-663F-4251-A8E4-A1107E1B0497}.Debug - Direct Track|Mixed Platforms.ActiveCfg = Debug|Any CPU
		{6DE348DC-663F-4251-A8E4-A1107E1B0497}.Debug - Direct Track|Mixed Platforms.Build.0 = Debug|Any CPU
		{6DE348DC-663F-4251-A8E4-A1107E1B0497}.Debug - Direct Track|x86.ActiveCfg = Debug|Any CPU
		{6DE348DC-663F-4251-A8E4-A1107E1B0497}.Debug - z|Any CPU.ActiveCfg = Debug|Any CPU
		{6DE348DC-663F-4251-A8E4-A1107E1B0497}.Debug - z|Any CPU.Build.0 = Debug|Any CPU
		{6DE348DC-663F-4251-A8E4-A1107E1B0497}.Debug - z|Mixed Platforms.ActiveCfg = Debug|Any CPU
		{6DE348DC-663F-4251-A8E4-A1107E1B0497}.Debug - z|Mixed Platforms.Build.0 = Debug|Any CPU
		{6DE348DC-663F-4251-A8E4-A1107E1B0497}.Debug - z|x86.ActiveCfg = Debug|Any CPU
		{6DE348DC-663F-4251-A8E4-A1107E1B0497}.Debug|Any CPU.ActiveCfg = Debug|Any CPU
		{6DE348DC-663F-4251-A8E4-A1107E1B0497}.Debug|Any CPU.Build.0 = Debug|Any CPU
		{6DE348DC-663F-4251-A8E4-A1107E1B0497}.Debug|Mixed Platforms.ActiveCfg = Debug|Any CPU
		{6DE348DC-663F-4251-A8E4-A1107E1B0497}.Debug|Mixed Platforms.Build.0 = Debug|Any CPU
		{6DE348DC-663F-4251-A8E4-A1107E1B0497}.Debug|x86.ActiveCfg = Debug|Any CPU
		{6DE348DC-663F-4251-A8E4-A1107E1B0497}.Release|Any CPU.ActiveCfg = Release|Any CPU
		{6DE348DC-663F-4251-A8E4-A1107E1B0497}.Release|Any CPU.Build.0 = Release|Any CPU
		{6DE348DC-663F-4251-A8E4-A1107E1B0497}.Release|Mixed Platforms.ActiveCfg = Release|Any CPU
		{6DE348DC-663F-4251-A8E4-A1107E1B0497}.Release|Mixed Platforms.Build.0 = Release|Any CPU
		{6DE348DC-663F-4251-A8E4-A1107E1B0497}.Release|x86.ActiveCfg = Release|Any CPU
		{6DE348DC-663F-4251-A8E4-A1107E1B0497}.Try1 Debug|Any CPU.ActiveCfg = Debug|Any CPU
		{6DE348DC-663F-4251-A8E4-A1107E1B0497}.Try1 Debug|Any CPU.Build.0 = Debug|Any CPU
		{6DE348DC-663F-4251-A8E4-A1107E1B0497}.Try1 Debug|Mixed Platforms.ActiveCfg = Debug|Any CPU
		{6DE348DC-663F-4251-A8E4-A1107E1B0497}.Try1 Debug|Mixed Platforms.Build.0 = Debug|Any CPU
		{6DE348DC-663F-4251-A8E4-A1107E1B0497}.Try1 Debug|x86.ActiveCfg = Debug|Any CPU
		{B9F971EA-5F76-474C-B3DC-E00FD3760967}.Debug - Client Portal|Any CPU.ActiveCfg = Debug|Any CPU
		{B9F971EA-5F76-474C-B3DC-E00FD3760967}.Debug - Client Portal|Any CPU.Build.0 = Debug|Any CPU
		{B9F971EA-5F76-474C-B3DC-E00FD3760967}.Debug - Client Portal|Mixed Platforms.ActiveCfg = Debug|Any CPU
		{B9F971EA-5F76-474C-B3DC-E00FD3760967}.Debug - Client Portal|Mixed Platforms.Build.0 = Debug|Any CPU
		{B9F971EA-5F76-474C-B3DC-E00FD3760967}.Debug - Client Portal|x86.ActiveCfg = Debug|Any CPU
		{B9F971EA-5F76-474C-B3DC-E00FD3760967}.Debug - DADatabaseService|Any CPU.ActiveCfg = Debug|Any CPU
		{B9F971EA-5F76-474C-B3DC-E00FD3760967}.Debug - DADatabaseService|Any CPU.Build.0 = Debug|Any CPU
		{B9F971EA-5F76-474C-B3DC-E00FD3760967}.Debug - DADatabaseService|Mixed Platforms.ActiveCfg = Debug|Any CPU
		{B9F971EA-5F76-474C-B3DC-E00FD3760967}.Debug - DADatabaseService|Mixed Platforms.Build.0 = Debug|Any CPU
		{B9F971EA-5F76-474C-B3DC-E00FD3760967}.Debug - DADatabaseService|x86.ActiveCfg = Debug|Any CPU
		{B9F971EA-5F76-474C-B3DC-E00FD3760967}.Debug - Direct Track|Any CPU.ActiveCfg = Debug|Any CPU
		{B9F971EA-5F76-474C-B3DC-E00FD3760967}.Debug - Direct Track|Any CPU.Build.0 = Debug|Any CPU
		{B9F971EA-5F76-474C-B3DC-E00FD3760967}.Debug - Direct Track|Mixed Platforms.ActiveCfg = Debug|Any CPU
		{B9F971EA-5F76-474C-B3DC-E00FD3760967}.Debug - Direct Track|Mixed Platforms.Build.0 = Debug|Any CPU
		{B9F971EA-5F76-474C-B3DC-E00FD3760967}.Debug - Direct Track|x86.ActiveCfg = Debug|Any CPU
		{B9F971EA-5F76-474C-B3DC-E00FD3760967}.Debug - z|Any CPU.ActiveCfg = Debug|Any CPU
		{B9F971EA-5F76-474C-B3DC-E00FD3760967}.Debug - z|Any CPU.Build.0 = Debug|Any CPU
		{B9F971EA-5F76-474C-B3DC-E00FD3760967}.Debug - z|Mixed Platforms.ActiveCfg = Debug|Any CPU
		{B9F971EA-5F76-474C-B3DC-E00FD3760967}.Debug - z|Mixed Platforms.Build.0 = Debug|Any CPU
		{B9F971EA-5F76-474C-B3DC-E00FD3760967}.Debug - z|x86.ActiveCfg = Debug|Any CPU
		{B9F971EA-5F76-474C-B3DC-E00FD3760967}.Debug|Any CPU.ActiveCfg = Debug|Any CPU
		{B9F971EA-5F76-474C-B3DC-E00FD3760967}.Debug|Any CPU.Build.0 = Debug|Any CPU
		{B9F971EA-5F76-474C-B3DC-E00FD3760967}.Debug|Mixed Platforms.ActiveCfg = Debug|Any CPU
		{B9F971EA-5F76-474C-B3DC-E00FD3760967}.Debug|Mixed Platforms.Build.0 = Debug|Any CPU
		{B9F971EA-5F76-474C-B3DC-E00FD3760967}.Debug|x86.ActiveCfg = Debug|Any CPU
		{B9F971EA-5F76-474C-B3DC-E00FD3760967}.Release|Any CPU.ActiveCfg = Release|Any CPU
		{B9F971EA-5F76-474C-B3DC-E00FD3760967}.Release|Any CPU.Build.0 = Release|Any CPU
		{B9F971EA-5F76-474C-B3DC-E00FD3760967}.Release|Mixed Platforms.ActiveCfg = Release|Any CPU
		{B9F971EA-5F76-474C-B3DC-E00FD3760967}.Release|Mixed Platforms.Build.0 = Release|Any CPU
		{B9F971EA-5F76-474C-B3DC-E00FD3760967}.Release|x86.ActiveCfg = Release|Any CPU
		{B9F971EA-5F76-474C-B3DC-E00FD3760967}.Try1 Debug|Any CPU.ActiveCfg = Debug|Any CPU
		{B9F971EA-5F76-474C-B3DC-E00FD3760967}.Try1 Debug|Any CPU.Build.0 = Debug|Any CPU
		{B9F971EA-5F76-474C-B3DC-E00FD3760967}.Try1 Debug|Mixed Platforms.ActiveCfg = Debug|Any CPU
		{B9F971EA-5F76-474C-B3DC-E00FD3760967}.Try1 Debug|Mixed Platforms.Build.0 = Debug|Any CPU
		{B9F971EA-5F76-474C-B3DC-E00FD3760967}.Try1 Debug|x86.ActiveCfg = Debug|Any CPU
		{F41DA2E2-D584-479A-9F24-9B2D3D33F927}.Debug - Client Portal|Any CPU.ActiveCfg = Debug|Any CPU
		{F41DA2E2-D584-479A-9F24-9B2D3D33F927}.Debug - Client Portal|Any CPU.Build.0 = Debug|Any CPU
		{F41DA2E2-D584-479A-9F24-9B2D3D33F927}.Debug - Client Portal|Mixed Platforms.ActiveCfg = Debug|Any CPU
		{F41DA2E2-D584-479A-9F24-9B2D3D33F927}.Debug - Client Portal|Mixed Platforms.Build.0 = Debug|Any CPU
		{F41DA2E2-D584-479A-9F24-9B2D3D33F927}.Debug - Client Portal|x86.ActiveCfg = Debug|Any CPU
		{F41DA2E2-D584-479A-9F24-9B2D3D33F927}.Debug - DADatabaseService|Any CPU.ActiveCfg = Debug|Any CPU
		{F41DA2E2-D584-479A-9F24-9B2D3D33F927}.Debug - DADatabaseService|Any CPU.Build.0 = Debug|Any CPU
		{F41DA2E2-D584-479A-9F24-9B2D3D33F927}.Debug - DADatabaseService|Mixed Platforms.ActiveCfg = Debug|Any CPU
		{F41DA2E2-D584-479A-9F24-9B2D3D33F927}.Debug - DADatabaseService|Mixed Platforms.Build.0 = Debug|Any CPU
		{F41DA2E2-D584-479A-9F24-9B2D3D33F927}.Debug - DADatabaseService|x86.ActiveCfg = Debug|Any CPU
		{F41DA2E2-D584-479A-9F24-9B2D3D33F927}.Debug - Direct Track|Any CPU.ActiveCfg = Debug|Any CPU
		{F41DA2E2-D584-479A-9F24-9B2D3D33F927}.Debug - Direct Track|Any CPU.Build.0 = Debug|Any CPU
		{F41DA2E2-D584-479A-9F24-9B2D3D33F927}.Debug - Direct Track|Mixed Platforms.ActiveCfg = Debug|Any CPU
		{F41DA2E2-D584-479A-9F24-9B2D3D33F927}.Debug - Direct Track|Mixed Platforms.Build.0 = Debug|Any CPU
		{F41DA2E2-D584-479A-9F24-9B2D3D33F927}.Debug - Direct Track|x86.ActiveCfg = Debug|Any CPU
		{F41DA2E2-D584-479A-9F24-9B2D3D33F927}.Debug - z|Any CPU.ActiveCfg = Debug|Any CPU
		{F41DA2E2-D584-479A-9F24-9B2D3D33F927}.Debug - z|Any CPU.Build.0 = Debug|Any CPU
		{F41DA2E2-D584-479A-9F24-9B2D3D33F927}.Debug - z|Mixed Platforms.ActiveCfg = Debug|Any CPU
		{F41DA2E2-D584-479A-9F24-9B2D3D33F927}.Debug - z|Mixed Platforms.Build.0 = Debug|Any CPU
		{F41DA2E2-D584-479A-9F24-9B2D3D33F927}.Debug - z|x86.ActiveCfg = Debug|Any CPU
		{F41DA2E2-D584-479A-9F24-9B2D3D33F927}.Debug|Any CPU.ActiveCfg = Debug|Any CPU
		{F41DA2E2-D584-479A-9F24-9B2D3D33F927}.Debug|Any CPU.Build.0 = Debug|Any CPU
		{F41DA2E2-D584-479A-9F24-9B2D3D33F927}.Debug|Mixed Platforms.ActiveCfg = Debug|Any CPU
		{F41DA2E2-D584-479A-9F24-9B2D3D33F927}.Debug|Mixed Platforms.Build.0 = Debug|Any CPU
		{F41DA2E2-D584-479A-9F24-9B2D3D33F927}.Debug|x86.ActiveCfg = Debug|Any CPU
		{F41DA2E2-D584-479A-9F24-9B2D3D33F927}.Release|Any CPU.ActiveCfg = Release|Any CPU
		{F41DA2E2-D584-479A-9F24-9B2D3D33F927}.Release|Any CPU.Build.0 = Release|Any CPU
		{F41DA2E2-D584-479A-9F24-9B2D3D33F927}.Release|Mixed Platforms.ActiveCfg = Release|Any CPU
		{F41DA2E2-D584-479A-9F24-9B2D3D33F927}.Release|Mixed Platforms.Build.0 = Release|Any CPU
		{F41DA2E2-D584-479A-9F24-9B2D3D33F927}.Release|x86.ActiveCfg = Release|Any CPU
		{F41DA2E2-D584-479A-9F24-9B2D3D33F927}.Try1 Debug|Any CPU.ActiveCfg = Debug|Any CPU
		{F41DA2E2-D584-479A-9F24-9B2D3D33F927}.Try1 Debug|Any CPU.Build.0 = Debug|Any CPU
		{F41DA2E2-D584-479A-9F24-9B2D3D33F927}.Try1 Debug|Mixed Platforms.ActiveCfg = Debug|Any CPU
		{F41DA2E2-D584-479A-9F24-9B2D3D33F927}.Try1 Debug|Mixed Platforms.Build.0 = Debug|Any CPU
		{F41DA2E2-D584-479A-9F24-9B2D3D33F927}.Try1 Debug|x86.ActiveCfg = Debug|Any CPU
		{72427403-94B7-487D-BD9E-E0C1CF1954CA}.Debug - Client Portal|Any CPU.ActiveCfg = Debug - Client Portal|Any CPU
		{72427403-94B7-487D-BD9E-E0C1CF1954CA}.Debug - Client Portal|Any CPU.Build.0 = Debug - Client Portal|Any CPU
		{72427403-94B7-487D-BD9E-E0C1CF1954CA}.Debug - Client Portal|Mixed Platforms.ActiveCfg = Debug - Client Portal|Any CPU
		{72427403-94B7-487D-BD9E-E0C1CF1954CA}.Debug - Client Portal|Mixed Platforms.Build.0 = Debug - Client Portal|Any CPU
		{72427403-94B7-487D-BD9E-E0C1CF1954CA}.Debug - Client Portal|x86.ActiveCfg = Debug - Client Portal|Any CPU
		{72427403-94B7-487D-BD9E-E0C1CF1954CA}.Debug - DADatabaseService|Any CPU.ActiveCfg = Debug - DADatabaseService|Any CPU
		{72427403-94B7-487D-BD9E-E0C1CF1954CA}.Debug - DADatabaseService|Any CPU.Build.0 = Debug - DADatabaseService|Any CPU
		{72427403-94B7-487D-BD9E-E0C1CF1954CA}.Debug - DADatabaseService|Mixed Platforms.ActiveCfg = Debug - DADatabaseService|Any CPU
		{72427403-94B7-487D-BD9E-E0C1CF1954CA}.Debug - DADatabaseService|Mixed Platforms.Build.0 = Debug - DADatabaseService|Any CPU
		{72427403-94B7-487D-BD9E-E0C1CF1954CA}.Debug - DADatabaseService|x86.ActiveCfg = Debug - DADatabaseService|Any CPU
		{72427403-94B7-487D-BD9E-E0C1CF1954CA}.Debug - Direct Track|Any CPU.ActiveCfg = Debug - Direct Track|Any CPU
		{72427403-94B7-487D-BD9E-E0C1CF1954CA}.Debug - Direct Track|Any CPU.Build.0 = Debug - Direct Track|Any CPU
		{72427403-94B7-487D-BD9E-E0C1CF1954CA}.Debug - Direct Track|Mixed Platforms.ActiveCfg = Debug - Direct Track|Any CPU
		{72427403-94B7-487D-BD9E-E0C1CF1954CA}.Debug - Direct Track|Mixed Platforms.Build.0 = Debug - Direct Track|Any CPU
		{72427403-94B7-487D-BD9E-E0C1CF1954CA}.Debug - Direct Track|x86.ActiveCfg = Debug - Direct Track|Any CPU
		{72427403-94B7-487D-BD9E-E0C1CF1954CA}.Debug - z|Any CPU.ActiveCfg = Debug - z|Any CPU
		{72427403-94B7-487D-BD9E-E0C1CF1954CA}.Debug - z|Any CPU.Build.0 = Debug - z|Any CPU
		{72427403-94B7-487D-BD9E-E0C1CF1954CA}.Debug - z|Mixed Platforms.ActiveCfg = Debug - z|Any CPU
		{72427403-94B7-487D-BD9E-E0C1CF1954CA}.Debug - z|Mixed Platforms.Build.0 = Debug - z|Any CPU
		{72427403-94B7-487D-BD9E-E0C1CF1954CA}.Debug - z|x86.ActiveCfg = Debug - z|Any CPU
		{72427403-94B7-487D-BD9E-E0C1CF1954CA}.Debug|Any CPU.ActiveCfg = Debug|Any CPU
		{72427403-94B7-487D-BD9E-E0C1CF1954CA}.Debug|Any CPU.Build.0 = Debug|Any CPU
		{72427403-94B7-487D-BD9E-E0C1CF1954CA}.Debug|Mixed Platforms.ActiveCfg = Debug|Any CPU
		{72427403-94B7-487D-BD9E-E0C1CF1954CA}.Debug|Mixed Platforms.Build.0 = Debug|Any CPU
		{72427403-94B7-487D-BD9E-E0C1CF1954CA}.Debug|x86.ActiveCfg = Debug|Any CPU
		{72427403-94B7-487D-BD9E-E0C1CF1954CA}.Release|Any CPU.ActiveCfg = Release|Any CPU
		{72427403-94B7-487D-BD9E-E0C1CF1954CA}.Release|Any CPU.Build.0 = Release|Any CPU
		{72427403-94B7-487D-BD9E-E0C1CF1954CA}.Release|Mixed Platforms.ActiveCfg = Release|Any CPU
		{72427403-94B7-487D-BD9E-E0C1CF1954CA}.Release|Mixed Platforms.Build.0 = Release|Any CPU
		{72427403-94B7-487D-BD9E-E0C1CF1954CA}.Release|x86.ActiveCfg = Release|Any CPU
		{72427403-94B7-487D-BD9E-E0C1CF1954CA}.Try1 Debug|Any CPU.ActiveCfg = Debug|Any CPU
		{72427403-94B7-487D-BD9E-E0C1CF1954CA}.Try1 Debug|Any CPU.Build.0 = Debug|Any CPU
		{72427403-94B7-487D-BD9E-E0C1CF1954CA}.Try1 Debug|Mixed Platforms.ActiveCfg = Debug|Any CPU
		{72427403-94B7-487D-BD9E-E0C1CF1954CA}.Try1 Debug|Mixed Platforms.Build.0 = Debug|Any CPU
		{72427403-94B7-487D-BD9E-E0C1CF1954CA}.Try1 Debug|x86.ActiveCfg = Debug|Any CPU
		{D09AA1DE-FB06-4334-A9D2-DAE8A035CD7D}.Debug - Client Portal|Any CPU.ActiveCfg = Debug - Client Portal|Any CPU
		{D09AA1DE-FB06-4334-A9D2-DAE8A035CD7D}.Debug - Client Portal|Any CPU.Build.0 = Debug - Client Portal|Any CPU
		{D09AA1DE-FB06-4334-A9D2-DAE8A035CD7D}.Debug - Client Portal|Mixed Platforms.ActiveCfg = Debug - Client Portal|Any CPU
		{D09AA1DE-FB06-4334-A9D2-DAE8A035CD7D}.Debug - Client Portal|Mixed Platforms.Build.0 = Debug - Client Portal|Any CPU
		{D09AA1DE-FB06-4334-A9D2-DAE8A035CD7D}.Debug - Client Portal|x86.ActiveCfg = Debug - Client Portal|Any CPU
		{D09AA1DE-FB06-4334-A9D2-DAE8A035CD7D}.Debug - DADatabaseService|Any CPU.ActiveCfg = Debug - DADatabaseService|Any CPU
		{D09AA1DE-FB06-4334-A9D2-DAE8A035CD7D}.Debug - DADatabaseService|Any CPU.Build.0 = Debug - DADatabaseService|Any CPU
		{D09AA1DE-FB06-4334-A9D2-DAE8A035CD7D}.Debug - DADatabaseService|Mixed Platforms.ActiveCfg = Debug - DADatabaseService|Any CPU
		{D09AA1DE-FB06-4334-A9D2-DAE8A035CD7D}.Debug - DADatabaseService|Mixed Platforms.Build.0 = Debug - DADatabaseService|Any CPU
		{D09AA1DE-FB06-4334-A9D2-DAE8A035CD7D}.Debug - DADatabaseService|x86.ActiveCfg = Debug - DADatabaseService|Any CPU
		{D09AA1DE-FB06-4334-A9D2-DAE8A035CD7D}.Debug - Direct Track|Any CPU.ActiveCfg = Debug - Direct Track|Any CPU
		{D09AA1DE-FB06-4334-A9D2-DAE8A035CD7D}.Debug - Direct Track|Any CPU.Build.0 = Debug - Direct Track|Any CPU
		{D09AA1DE-FB06-4334-A9D2-DAE8A035CD7D}.Debug - Direct Track|Mixed Platforms.ActiveCfg = Debug - Direct Track|Any CPU
		{D09AA1DE-FB06-4334-A9D2-DAE8A035CD7D}.Debug - Direct Track|Mixed Platforms.Build.0 = Debug - Direct Track|Any CPU
		{D09AA1DE-FB06-4334-A9D2-DAE8A035CD7D}.Debug - Direct Track|x86.ActiveCfg = Debug - Direct Track|Any CPU
		{D09AA1DE-FB06-4334-A9D2-DAE8A035CD7D}.Debug - z|Any CPU.ActiveCfg = Debug - z|Any CPU
		{D09AA1DE-FB06-4334-A9D2-DAE8A035CD7D}.Debug - z|Any CPU.Build.0 = Debug - z|Any CPU
		{D09AA1DE-FB06-4334-A9D2-DAE8A035CD7D}.Debug - z|Mixed Platforms.ActiveCfg = Debug - z|Any CPU
		{D09AA1DE-FB06-4334-A9D2-DAE8A035CD7D}.Debug - z|Mixed Platforms.Build.0 = Debug - z|Any CPU
		{D09AA1DE-FB06-4334-A9D2-DAE8A035CD7D}.Debug - z|x86.ActiveCfg = Debug - z|Any CPU
		{D09AA1DE-FB06-4334-A9D2-DAE8A035CD7D}.Debug|Any CPU.ActiveCfg = Debug|Any CPU
		{D09AA1DE-FB06-4334-A9D2-DAE8A035CD7D}.Debug|Any CPU.Build.0 = Debug|Any CPU
		{D09AA1DE-FB06-4334-A9D2-DAE8A035CD7D}.Debug|Mixed Platforms.ActiveCfg = Debug|Any CPU
		{D09AA1DE-FB06-4334-A9D2-DAE8A035CD7D}.Debug|Mixed Platforms.Build.0 = Debug|Any CPU
		{D09AA1DE-FB06-4334-A9D2-DAE8A035CD7D}.Debug|x86.ActiveCfg = Debug|Any CPU
		{D09AA1DE-FB06-4334-A9D2-DAE8A035CD7D}.Release|Any CPU.ActiveCfg = Release|Any CPU
		{D09AA1DE-FB06-4334-A9D2-DAE8A035CD7D}.Release|Any CPU.Build.0 = Release|Any CPU
		{D09AA1DE-FB06-4334-A9D2-DAE8A035CD7D}.Release|Mixed Platforms.ActiveCfg = Release|Any CPU
		{D09AA1DE-FB06-4334-A9D2-DAE8A035CD7D}.Release|Mixed Platforms.Build.0 = Release|Any CPU
		{D09AA1DE-FB06-4334-A9D2-DAE8A035CD7D}.Release|x86.ActiveCfg = Release|Any CPU
		{D09AA1DE-FB06-4334-A9D2-DAE8A035CD7D}.Try1 Debug|Any CPU.ActiveCfg = Debug|Any CPU
		{D09AA1DE-FB06-4334-A9D2-DAE8A035CD7D}.Try1 Debug|Any CPU.Build.0 = Debug|Any CPU
		{D09AA1DE-FB06-4334-A9D2-DAE8A035CD7D}.Try1 Debug|Mixed Platforms.ActiveCfg = Debug|Any CPU
		{D09AA1DE-FB06-4334-A9D2-DAE8A035CD7D}.Try1 Debug|Mixed Platforms.Build.0 = Debug|Any CPU
		{D09AA1DE-FB06-4334-A9D2-DAE8A035CD7D}.Try1 Debug|x86.ActiveCfg = Debug|Any CPU
		{709FD9D8-7DEA-4E53-8ED9-244A8082ACC0}.Debug - Client Portal|Any CPU.ActiveCfg = Debug - Client Portal|x86
		{709FD9D8-7DEA-4E53-8ED9-244A8082ACC0}.Debug - Client Portal|Mixed Platforms.ActiveCfg = Debug - Client Portal|x86
		{709FD9D8-7DEA-4E53-8ED9-244A8082ACC0}.Debug - Client Portal|Mixed Platforms.Build.0 = Debug - Client Portal|x86
		{709FD9D8-7DEA-4E53-8ED9-244A8082ACC0}.Debug - Client Portal|x86.ActiveCfg = Debug - Client Portal|x86
		{709FD9D8-7DEA-4E53-8ED9-244A8082ACC0}.Debug - Client Portal|x86.Build.0 = Debug - Client Portal|x86
		{709FD9D8-7DEA-4E53-8ED9-244A8082ACC0}.Debug - DADatabaseService|Any CPU.ActiveCfg = Debug - DADatabaseService|x86
		{709FD9D8-7DEA-4E53-8ED9-244A8082ACC0}.Debug - DADatabaseService|Mixed Platforms.ActiveCfg = Debug - DADatabaseService|x86
		{709FD9D8-7DEA-4E53-8ED9-244A8082ACC0}.Debug - DADatabaseService|Mixed Platforms.Build.0 = Debug - DADatabaseService|x86
		{709FD9D8-7DEA-4E53-8ED9-244A8082ACC0}.Debug - DADatabaseService|x86.ActiveCfg = Debug - DADatabaseService|x86
		{709FD9D8-7DEA-4E53-8ED9-244A8082ACC0}.Debug - DADatabaseService|x86.Build.0 = Debug - DADatabaseService|x86
		{709FD9D8-7DEA-4E53-8ED9-244A8082ACC0}.Debug - Direct Track|Any CPU.ActiveCfg = Debug - Direct Track|x86
		{709FD9D8-7DEA-4E53-8ED9-244A8082ACC0}.Debug - Direct Track|Mixed Platforms.ActiveCfg = Debug - Direct Track|x86
		{709FD9D8-7DEA-4E53-8ED9-244A8082ACC0}.Debug - Direct Track|Mixed Platforms.Build.0 = Debug - Direct Track|x86
		{709FD9D8-7DEA-4E53-8ED9-244A8082ACC0}.Debug - Direct Track|x86.ActiveCfg = Debug - Direct Track|x86
		{709FD9D8-7DEA-4E53-8ED9-244A8082ACC0}.Debug - Direct Track|x86.Build.0 = Debug - Direct Track|x86
		{709FD9D8-7DEA-4E53-8ED9-244A8082ACC0}.Debug - z|Any CPU.ActiveCfg = Debug - z|x86
		{709FD9D8-7DEA-4E53-8ED9-244A8082ACC0}.Debug - z|Mixed Platforms.ActiveCfg = Debug - z|x86
		{709FD9D8-7DEA-4E53-8ED9-244A8082ACC0}.Debug - z|Mixed Platforms.Build.0 = Debug - z|x86
		{709FD9D8-7DEA-4E53-8ED9-244A8082ACC0}.Debug - z|x86.ActiveCfg = Debug - z|x86
		{709FD9D8-7DEA-4E53-8ED9-244A8082ACC0}.Debug - z|x86.Build.0 = Debug - z|x86
		{709FD9D8-7DEA-4E53-8ED9-244A8082ACC0}.Debug|Any CPU.ActiveCfg = Debug|x86
		{709FD9D8-7DEA-4E53-8ED9-244A8082ACC0}.Debug|Mixed Platforms.ActiveCfg = Debug|x86
		{709FD9D8-7DEA-4E53-8ED9-244A8082ACC0}.Debug|Mixed Platforms.Build.0 = Debug|x86
		{709FD9D8-7DEA-4E53-8ED9-244A8082ACC0}.Debug|x86.ActiveCfg = Debug|x86
		{709FD9D8-7DEA-4E53-8ED9-244A8082ACC0}.Debug|x86.Build.0 = Debug|x86
		{709FD9D8-7DEA-4E53-8ED9-244A8082ACC0}.Release|Any CPU.ActiveCfg = Release|x86
		{709FD9D8-7DEA-4E53-8ED9-244A8082ACC0}.Release|Mixed Platforms.ActiveCfg = Release|x86
		{709FD9D8-7DEA-4E53-8ED9-244A8082ACC0}.Release|Mixed Platforms.Build.0 = Release|x86
		{709FD9D8-7DEA-4E53-8ED9-244A8082ACC0}.Release|x86.ActiveCfg = Release|x86
		{709FD9D8-7DEA-4E53-8ED9-244A8082ACC0}.Release|x86.Build.0 = Release|x86
		{709FD9D8-7DEA-4E53-8ED9-244A8082ACC0}.Try1 Debug|Any CPU.ActiveCfg = Debug|x86
		{709FD9D8-7DEA-4E53-8ED9-244A8082ACC0}.Try1 Debug|Mixed Platforms.ActiveCfg = Debug|x86
		{709FD9D8-7DEA-4E53-8ED9-244A8082ACC0}.Try1 Debug|Mixed Platforms.Build.0 = Debug|x86
		{709FD9D8-7DEA-4E53-8ED9-244A8082ACC0}.Try1 Debug|x86.ActiveCfg = Debug|x86
		{709FD9D8-7DEA-4E53-8ED9-244A8082ACC0}.Try1 Debug|x86.Build.0 = Debug|x86
		{7AB15A9F-C226-449B-AB25-91E2AD18F4DC}.Debug - Client Portal|Any CPU.ActiveCfg = Debug|Any CPU
		{7AB15A9F-C226-449B-AB25-91E2AD18F4DC}.Debug - Client Portal|Any CPU.Build.0 = Debug|Any CPU
		{7AB15A9F-C226-449B-AB25-91E2AD18F4DC}.Debug - Client Portal|Mixed Platforms.ActiveCfg = Debug|Any CPU
		{7AB15A9F-C226-449B-AB25-91E2AD18F4DC}.Debug - Client Portal|Mixed Platforms.Build.0 = Debug|Any CPU
		{7AB15A9F-C226-449B-AB25-91E2AD18F4DC}.Debug - Client Portal|x86.ActiveCfg = Debug|Any CPU
		{7AB15A9F-C226-449B-AB25-91E2AD18F4DC}.Debug - DADatabaseService|Any CPU.ActiveCfg = Debug|Any CPU
		{7AB15A9F-C226-449B-AB25-91E2AD18F4DC}.Debug - DADatabaseService|Any CPU.Build.0 = Debug|Any CPU
		{7AB15A9F-C226-449B-AB25-91E2AD18F4DC}.Debug - DADatabaseService|Mixed Platforms.ActiveCfg = Debug|Any CPU
		{7AB15A9F-C226-449B-AB25-91E2AD18F4DC}.Debug - DADatabaseService|Mixed Platforms.Build.0 = Debug|Any CPU
		{7AB15A9F-C226-449B-AB25-91E2AD18F4DC}.Debug - DADatabaseService|x86.ActiveCfg = Debug|Any CPU
		{7AB15A9F-C226-449B-AB25-91E2AD18F4DC}.Debug - Direct Track|Any CPU.ActiveCfg = Debug|Any CPU
		{7AB15A9F-C226-449B-AB25-91E2AD18F4DC}.Debug - Direct Track|Any CPU.Build.0 = Debug|Any CPU
		{7AB15A9F-C226-449B-AB25-91E2AD18F4DC}.Debug - Direct Track|Mixed Platforms.ActiveCfg = Debug|Any CPU
		{7AB15A9F-C226-449B-AB25-91E2AD18F4DC}.Debug - Direct Track|Mixed Platforms.Build.0 = Debug|Any CPU
		{7AB15A9F-C226-449B-AB25-91E2AD18F4DC}.Debug - Direct Track|x86.ActiveCfg = Debug|Any CPU
		{7AB15A9F-C226-449B-AB25-91E2AD18F4DC}.Debug - z|Any CPU.ActiveCfg = Debug|Any CPU
		{7AB15A9F-C226-449B-AB25-91E2AD18F4DC}.Debug - z|Any CPU.Build.0 = Debug|Any CPU
		{7AB15A9F-C226-449B-AB25-91E2AD18F4DC}.Debug - z|Mixed Platforms.ActiveCfg = Debug|Any CPU
		{7AB15A9F-C226-449B-AB25-91E2AD18F4DC}.Debug - z|Mixed Platforms.Build.0 = Debug|Any CPU
		{7AB15A9F-C226-449B-AB25-91E2AD18F4DC}.Debug - z|x86.ActiveCfg = Debug|Any CPU
		{7AB15A9F-C226-449B-AB25-91E2AD18F4DC}.Debug|Any CPU.ActiveCfg = Debug|Any CPU
		{7AB15A9F-C226-449B-AB25-91E2AD18F4DC}.Debug|Any CPU.Build.0 = Debug|Any CPU
		{7AB15A9F-C226-449B-AB25-91E2AD18F4DC}.Debug|Mixed Platforms.ActiveCfg = Debug|Any CPU
		{7AB15A9F-C226-449B-AB25-91E2AD18F4DC}.Debug|Mixed Platforms.Build.0 = Debug|Any CPU
		{7AB15A9F-C226-449B-AB25-91E2AD18F4DC}.Debug|x86.ActiveCfg = Debug|Any CPU
		{7AB15A9F-C226-449B-AB25-91E2AD18F4DC}.Release|Any CPU.ActiveCfg = Release|Any CPU
		{7AB15A9F-C226-449B-AB25-91E2AD18F4DC}.Release|Any CPU.Build.0 = Release|Any CPU
		{7AB15A9F-C226-449B-AB25-91E2AD18F4DC}.Release|Mixed Platforms.ActiveCfg = Release|Any CPU
		{7AB15A9F-C226-449B-AB25-91E2AD18F4DC}.Release|Mixed Platforms.Build.0 = Release|Any CPU
		{7AB15A9F-C226-449B-AB25-91E2AD18F4DC}.Release|x86.ActiveCfg = Release|Any CPU
		{7AB15A9F-C226-449B-AB25-91E2AD18F4DC}.Try1 Debug|Any CPU.ActiveCfg = Debug|Any CPU
		{7AB15A9F-C226-449B-AB25-91E2AD18F4DC}.Try1 Debug|Any CPU.Build.0 = Debug|Any CPU
		{7AB15A9F-C226-449B-AB25-91E2AD18F4DC}.Try1 Debug|Mixed Platforms.ActiveCfg = Debug|Any CPU
		{7AB15A9F-C226-449B-AB25-91E2AD18F4DC}.Try1 Debug|Mixed Platforms.Build.0 = Debug|Any CPU
		{7AB15A9F-C226-449B-AB25-91E2AD18F4DC}.Try1 Debug|x86.ActiveCfg = Debug|Any CPU
		{5A9EBA3C-0860-47A1-B152-D4468C83E711}.Debug - Client Portal|Any CPU.ActiveCfg = Debug|Any CPU
		{5A9EBA3C-0860-47A1-B152-D4468C83E711}.Debug - Client Portal|Any CPU.Build.0 = Debug|Any CPU
		{5A9EBA3C-0860-47A1-B152-D4468C83E711}.Debug - Client Portal|Mixed Platforms.ActiveCfg = Debug|Any CPU
		{5A9EBA3C-0860-47A1-B152-D4468C83E711}.Debug - Client Portal|Mixed Platforms.Build.0 = Debug|Any CPU
		{5A9EBA3C-0860-47A1-B152-D4468C83E711}.Debug - Client Portal|x86.ActiveCfg = Debug|Any CPU
		{5A9EBA3C-0860-47A1-B152-D4468C83E711}.Debug - DADatabaseService|Any CPU.ActiveCfg = Debug|Any CPU
		{5A9EBA3C-0860-47A1-B152-D4468C83E711}.Debug - DADatabaseService|Any CPU.Build.0 = Debug|Any CPU
		{5A9EBA3C-0860-47A1-B152-D4468C83E711}.Debug - DADatabaseService|Mixed Platforms.ActiveCfg = Debug|Any CPU
		{5A9EBA3C-0860-47A1-B152-D4468C83E711}.Debug - DADatabaseService|Mixed Platforms.Build.0 = Debug|Any CPU
		{5A9EBA3C-0860-47A1-B152-D4468C83E711}.Debug - DADatabaseService|x86.ActiveCfg = Debug|Any CPU
		{5A9EBA3C-0860-47A1-B152-D4468C83E711}.Debug - Direct Track|Any CPU.ActiveCfg = Debug|Any CPU
		{5A9EBA3C-0860-47A1-B152-D4468C83E711}.Debug - Direct Track|Any CPU.Build.0 = Debug|Any CPU
		{5A9EBA3C-0860-47A1-B152-D4468C83E711}.Debug - Direct Track|Mixed Platforms.ActiveCfg = Debug|Any CPU
		{5A9EBA3C-0860-47A1-B152-D4468C83E711}.Debug - Direct Track|Mixed Platforms.Build.0 = Debug|Any CPU
		{5A9EBA3C-0860-47A1-B152-D4468C83E711}.Debug - Direct Track|x86.ActiveCfg = Debug|Any CPU
		{5A9EBA3C-0860-47A1-B152-D4468C83E711}.Debug - z|Any CPU.ActiveCfg = Debug|Any CPU
		{5A9EBA3C-0860-47A1-B152-D4468C83E711}.Debug - z|Any CPU.Build.0 = Debug|Any CPU
		{5A9EBA3C-0860-47A1-B152-D4468C83E711}.Debug - z|Mixed Platforms.ActiveCfg = Debug|Any CPU
		{5A9EBA3C-0860-47A1-B152-D4468C83E711}.Debug - z|Mixed Platforms.Build.0 = Debug|Any CPU
		{5A9EBA3C-0860-47A1-B152-D4468C83E711}.Debug - z|x86.ActiveCfg = Debug|Any CPU
		{5A9EBA3C-0860-47A1-B152-D4468C83E711}.Debug|Any CPU.ActiveCfg = Debug|Any CPU
		{5A9EBA3C-0860-47A1-B152-D4468C83E711}.Debug|Any CPU.Build.0 = Debug|Any CPU
		{5A9EBA3C-0860-47A1-B152-D4468C83E711}.Debug|Mixed Platforms.ActiveCfg = Debug|Any CPU
		{5A9EBA3C-0860-47A1-B152-D4468C83E711}.Debug|Mixed Platforms.Build.0 = Debug|Any CPU
		{5A9EBA3C-0860-47A1-B152-D4468C83E711}.Debug|x86.ActiveCfg = Debug|Any CPU
		{5A9EBA3C-0860-47A1-B152-D4468C83E711}.Release|Any CPU.ActiveCfg = Release|Any CPU
		{5A9EBA3C-0860-47A1-B152-D4468C83E711}.Release|Any CPU.Build.0 = Release|Any CPU
		{5A9EBA3C-0860-47A1-B152-D4468C83E711}.Release|Mixed Platforms.ActiveCfg = Release|Any CPU
		{5A9EBA3C-0860-47A1-B152-D4468C83E711}.Release|Mixed Platforms.Build.0 = Release|Any CPU
		{5A9EBA3C-0860-47A1-B152-D4468C83E711}.Release|x86.ActiveCfg = Release|Any CPU
		{5A9EBA3C-0860-47A1-B152-D4468C83E711}.Try1 Debug|Any CPU.ActiveCfg = Debug|Any CPU
		{5A9EBA3C-0860-47A1-B152-D4468C83E711}.Try1 Debug|Any CPU.Build.0 = Debug|Any CPU
		{5A9EBA3C-0860-47A1-B152-D4468C83E711}.Try1 Debug|Mixed Platforms.ActiveCfg = Debug|Any CPU
		{5A9EBA3C-0860-47A1-B152-D4468C83E711}.Try1 Debug|Mixed Platforms.Build.0 = Debug|Any CPU
		{5A9EBA3C-0860-47A1-B152-D4468C83E711}.Try1 Debug|x86.ActiveCfg = Debug|Any CPU
		{6CD893A9-9ED9-46F6-B347-64EE2C884E6C}.Debug - Client Portal|Any CPU.ActiveCfg = Debug|Any CPU
		{6CD893A9-9ED9-46F6-B347-64EE2C884E6C}.Debug - Client Portal|Any CPU.Build.0 = Debug|Any CPU
		{6CD893A9-9ED9-46F6-B347-64EE2C884E6C}.Debug - Client Portal|Mixed Platforms.ActiveCfg = Debug|Any CPU
		{6CD893A9-9ED9-46F6-B347-64EE2C884E6C}.Debug - Client Portal|Mixed Platforms.Build.0 = Debug|Any CPU
		{6CD893A9-9ED9-46F6-B347-64EE2C884E6C}.Debug - Client Portal|x86.ActiveCfg = Debug|Any CPU
		{6CD893A9-9ED9-46F6-B347-64EE2C884E6C}.Debug - DADatabaseService|Any CPU.ActiveCfg = Debug|Any CPU
		{6CD893A9-9ED9-46F6-B347-64EE2C884E6C}.Debug - DADatabaseService|Any CPU.Build.0 = Debug|Any CPU
		{6CD893A9-9ED9-46F6-B347-64EE2C884E6C}.Debug - DADatabaseService|Mixed Platforms.ActiveCfg = Debug|Any CPU
		{6CD893A9-9ED9-46F6-B347-64EE2C884E6C}.Debug - DADatabaseService|Mixed Platforms.Build.0 = Debug|Any CPU
		{6CD893A9-9ED9-46F6-B347-64EE2C884E6C}.Debug - DADatabaseService|x86.ActiveCfg = Debug|Any CPU
		{6CD893A9-9ED9-46F6-B347-64EE2C884E6C}.Debug - Direct Track|Any CPU.ActiveCfg = Debug|Any CPU
		{6CD893A9-9ED9-46F6-B347-64EE2C884E6C}.Debug - Direct Track|Any CPU.Build.0 = Debug|Any CPU
		{6CD893A9-9ED9-46F6-B347-64EE2C884E6C}.Debug - Direct Track|Mixed Platforms.ActiveCfg = Debug|Any CPU
		{6CD893A9-9ED9-46F6-B347-64EE2C884E6C}.Debug - Direct Track|Mixed Platforms.Build.0 = Debug|Any CPU
		{6CD893A9-9ED9-46F6-B347-64EE2C884E6C}.Debug - Direct Track|x86.ActiveCfg = Debug|Any CPU
		{6CD893A9-9ED9-46F6-B347-64EE2C884E6C}.Debug - z|Any CPU.ActiveCfg = Debug|Any CPU
		{6CD893A9-9ED9-46F6-B347-64EE2C884E6C}.Debug - z|Any CPU.Build.0 = Debug|Any CPU
		{6CD893A9-9ED9-46F6-B347-64EE2C884E6C}.Debug - z|Mixed Platforms.ActiveCfg = Debug|Any CPU
		{6CD893A9-9ED9-46F6-B347-64EE2C884E6C}.Debug - z|Mixed Platforms.Build.0 = Debug|Any CPU
		{6CD893A9-9ED9-46F6-B347-64EE2C884E6C}.Debug - z|x86.ActiveCfg = Debug|Any CPU
		{6CD893A9-9ED9-46F6-B347-64EE2C884E6C}.Debug|Any CPU.ActiveCfg = Debug|Any CPU
		{6CD893A9-9ED9-46F6-B347-64EE2C884E6C}.Debug|Any CPU.Build.0 = Debug|Any CPU
		{6CD893A9-9ED9-46F6-B347-64EE2C884E6C}.Debug|Mixed Platforms.ActiveCfg = Debug|Any CPU
		{6CD893A9-9ED9-46F6-B347-64EE2C884E6C}.Debug|Mixed Platforms.Build.0 = Debug|Any CPU
		{6CD893A9-9ED9-46F6-B347-64EE2C884E6C}.Debug|x86.ActiveCfg = Debug|Any CPU
		{6CD893A9-9ED9-46F6-B347-64EE2C884E6C}.Release|Any CPU.ActiveCfg = Release|Any CPU
		{6CD893A9-9ED9-46F6-B347-64EE2C884E6C}.Release|Any CPU.Build.0 = Release|Any CPU
		{6CD893A9-9ED9-46F6-B347-64EE2C884E6C}.Release|Mixed Platforms.ActiveCfg = Release|Any CPU
		{6CD893A9-9ED9-46F6-B347-64EE2C884E6C}.Release|Mixed Platforms.Build.0 = Release|Any CPU
		{6CD893A9-9ED9-46F6-B347-64EE2C884E6C}.Release|x86.ActiveCfg = Release|Any CPU
		{6CD893A9-9ED9-46F6-B347-64EE2C884E6C}.Try1 Debug|Any CPU.ActiveCfg = Debug|Any CPU
		{6CD893A9-9ED9-46F6-B347-64EE2C884E6C}.Try1 Debug|Any CPU.Build.0 = Debug|Any CPU
		{6CD893A9-9ED9-46F6-B347-64EE2C884E6C}.Try1 Debug|Mixed Platforms.ActiveCfg = Debug|Any CPU
		{6CD893A9-9ED9-46F6-B347-64EE2C884E6C}.Try1 Debug|Mixed Platforms.Build.0 = Debug|Any CPU
		{6CD893A9-9ED9-46F6-B347-64EE2C884E6C}.Try1 Debug|x86.ActiveCfg = Debug|Any CPU
	EndGlobalSection
	GlobalSection(SolutionProperties) = preSolution
		HideSolutionNode = FALSE
	EndGlobalSection
	GlobalSection(NestedProjects) = preSolution
		{D09AA1DE-FB06-4334-A9D2-DAE8A035CD7D} = {2D16C2F8-1578-449F-AC64-E88BBDB023C1}
		{709FD9D8-7DEA-4E53-8ED9-244A8082ACC0} = {2D16C2F8-1578-449F-AC64-E88BBDB023C1}
		{72427403-94B7-487D-BD9E-E0C1CF1954CA} = {2D16C2F8-1578-449F-AC64-E88BBDB023C1}
	EndGlobalSection
EndGlobal
