
Microsoft Visual Studio Solution File, Format Version 12.00
# Visual Studio 2012
Project("{00D1A9C2-B5F0-4AF3-8072-F6C62B433612}") = "EomDatabase", "..\EomTool\EomDatabase\EomDatabase.sqlproj", "{8E4F17C3-E9F3-4D9B-85A6-81C852920AF2}"
EndProject
Global
	GlobalSection(SolutionConfigurationPlatforms) = preSolution
		Debug - Client Portal|Any CPU = Debug - Client Portal|Any CPU
		Debug - DADatabaseService|Any CPU = Debug - DADatabaseService|Any CPU
		Debug - Direct Track|Any CPU = Debug - Direct Track|Any CPU
		Debug - z|Any CPU = Debug - z|Any CPU
		Debug|Any CPU = Debug|Any CPU
		Release|Any CPU = Release|Any CPU
	EndGlobalSection
	GlobalSection(ProjectConfigurationPlatforms) = postSolution
		{8E4F17C3-E9F3-4D9B-85A6-81C852920AF2}.Debug - Client Portal|Any CPU.ActiveCfg = Debug - Client Portal|Any CPU
		{8E4F17C3-E9F3-4D9B-85A6-81C852920AF2}.Debug - Client Portal|Any CPU.Build.0 = Debug - Client Portal|Any CPU
		{8E4F17C3-E9F3-4D9B-85A6-81C852920AF2}.Debug - Client Portal|Any CPU.Deploy.0 = Debug - Client Portal|Any CPU
		{8E4F17C3-E9F3-4D9B-85A6-81C852920AF2}.Debug - DADatabaseService|Any CPU.ActiveCfg = Debug - DADatabaseService|Any CPU
		{8E4F17C3-E9F3-4D9B-85A6-81C852920AF2}.Debug - DADatabaseService|Any CPU.Build.0 = Debug - DADatabaseService|Any CPU
		{8E4F17C3-E9F3-4D9B-85A6-81C852920AF2}.Debug - DADatabaseService|Any CPU.Deploy.0 = Debug - DADatabaseService|Any CPU
		{8E4F17C3-E9F3-4D9B-85A6-81C852920AF2}.Debug - Direct Track|Any CPU.ActiveCfg = Debug - Direct Track|Any CPU
		{8E4F17C3-E9F3-4D9B-85A6-81C852920AF2}.Debug - Direct Track|Any CPU.Build.0 = Debug - Direct Track|Any CPU
		{8E4F17C3-E9F3-4D9B-85A6-81C852920AF2}.Debug - Direct Track|Any CPU.Deploy.0 = Debug - Direct Track|Any CPU
		{8E4F17C3-E9F3-4D9B-85A6-81C852920AF2}.Debug - z|Any CPU.ActiveCfg = Debug - z|Any CPU
		{8E4F17C3-E9F3-4D9B-85A6-81C852920AF2}.Debug - z|Any CPU.Build.0 = Debug - z|Any CPU
		{8E4F17C3-E9F3-4D9B-85A6-81C852920AF2}.Debug - z|Any CPU.Deploy.0 = Debug - z|Any CPU
		{8E4F17C3-E9F3-4D9B-85A6-81C852920AF2}.Debug|Any CPU.ActiveCfg = Debug|Any CPU
		{8E4F17C3-E9F3-4D9B-85A6-81C852920AF2}.Debug|Any CPU.Build.0 = Debug|Any CPU
		{8E4F17C3-E9F3-4D9B-85A6-81C852920AF2}.Debug|Any CPU.Deploy.0 = Debug|Any CPU
		{8E4F17C3-E9F3-4D9B-85A6-81C852920AF2}.Release|Any CPU.ActiveCfg = Release|Any CPU
		{8E4F17C3-E9F3-4D9B-85A6-81C852920AF2}.Release|Any CPU.Build.0 = Release|Any CPU
		{8E4F17C3-E9F3-4D9B-85A6-81C852920AF2}.Release|Any CPU.Deploy.0 = Release|Any CPU
	EndGlobalSection
	GlobalSection(SolutionProperties) = preSolution
		HideSolutionNode = FALSE
	EndGlobalSection
EndGlobal
