
Microsoft Visual Studio Solution File, Format Version 11.00
# Visual Studio 2010
Project("{FAE04EC0-301F-11D3-BF4B-00C04F79EFBC}") = "DirectAgents.Common", "..\EomTool\DAgents.Common\DirectAgents.Common.csproj", "{C96A7A6B-F15A-4C83-B871-0DF48E798C5F}"
EndProject
Project("{FAE04EC0-301F-11D3-BF4B-00C04F79EFBC}") = "DirectAgents.Synch", "..\EomTool\DAgents.DirectTrack\DirectAgents.Synch.csproj", "{4C08DC70-20A6-4D3B-AB4B-5AAA04521118}"
EndProject
Project("{FAE04EC0-301F-11D3-BF4B-00C04F79EFBC}") = "DirectTrack.Rest", "..\EomTool\DirectTrack.Rest\DirectTrack.Rest.csproj", "{A5D217FE-1556-4ABD-BFDF-F5A2D65F5D8A}"
EndProject
Project("{FAE04EC0-301F-11D3-BF4B-00C04F79EFBC}") = "EomApp.Controls", "..\EomTool\EomAppControls\EomApp.Controls.csproj", "{1594F5F0-0810-4CD2-8C1E-439BA340EC2E}"
EndProject
Project("{FAE04EC0-301F-11D3-BF4B-00C04F79EFBC}") = "EomApp1", "..\EomTool\EomApp1\EomApp1.csproj", "{7FA31632-40D5-4B76-953D-CD90D8D64EFA}"
EndProject
Project("{FAE04EC0-301F-11D3-BF4B-00C04F79EFBC}") = "SqlClrLibrary", "..\EomTool\SqlClrLibrary\SqlClrLibrary.csproj", "{590BB4FB-CBF2-496C-B408-5D8C1C54CD5F}"
EndProject
Project("{FAE04EC0-301F-11D3-BF4B-00C04F79EFBC}") = "SqlServerProjectForDADatabaseR3", "..\EomTool\SqlServerProjectForDADatabaseR3\SqlServerProjectForDADatabaseR3.csproj", "{AC153EBD-4D65-4B9D-A812-65592DD49508}"
EndProject
Project("{C8D11400-126E-41CD-887F-60BD40844F9E}") = "EomDatabase", "..\EomTool\EomDatabase\EomDatabase.dbproj", "{87AEC306-A7EC-4F3E-925A-59AB736E60D4}"
EndProject
Project("{2150E333-8FDC-42A3-9474-1A3956D46DE8}") = "Application", "Application", "{E4D73AA0-8CFD-46A0-BE36-3E34D01CEC05}"
EndProject
Project("{2150E333-8FDC-42A3-9474-1A3956D46DE8}") = "Database", "Database", "{B63CA144-D8E4-4553-BDF6-8268EB9467E7}"
EndProject
Project("{FAE04EC0-301F-11D3-BF4B-00C04F79EFBC}") = "EomApp.Models", "..\EomTool\EomAppModels\EomApp.Models.csproj", "{B9F971EA-5F76-474C-B3DC-E00FD3760967}"
EndProject
Project("{FAE04EC0-301F-11D3-BF4B-00C04F79EFBC}") = "CakeMarketing", "..\EomTool\CakeMarketing\CakeMarketing.csproj", "{268E422D-0ED9-4922-AE6E-775534A8EDAC}"
EndProject
Project("{FAE04EC0-301F-11D3-BF4B-00C04F79EFBC}") = "EomToolDatabaseUpdater", "..\EomTool\DatabaseUpdater\EomToolDatabaseUpdater\EomToolDatabaseUpdater.csproj", "{9C62966A-7D38-46A0-8801-8B3BC29FE636}"
EndProject
Project("{2150E333-8FDC-42A3-9474-1A3956D46DE8}") = "Solution Items", "Solution Items", "{67F8C3E6-6567-4BD6-996A-F8136B4D003C}"
	ProjectSection(SolutionItems) = preProject
		EomTool.vsmdi = EomTool.vsmdi
		Local.testsettings = Local.testsettings
		TraceAndTestImpact.testsettings = TraceAndTestImpact.testsettings
	EndProjectSection
EndProject
Project("{FAE04EC0-301F-11D3-BF4B-00C04F79EFBC}") = "EomApp1.Test", "..\EomTool\EomApp1.Test\EomApp1.Test.csproj", "{815E0D7A-2097-4281-9627-F2FCFDB33190}"
EndProject
Project("{FAE04EC0-301F-11D3-BF4B-00C04F79EFBC}") = "EomApp.Controls.Wpf", "..\EomApp.Controls.Wpf\EomApp.Controls.Wpf.csproj", "{6DE348DC-663F-4251-A8E4-A1107E1B0497}"
EndProject
Project("{FAE04EC0-301F-11D3-BF4B-00C04F79EFBC}") = "EomToolWeb", "..\EomTool\EomToolWeb\EomToolWeb.csproj", "{DC30DCE4-D767-4DDC-AEA0-959703093913}"
EndProject
Project("{FAE04EC0-301F-11D3-BF4B-00C04F79EFBC}") = "EomToolWeb.Tests", "..\EomTool\EomToolWeb.Tests\EomToolWeb.Tests.csproj", "{768819DE-541A-4208-9D3B-06FD70AFA769}"
EndProject
Global
	GlobalSection(TestCaseManagementSettings) = postSolution
		CategoryFile = EomTool.vsmdi
	EndGlobalSection
	GlobalSection(SolutionConfigurationPlatforms) = preSolution
		Debug - Client Portal|Any CPU = Debug - Client Portal|Any CPU
		Debug - Client Portal|Mixed Platforms = Debug - Client Portal|Mixed Platforms
		Debug - Client Portal|x86 = Debug - Client Portal|x86
		Debug - DADatabaseService|Any CPU = Debug - DADatabaseService|Any CPU
		Debug - DADatabaseService|Mixed Platforms = Debug - DADatabaseService|Mixed Platforms
		Debug - DADatabaseService|x86 = Debug - DADatabaseService|x86
		Debug - Direct Track|Any CPU = Debug - Direct Track|Any CPU
		Debug - Direct Track|Mixed Platforms = Debug - Direct Track|Mixed Platforms
		Debug - Direct Track|x86 = Debug - Direct Track|x86
		Debug - z|Any CPU = Debug - z|Any CPU
		Debug - z|Mixed Platforms = Debug - z|Mixed Platforms
		Debug - z|x86 = Debug - z|x86
		Debug|Any CPU = Debug|Any CPU
		Debug|Mixed Platforms = Debug|Mixed Platforms
		Debug|x86 = Debug|x86
		Release|Any CPU = Release|Any CPU
		Release|Mixed Platforms = Release|Mixed Platforms
		Release|x86 = Release|x86
		Try1 Debug|Any CPU = Try1 Debug|Any CPU
		Try1 Debug|Mixed Platforms = Try1 Debug|Mixed Platforms
		Try1 Debug|x86 = Try1 Debug|x86
	EndGlobalSection
	GlobalSection(ProjectConfigurationPlatforms) = postSolution
		{C96A7A6B-F15A-4C83-B871-0DF48E798C5F}.Debug - Client Portal|Any CPU.ActiveCfg = Debug|Any CPU
		{C96A7A6B-F15A-4C83-B871-0DF48E798C5F}.Debug - Client Portal|Any CPU.Build.0 = Debug|Any CPU
		{C96A7A6B-F15A-4C83-B871-0DF48E798C5F}.Debug - Client Portal|Mixed Platforms.ActiveCfg = Debug|Any CPU
		{C96A7A6B-F15A-4C83-B871-0DF48E798C5F}.Debug - Client Portal|Mixed Platforms.Build.0 = Debug|Any CPU
		{C96A7A6B-F15A-4C83-B871-0DF48E798C5F}.Debug - Client Portal|x86.ActiveCfg = Debug|Any CPU
		{C96A7A6B-F15A-4C83-B871-0DF48E798C5F}.Debug - DADatabaseService|Any CPU.ActiveCfg = Debug|Any CPU
		{C96A7A6B-F15A-4C83-B871-0DF48E798C5F}.Debug - DADatabaseService|Any CPU.Build.0 = Debug|Any CPU
		{C96A7A6B-F15A-4C83-B871-0DF48E798C5F}.Debug - DADatabaseService|Mixed Platforms.ActiveCfg = Debug|Any CPU
		{C96A7A6B-F15A-4C83-B871-0DF48E798C5F}.Debug - DADatabaseService|Mixed Platforms.Build.0 = Debug|Any CPU
		{C96A7A6B-F15A-4C83-B871-0DF48E798C5F}.Debug - DADatabaseService|x86.ActiveCfg = Debug|Any CPU
		{C96A7A6B-F15A-4C83-B871-0DF48E798C5F}.Debug - Direct Track|Any CPU.ActiveCfg = Debug|Any CPU
		{C96A7A6B-F15A-4C83-B871-0DF48E798C5F}.Debug - Direct Track|Any CPU.Build.0 = Debug|Any CPU
		{C96A7A6B-F15A-4C83-B871-0DF48E798C5F}.Debug - Direct Track|Mixed Platforms.ActiveCfg = Debug|Any CPU
		{C96A7A6B-F15A-4C83-B871-0DF48E798C5F}.Debug - Direct Track|Mixed Platforms.Build.0 = Debug|Any CPU
		{C96A7A6B-F15A-4C83-B871-0DF48E798C5F}.Debug - Direct Track|x86.ActiveCfg = Debug|Any CPU
		{C96A7A6B-F15A-4C83-B871-0DF48E798C5F}.Debug - z|Any CPU.ActiveCfg = Debug|Any CPU
		{C96A7A6B-F15A-4C83-B871-0DF48E798C5F}.Debug - z|Any CPU.Build.0 = Debug|Any CPU
		{C96A7A6B-F15A-4C83-B871-0DF48E798C5F}.Debug - z|Mixed Platforms.ActiveCfg = Debug|Any CPU
		{C96A7A6B-F15A-4C83-B871-0DF48E798C5F}.Debug - z|Mixed Platforms.Build.0 = Debug|Any CPU
		{C96A7A6B-F15A-4C83-B871-0DF48E798C5F}.Debug - z|x86.ActiveCfg = Debug|Any CPU
		{C96A7A6B-F15A-4C83-B871-0DF48E798C5F}.Debug|Any CPU.ActiveCfg = Debug|Any CPU
		{C96A7A6B-F15A-4C83-B871-0DF48E798C5F}.Debug|Any CPU.Build.0 = Debug|Any CPU
		{C96A7A6B-F15A-4C83-B871-0DF48E798C5F}.Debug|Mixed Platforms.ActiveCfg = Debug|Any CPU
		{C96A7A6B-F15A-4C83-B871-0DF48E798C5F}.Debug|Mixed Platforms.Build.0 = Debug|Any CPU
		{C96A7A6B-F15A-4C83-B871-0DF48E798C5F}.Debug|x86.ActiveCfg = Debug|Any CPU
		{C96A7A6B-F15A-4C83-B871-0DF48E798C5F}.Release|Any CPU.ActiveCfg = Release|Any CPU
		{C96A7A6B-F15A-4C83-B871-0DF48E798C5F}.Release|Any CPU.Build.0 = Release|Any CPU
		{C96A7A6B-F15A-4C83-B871-0DF48E798C5F}.Release|Mixed Platforms.ActiveCfg = Release|Any CPU
		{C96A7A6B-F15A-4C83-B871-0DF48E798C5F}.Release|Mixed Platforms.Build.0 = Release|Any CPU
		{C96A7A6B-F15A-4C83-B871-0DF48E798C5F}.Release|x86.ActiveCfg = Release|Any CPU
		{C96A7A6B-F15A-4C83-B871-0DF48E798C5F}.Try1 Debug|Any CPU.ActiveCfg = Try1 Debug|Any CPU
		{C96A7A6B-F15A-4C83-B871-0DF48E798C5F}.Try1 Debug|Any CPU.Build.0 = Try1 Debug|Any CPU
		{C96A7A6B-F15A-4C83-B871-0DF48E798C5F}.Try1 Debug|Mixed Platforms.ActiveCfg = Try1 Debug|Any CPU
		{C96A7A6B-F15A-4C83-B871-0DF48E798C5F}.Try1 Debug|Mixed Platforms.Build.0 = Try1 Debug|Any CPU
		{C96A7A6B-F15A-4C83-B871-0DF48E798C5F}.Try1 Debug|x86.ActiveCfg = Try1 Debug|Any CPU
		{4C08DC70-20A6-4D3B-AB4B-5AAA04521118}.Debug - Client Portal|Any CPU.ActiveCfg = Debug|Any CPU
		{4C08DC70-20A6-4D3B-AB4B-5AAA04521118}.Debug - Client Portal|Any CPU.Build.0 = Debug|Any CPU
		{4C08DC70-20A6-4D3B-AB4B-5AAA04521118}.Debug - Client Portal|Mixed Platforms.ActiveCfg = Debug|Any CPU
		{4C08DC70-20A6-4D3B-AB4B-5AAA04521118}.Debug - Client Portal|Mixed Platforms.Build.0 = Debug|Any CPU
		{4C08DC70-20A6-4D3B-AB4B-5AAA04521118}.Debug - Client Portal|x86.ActiveCfg = Debug|Any CPU
		{4C08DC70-20A6-4D3B-AB4B-5AAA04521118}.Debug - DADatabaseService|Any CPU.ActiveCfg = Debug|Any CPU
		{4C08DC70-20A6-4D3B-AB4B-5AAA04521118}.Debug - DADatabaseService|Any CPU.Build.0 = Debug|Any CPU
		{4C08DC70-20A6-4D3B-AB4B-5AAA04521118}.Debug - DADatabaseService|Mixed Platforms.ActiveCfg = Debug|Any CPU
		{4C08DC70-20A6-4D3B-AB4B-5AAA04521118}.Debug - DADatabaseService|Mixed Platforms.Build.0 = Debug|Any CPU
		{4C08DC70-20A6-4D3B-AB4B-5AAA04521118}.Debug - DADatabaseService|x86.ActiveCfg = Debug|Any CPU
		{4C08DC70-20A6-4D3B-AB4B-5AAA04521118}.Debug - Direct Track|Any CPU.ActiveCfg = Debug|Any CPU
		{4C08DC70-20A6-4D3B-AB4B-5AAA04521118}.Debug - Direct Track|Any CPU.Build.0 = Debug|Any CPU
		{4C08DC70-20A6-4D3B-AB4B-5AAA04521118}.Debug - Direct Track|Mixed Platforms.ActiveCfg = Debug|Any CPU
		{4C08DC70-20A6-4D3B-AB4B-5AAA04521118}.Debug - Direct Track|Mixed Platforms.Build.0 = Debug|Any CPU
		{4C08DC70-20A6-4D3B-AB4B-5AAA04521118}.Debug - Direct Track|x86.ActiveCfg = Debug|Any CPU
		{4C08DC70-20A6-4D3B-AB4B-5AAA04521118}.Debug - z|Any CPU.ActiveCfg = Debug|Any CPU
		{4C08DC70-20A6-4D3B-AB4B-5AAA04521118}.Debug - z|Any CPU.Build.0 = Debug|Any CPU
		{4C08DC70-20A6-4D3B-AB4B-5AAA04521118}.Debug - z|Mixed Platforms.ActiveCfg = Debug|Any CPU
		{4C08DC70-20A6-4D3B-AB4B-5AAA04521118}.Debug - z|Mixed Platforms.Build.0 = Debug|Any CPU
		{4C08DC70-20A6-4D3B-AB4B-5AAA04521118}.Debug - z|x86.ActiveCfg = Debug|Any CPU
		{4C08DC70-20A6-4D3B-AB4B-5AAA04521118}.Debug|Any CPU.ActiveCfg = Debug|Any CPU
		{4C08DC70-20A6-4D3B-AB4B-5AAA04521118}.Debug|Any CPU.Build.0 = Debug|Any CPU
		{4C08DC70-20A6-4D3B-AB4B-5AAA04521118}.Debug|Mixed Platforms.ActiveCfg = Debug|Any CPU
		{4C08DC70-20A6-4D3B-AB4B-5AAA04521118}.Debug|Mixed Platforms.Build.0 = Debug|Any CPU
		{4C08DC70-20A6-4D3B-AB4B-5AAA04521118}.Debug|x86.ActiveCfg = Debug|Any CPU
		{4C08DC70-20A6-4D3B-AB4B-5AAA04521118}.Release|Any CPU.ActiveCfg = Release|Any CPU
		{4C08DC70-20A6-4D3B-AB4B-5AAA04521118}.Release|Any CPU.Build.0 = Release|Any CPU
		{4C08DC70-20A6-4D3B-AB4B-5AAA04521118}.Release|Mixed Platforms.ActiveCfg = Release|Any CPU
		{4C08DC70-20A6-4D3B-AB4B-5AAA04521118}.Release|Mixed Platforms.Build.0 = Release|Any CPU
		{4C08DC70-20A6-4D3B-AB4B-5AAA04521118}.Release|x86.ActiveCfg = Release|Any CPU
		{4C08DC70-20A6-4D3B-AB4B-5AAA04521118}.Try1 Debug|Any CPU.ActiveCfg = Try1 Debug|Any CPU
		{4C08DC70-20A6-4D3B-AB4B-5AAA04521118}.Try1 Debug|Any CPU.Build.0 = Try1 Debug|Any CPU
		{4C08DC70-20A6-4D3B-AB4B-5AAA04521118}.Try1 Debug|Mixed Platforms.ActiveCfg = Try1 Debug|Any CPU
		{4C08DC70-20A6-4D3B-AB4B-5AAA04521118}.Try1 Debug|Mixed Platforms.Build.0 = Try1 Debug|Any CPU
		{4C08DC70-20A6-4D3B-AB4B-5AAA04521118}.Try1 Debug|x86.ActiveCfg = Try1 Debug|Any CPU
		{A5D217FE-1556-4ABD-BFDF-F5A2D65F5D8A}.Debug - Client Portal|Any CPU.ActiveCfg = Debug|Any CPU
		{A5D217FE-1556-4ABD-BFDF-F5A2D65F5D8A}.Debug - Client Portal|Any CPU.Build.0 = Debug|Any CPU
		{A5D217FE-1556-4ABD-BFDF-F5A2D65F5D8A}.Debug - Client Portal|Mixed Platforms.ActiveCfg = Debug|Any CPU
		{A5D217FE-1556-4ABD-BFDF-F5A2D65F5D8A}.Debug - Client Portal|Mixed Platforms.Build.0 = Debug|Any CPU
		{A5D217FE-1556-4ABD-BFDF-F5A2D65F5D8A}.Debug - Client Portal|x86.ActiveCfg = Debug|Any CPU
		{A5D217FE-1556-4ABD-BFDF-F5A2D65F5D8A}.Debug - DADatabaseService|Any CPU.ActiveCfg = Debug|Any CPU
		{A5D217FE-1556-4ABD-BFDF-F5A2D65F5D8A}.Debug - DADatabaseService|Any CPU.Build.0 = Debug|Any CPU
		{A5D217FE-1556-4ABD-BFDF-F5A2D65F5D8A}.Debug - DADatabaseService|Mixed Platforms.ActiveCfg = Debug|Any CPU
		{A5D217FE-1556-4ABD-BFDF-F5A2D65F5D8A}.Debug - DADatabaseService|Mixed Platforms.Build.0 = Debug|Any CPU
		{A5D217FE-1556-4ABD-BFDF-F5A2D65F5D8A}.Debug - DADatabaseService|x86.ActiveCfg = Debug|Any CPU
		{A5D217FE-1556-4ABD-BFDF-F5A2D65F5D8A}.Debug - Direct Track|Any CPU.ActiveCfg = Debug|Any CPU
		{A5D217FE-1556-4ABD-BFDF-F5A2D65F5D8A}.Debug - Direct Track|Any CPU.Build.0 = Debug|Any CPU
		{A5D217FE-1556-4ABD-BFDF-F5A2D65F5D8A}.Debug - Direct Track|Mixed Platforms.ActiveCfg = Debug|Any CPU
		{A5D217FE-1556-4ABD-BFDF-F5A2D65F5D8A}.Debug - Direct Track|Mixed Platforms.Build.0 = Debug|Any CPU
		{A5D217FE-1556-4ABD-BFDF-F5A2D65F5D8A}.Debug - Direct Track|x86.ActiveCfg = Debug|Any CPU
		{A5D217FE-1556-4ABD-BFDF-F5A2D65F5D8A}.Debug - z|Any CPU.ActiveCfg = Debug|Any CPU
		{A5D217FE-1556-4ABD-BFDF-F5A2D65F5D8A}.Debug - z|Any CPU.Build.0 = Debug|Any CPU
		{A5D217FE-1556-4ABD-BFDF-F5A2D65F5D8A}.Debug - z|Mixed Platforms.ActiveCfg = Debug|Any CPU
		{A5D217FE-1556-4ABD-BFDF-F5A2D65F5D8A}.Debug - z|Mixed Platforms.Build.0 = Debug|Any CPU
		{A5D217FE-1556-4ABD-BFDF-F5A2D65F5D8A}.Debug - z|x86.ActiveCfg = Debug|Any CPU
		{A5D217FE-1556-4ABD-BFDF-F5A2D65F5D8A}.Debug|Any CPU.ActiveCfg = Debug|Any CPU
		{A5D217FE-1556-4ABD-BFDF-F5A2D65F5D8A}.Debug|Any CPU.Build.0 = Debug|Any CPU
		{A5D217FE-1556-4ABD-BFDF-F5A2D65F5D8A}.Debug|Mixed Platforms.ActiveCfg = Debug|Any CPU
		{A5D217FE-1556-4ABD-BFDF-F5A2D65F5D8A}.Debug|Mixed Platforms.Build.0 = Debug|Any CPU
		{A5D217FE-1556-4ABD-BFDF-F5A2D65F5D8A}.Debug|x86.ActiveCfg = Debug|Any CPU
		{A5D217FE-1556-4ABD-BFDF-F5A2D65F5D8A}.Release|Any CPU.ActiveCfg = Release|Any CPU
		{A5D217FE-1556-4ABD-BFDF-F5A2D65F5D8A}.Release|Any CPU.Build.0 = Release|Any CPU
		{A5D217FE-1556-4ABD-BFDF-F5A2D65F5D8A}.Release|Mixed Platforms.ActiveCfg = Release|Any CPU
		{A5D217FE-1556-4ABD-BFDF-F5A2D65F5D8A}.Release|Mixed Platforms.Build.0 = Release|Any CPU
		{A5D217FE-1556-4ABD-BFDF-F5A2D65F5D8A}.Release|x86.ActiveCfg = Release|Any CPU
		{A5D217FE-1556-4ABD-BFDF-F5A2D65F5D8A}.Try1 Debug|Any CPU.ActiveCfg = Try1 Debug|Any CPU
		{A5D217FE-1556-4ABD-BFDF-F5A2D65F5D8A}.Try1 Debug|Any CPU.Build.0 = Try1 Debug|Any CPU
		{A5D217FE-1556-4ABD-BFDF-F5A2D65F5D8A}.Try1 Debug|Mixed Platforms.ActiveCfg = Try1 Debug|Any CPU
		{A5D217FE-1556-4ABD-BFDF-F5A2D65F5D8A}.Try1 Debug|Mixed Platforms.Build.0 = Try1 Debug|Any CPU
		{A5D217FE-1556-4ABD-BFDF-F5A2D65F5D8A}.Try1 Debug|x86.ActiveCfg = Try1 Debug|Any CPU
		{1594F5F0-0810-4CD2-8C1E-439BA340EC2E}.Debug - Client Portal|Any CPU.ActiveCfg = Debug|Any CPU
		{1594F5F0-0810-4CD2-8C1E-439BA340EC2E}.Debug - Client Portal|Any CPU.Build.0 = Debug|Any CPU
		{1594F5F0-0810-4CD2-8C1E-439BA340EC2E}.Debug - Client Portal|Mixed Platforms.ActiveCfg = Debug|Any CPU
		{1594F5F0-0810-4CD2-8C1E-439BA340EC2E}.Debug - Client Portal|Mixed Platforms.Build.0 = Debug|Any CPU
		{1594F5F0-0810-4CD2-8C1E-439BA340EC2E}.Debug - Client Portal|x86.ActiveCfg = Debug|Any CPU
		{1594F5F0-0810-4CD2-8C1E-439BA340EC2E}.Debug - DADatabaseService|Any CPU.ActiveCfg = Debug|Any CPU
		{1594F5F0-0810-4CD2-8C1E-439BA340EC2E}.Debug - DADatabaseService|Any CPU.Build.0 = Debug|Any CPU
		{1594F5F0-0810-4CD2-8C1E-439BA340EC2E}.Debug - DADatabaseService|Mixed Platforms.ActiveCfg = Debug|Any CPU
		{1594F5F0-0810-4CD2-8C1E-439BA340EC2E}.Debug - DADatabaseService|Mixed Platforms.Build.0 = Debug|Any CPU
		{1594F5F0-0810-4CD2-8C1E-439BA340EC2E}.Debug - DADatabaseService|x86.ActiveCfg = Debug|Any CPU
		{1594F5F0-0810-4CD2-8C1E-439BA340EC2E}.Debug - Direct Track|Any CPU.ActiveCfg = Debug|Any CPU
		{1594F5F0-0810-4CD2-8C1E-439BA340EC2E}.Debug - Direct Track|Any CPU.Build.0 = Debug|Any CPU
		{1594F5F0-0810-4CD2-8C1E-439BA340EC2E}.Debug - Direct Track|Mixed Platforms.ActiveCfg = Debug|Any CPU
		{1594F5F0-0810-4CD2-8C1E-439BA340EC2E}.Debug - Direct Track|Mixed Platforms.Build.0 = Debug|Any CPU
		{1594F5F0-0810-4CD2-8C1E-439BA340EC2E}.Debug - Direct Track|x86.ActiveCfg = Debug|Any CPU
		{1594F5F0-0810-4CD2-8C1E-439BA340EC2E}.Debug - z|Any CPU.ActiveCfg = Debug|Any CPU
		{1594F5F0-0810-4CD2-8C1E-439BA340EC2E}.Debug - z|Any CPU.Build.0 = Debug|Any CPU
		{1594F5F0-0810-4CD2-8C1E-439BA340EC2E}.Debug - z|Mixed Platforms.ActiveCfg = Debug|Any CPU
		{1594F5F0-0810-4CD2-8C1E-439BA340EC2E}.Debug - z|Mixed Platforms.Build.0 = Debug|Any CPU
		{1594F5F0-0810-4CD2-8C1E-439BA340EC2E}.Debug - z|x86.ActiveCfg = Debug|Any CPU
		{1594F5F0-0810-4CD2-8C1E-439BA340EC2E}.Debug|Any CPU.ActiveCfg = Debug|Any CPU
		{1594F5F0-0810-4CD2-8C1E-439BA340EC2E}.Debug|Any CPU.Build.0 = Debug|Any CPU
		{1594F5F0-0810-4CD2-8C1E-439BA340EC2E}.Debug|Mixed Platforms.ActiveCfg = Debug|Any CPU
		{1594F5F0-0810-4CD2-8C1E-439BA340EC2E}.Debug|Mixed Platforms.Build.0 = Debug|Any CPU
		{1594F5F0-0810-4CD2-8C1E-439BA340EC2E}.Debug|x86.ActiveCfg = Debug|Any CPU
		{1594F5F0-0810-4CD2-8C1E-439BA340EC2E}.Release|Any CPU.ActiveCfg = Release|Any CPU
		{1594F5F0-0810-4CD2-8C1E-439BA340EC2E}.Release|Any CPU.Build.0 = Release|Any CPU
		{1594F5F0-0810-4CD2-8C1E-439BA340EC2E}.Release|Mixed Platforms.ActiveCfg = Release|Any CPU
		{1594F5F0-0810-4CD2-8C1E-439BA340EC2E}.Release|Mixed Platforms.Build.0 = Release|Any CPU
		{1594F5F0-0810-4CD2-8C1E-439BA340EC2E}.Release|x86.ActiveCfg = Release|Any CPU
		{1594F5F0-0810-4CD2-8C1E-439BA340EC2E}.Try1 Debug|Any CPU.ActiveCfg = Debug|Any CPU
		{1594F5F0-0810-4CD2-8C1E-439BA340EC2E}.Try1 Debug|Any CPU.Build.0 = Debug|Any CPU
		{1594F5F0-0810-4CD2-8C1E-439BA340EC2E}.Try1 Debug|Mixed Platforms.ActiveCfg = Debug|Any CPU
		{1594F5F0-0810-4CD2-8C1E-439BA340EC2E}.Try1 Debug|Mixed Platforms.Build.0 = Debug|Any CPU
		{1594F5F0-0810-4CD2-8C1E-439BA340EC2E}.Try1 Debug|x86.ActiveCfg = Debug|Any CPU
		{7FA31632-40D5-4B76-953D-CD90D8D64EFA}.Debug - Client Portal|Any CPU.ActiveCfg = Debug|x86
		{7FA31632-40D5-4B76-953D-CD90D8D64EFA}.Debug - Client Portal|Mixed Platforms.ActiveCfg = Debug|x86
		{7FA31632-40D5-4B76-953D-CD90D8D64EFA}.Debug - Client Portal|Mixed Platforms.Build.0 = Debug|x86
		{7FA31632-40D5-4B76-953D-CD90D8D64EFA}.Debug - Client Portal|x86.ActiveCfg = Debug|x86
		{7FA31632-40D5-4B76-953D-CD90D8D64EFA}.Debug - Client Portal|x86.Build.0 = Debug|x86
		{7FA31632-40D5-4B76-953D-CD90D8D64EFA}.Debug - DADatabaseService|Any CPU.ActiveCfg = Debug|x86
		{7FA31632-40D5-4B76-953D-CD90D8D64EFA}.Debug - DADatabaseService|Mixed Platforms.ActiveCfg = Debug|x86
		{7FA31632-40D5-4B76-953D-CD90D8D64EFA}.Debug - DADatabaseService|Mixed Platforms.Build.0 = Debug|x86
		{7FA31632-40D5-4B76-953D-CD90D8D64EFA}.Debug - DADatabaseService|x86.ActiveCfg = Debug|x86
		{7FA31632-40D5-4B76-953D-CD90D8D64EFA}.Debug - DADatabaseService|x86.Build.0 = Debug|x86
		{7FA31632-40D5-4B76-953D-CD90D8D64EFA}.Debug - Direct Track|Any CPU.ActiveCfg = Debug|x86
		{7FA31632-40D5-4B76-953D-CD90D8D64EFA}.Debug - Direct Track|Mixed Platforms.ActiveCfg = Debug|x86
		{7FA31632-40D5-4B76-953D-CD90D8D64EFA}.Debug - Direct Track|Mixed Platforms.Build.0 = Debug|x86
		{7FA31632-40D5-4B76-953D-CD90D8D64EFA}.Debug - Direct Track|x86.ActiveCfg = Debug|x86
		{7FA31632-40D5-4B76-953D-CD90D8D64EFA}.Debug - Direct Track|x86.Build.0 = Debug|x86
		{7FA31632-40D5-4B76-953D-CD90D8D64EFA}.Debug - z|Any CPU.ActiveCfg = Debug|x86
		{7FA31632-40D5-4B76-953D-CD90D8D64EFA}.Debug - z|Mixed Platforms.ActiveCfg = Debug|x86
		{7FA31632-40D5-4B76-953D-CD90D8D64EFA}.Debug - z|Mixed Platforms.Build.0 = Debug|x86
		{7FA31632-40D5-4B76-953D-CD90D8D64EFA}.Debug - z|x86.ActiveCfg = Debug|x86
		{7FA31632-40D5-4B76-953D-CD90D8D64EFA}.Debug - z|x86.Build.0 = Debug|x86
		{7FA31632-40D5-4B76-953D-CD90D8D64EFA}.Debug|Any CPU.ActiveCfg = Debug|x86
		{7FA31632-40D5-4B76-953D-CD90D8D64EFA}.Debug|Mixed Platforms.ActiveCfg = Debug|x86
		{7FA31632-40D5-4B76-953D-CD90D8D64EFA}.Debug|Mixed Platforms.Build.0 = Debug|x86
		{7FA31632-40D5-4B76-953D-CD90D8D64EFA}.Debug|x86.ActiveCfg = Debug|x86
		{7FA31632-40D5-4B76-953D-CD90D8D64EFA}.Debug|x86.Build.0 = Debug|x86
		{7FA31632-40D5-4B76-953D-CD90D8D64EFA}.Release|Any CPU.ActiveCfg = Release|x86
		{7FA31632-40D5-4B76-953D-CD90D8D64EFA}.Release|Mixed Platforms.ActiveCfg = Release|x86
		{7FA31632-40D5-4B76-953D-CD90D8D64EFA}.Release|Mixed Platforms.Build.0 = Release|x86
		{7FA31632-40D5-4B76-953D-CD90D8D64EFA}.Release|x86.ActiveCfg = Release|x86
		{7FA31632-40D5-4B76-953D-CD90D8D64EFA}.Release|x86.Build.0 = Release|x86
		{7FA31632-40D5-4B76-953D-CD90D8D64EFA}.Try1 Debug|Any CPU.ActiveCfg = Try1 Debug|x86
		{7FA31632-40D5-4B76-953D-CD90D8D64EFA}.Try1 Debug|Mixed Platforms.ActiveCfg = Try1 Debug|x86
		{7FA31632-40D5-4B76-953D-CD90D8D64EFA}.Try1 Debug|Mixed Platforms.Build.0 = Try1 Debug|x86
		{7FA31632-40D5-4B76-953D-CD90D8D64EFA}.Try1 Debug|x86.ActiveCfg = Try1 Debug|x86
		{7FA31632-40D5-4B76-953D-CD90D8D64EFA}.Try1 Debug|x86.Build.0 = Try1 Debug|x86
		{590BB4FB-CBF2-496C-B408-5D8C1C54CD5F}.Debug - Client Portal|Any CPU.ActiveCfg = Debug - Client Portal|Any CPU
		{590BB4FB-CBF2-496C-B408-5D8C1C54CD5F}.Debug - Client Portal|Any CPU.Build.0 = Debug - Client Portal|Any CPU
		{590BB4FB-CBF2-496C-B408-5D8C1C54CD5F}.Debug - Client Portal|Any CPU.Deploy.0 = Debug - Client Portal|Any CPU
		{590BB4FB-CBF2-496C-B408-5D8C1C54CD5F}.Debug - Client Portal|Mixed Platforms.ActiveCfg = Debug - Client Portal|Any CPU
		{590BB4FB-CBF2-496C-B408-5D8C1C54CD5F}.Debug - Client Portal|Mixed Platforms.Build.0 = Debug - Client Portal|Any CPU
		{590BB4FB-CBF2-496C-B408-5D8C1C54CD5F}.Debug - Client Portal|Mixed Platforms.Deploy.0 = Debug - Client Portal|Any CPU
		{590BB4FB-CBF2-496C-B408-5D8C1C54CD5F}.Debug - Client Portal|x86.ActiveCfg = Debug - Client Portal|Any CPU
		{590BB4FB-CBF2-496C-B408-5D8C1C54CD5F}.Debug - DADatabaseService|Any CPU.ActiveCfg = Debug - DADatabaseService|Any CPU
		{590BB4FB-CBF2-496C-B408-5D8C1C54CD5F}.Debug - DADatabaseService|Any CPU.Build.0 = Debug - DADatabaseService|Any CPU
		{590BB4FB-CBF2-496C-B408-5D8C1C54CD5F}.Debug - DADatabaseService|Any CPU.Deploy.0 = Debug - DADatabaseService|Any CPU
		{590BB4FB-CBF2-496C-B408-5D8C1C54CD5F}.Debug - DADatabaseService|Mixed Platforms.ActiveCfg = Debug - DADatabaseService|Any CPU
		{590BB4FB-CBF2-496C-B408-5D8C1C54CD5F}.Debug - DADatabaseService|Mixed Platforms.Build.0 = Debug - DADatabaseService|Any CPU
		{590BB4FB-CBF2-496C-B408-5D8C1C54CD5F}.Debug - DADatabaseService|Mixed Platforms.Deploy.0 = Debug - DADatabaseService|Any CPU
		{590BB4FB-CBF2-496C-B408-5D8C1C54CD5F}.Debug - DADatabaseService|x86.ActiveCfg = Debug - DADatabaseService|Any CPU
		{590BB4FB-CBF2-496C-B408-5D8C1C54CD5F}.Debug - Direct Track|Any CPU.ActiveCfg = Debug - Direct Track|Any CPU
		{590BB4FB-CBF2-496C-B408-5D8C1C54CD5F}.Debug - Direct Track|Any CPU.Build.0 = Debug - Direct Track|Any CPU
		{590BB4FB-CBF2-496C-B408-5D8C1C54CD5F}.Debug - Direct Track|Any CPU.Deploy.0 = Debug - Direct Track|Any CPU
		{590BB4FB-CBF2-496C-B408-5D8C1C54CD5F}.Debug - Direct Track|Mixed Platforms.ActiveCfg = Debug - Direct Track|Any CPU
		{590BB4FB-CBF2-496C-B408-5D8C1C54CD5F}.Debug - Direct Track|Mixed Platforms.Build.0 = Debug - Direct Track|Any CPU
		{590BB4FB-CBF2-496C-B408-5D8C1C54CD5F}.Debug - Direct Track|Mixed Platforms.Deploy.0 = Debug - Direct Track|Any CPU
		{590BB4FB-CBF2-496C-B408-5D8C1C54CD5F}.Debug - Direct Track|x86.ActiveCfg = Debug - Direct Track|Any CPU
		{590BB4FB-CBF2-496C-B408-5D8C1C54CD5F}.Debug - z|Any CPU.ActiveCfg = Debug - z|Any CPU
		{590BB4FB-CBF2-496C-B408-5D8C1C54CD5F}.Debug - z|Any CPU.Build.0 = Debug - z|Any CPU
		{590BB4FB-CBF2-496C-B408-5D8C1C54CD5F}.Debug - z|Any CPU.Deploy.0 = Debug - z|Any CPU
		{590BB4FB-CBF2-496C-B408-5D8C1C54CD5F}.Debug - z|Mixed Platforms.ActiveCfg = Debug - z|Any CPU
		{590BB4FB-CBF2-496C-B408-5D8C1C54CD5F}.Debug - z|Mixed Platforms.Build.0 = Debug - z|Any CPU
		{590BB4FB-CBF2-496C-B408-5D8C1C54CD5F}.Debug - z|Mixed Platforms.Deploy.0 = Debug - z|Any CPU
		{590BB4FB-CBF2-496C-B408-5D8C1C54CD5F}.Debug - z|x86.ActiveCfg = Debug - z|Any CPU
		{590BB4FB-CBF2-496C-B408-5D8C1C54CD5F}.Debug|Any CPU.ActiveCfg = Debug|Any CPU
		{590BB4FB-CBF2-496C-B408-5D8C1C54CD5F}.Debug|Any CPU.Build.0 = Debug|Any CPU
		{590BB4FB-CBF2-496C-B408-5D8C1C54CD5F}.Debug|Any CPU.Deploy.0 = Debug|Any CPU
		{590BB4FB-CBF2-496C-B408-5D8C1C54CD5F}.Debug|Mixed Platforms.ActiveCfg = Debug|Any CPU
		{590BB4FB-CBF2-496C-B408-5D8C1C54CD5F}.Debug|x86.ActiveCfg = Debug|Any CPU
		{590BB4FB-CBF2-496C-B408-5D8C1C54CD5F}.Release|Any CPU.ActiveCfg = Release|Any CPU
		{590BB4FB-CBF2-496C-B408-5D8C1C54CD5F}.Release|Any CPU.Build.0 = Release|Any CPU
		{590BB4FB-CBF2-496C-B408-5D8C1C54CD5F}.Release|Any CPU.Deploy.0 = Release|Any CPU
		{590BB4FB-CBF2-496C-B408-5D8C1C54CD5F}.Release|Mixed Platforms.ActiveCfg = Release|Any CPU
		{590BB4FB-CBF2-496C-B408-5D8C1C54CD5F}.Release|Mixed Platforms.Build.0 = Release|Any CPU
		{590BB4FB-CBF2-496C-B408-5D8C1C54CD5F}.Release|Mixed Platforms.Deploy.0 = Release|Any CPU
		{590BB4FB-CBF2-496C-B408-5D8C1C54CD5F}.Release|x86.ActiveCfg = Release|Any CPU
		{590BB4FB-CBF2-496C-B408-5D8C1C54CD5F}.Try1 Debug|Any CPU.ActiveCfg = Debug|Any CPU
		{590BB4FB-CBF2-496C-B408-5D8C1C54CD5F}.Try1 Debug|Any CPU.Build.0 = Debug|Any CPU
		{590BB4FB-CBF2-496C-B408-5D8C1C54CD5F}.Try1 Debug|Any CPU.Deploy.0 = Debug|Any CPU
		{590BB4FB-CBF2-496C-B408-5D8C1C54CD5F}.Try1 Debug|Mixed Platforms.ActiveCfg = Debug|Any CPU
		{590BB4FB-CBF2-496C-B408-5D8C1C54CD5F}.Try1 Debug|Mixed Platforms.Build.0 = Debug|Any CPU
		{590BB4FB-CBF2-496C-B408-5D8C1C54CD5F}.Try1 Debug|Mixed Platforms.Deploy.0 = Debug|Any CPU
		{590BB4FB-CBF2-496C-B408-5D8C1C54CD5F}.Try1 Debug|x86.ActiveCfg = Debug|Any CPU
		{AC153EBD-4D65-4B9D-A812-65592DD49508}.Debug - Client Portal|Any CPU.ActiveCfg = Debug|Any CPU
		{AC153EBD-4D65-4B9D-A812-65592DD49508}.Debug - Client Portal|Any CPU.Build.0 = Debug|Any CPU
		{AC153EBD-4D65-4B9D-A812-65592DD49508}.Debug - Client Portal|Any CPU.Deploy.0 = Debug|Any CPU
		{AC153EBD-4D65-4B9D-A812-65592DD49508}.Debug - Client Portal|Mixed Platforms.ActiveCfg = Debug|Any CPU
		{AC153EBD-4D65-4B9D-A812-65592DD49508}.Debug - Client Portal|Mixed Platforms.Build.0 = Debug|Any CPU
		{AC153EBD-4D65-4B9D-A812-65592DD49508}.Debug - Client Portal|Mixed Platforms.Deploy.0 = Debug|Any CPU
		{AC153EBD-4D65-4B9D-A812-65592DD49508}.Debug - Client Portal|x86.ActiveCfg = Debug|Any CPU
		{AC153EBD-4D65-4B9D-A812-65592DD49508}.Debug - DADatabaseService|Any CPU.ActiveCfg = Debug|Any CPU
		{AC153EBD-4D65-4B9D-A812-65592DD49508}.Debug - DADatabaseService|Any CPU.Build.0 = Debug|Any CPU
		{AC153EBD-4D65-4B9D-A812-65592DD49508}.Debug - DADatabaseService|Any CPU.Deploy.0 = Debug|Any CPU
		{AC153EBD-4D65-4B9D-A812-65592DD49508}.Debug - DADatabaseService|Mixed Platforms.ActiveCfg = Debug|Any CPU
		{AC153EBD-4D65-4B9D-A812-65592DD49508}.Debug - DADatabaseService|Mixed Platforms.Build.0 = Debug|Any CPU
		{AC153EBD-4D65-4B9D-A812-65592DD49508}.Debug - DADatabaseService|Mixed Platforms.Deploy.0 = Debug|Any CPU
		{AC153EBD-4D65-4B9D-A812-65592DD49508}.Debug - DADatabaseService|x86.ActiveCfg = Debug|Any CPU
		{AC153EBD-4D65-4B9D-A812-65592DD49508}.Debug - Direct Track|Any CPU.ActiveCfg = Debug|Any CPU
		{AC153EBD-4D65-4B9D-A812-65592DD49508}.Debug - Direct Track|Any CPU.Build.0 = Debug|Any CPU
		{AC153EBD-4D65-4B9D-A812-65592DD49508}.Debug - Direct Track|Any CPU.Deploy.0 = Debug|Any CPU
		{AC153EBD-4D65-4B9D-A812-65592DD49508}.Debug - Direct Track|Mixed Platforms.ActiveCfg = Debug|Any CPU
		{AC153EBD-4D65-4B9D-A812-65592DD49508}.Debug - Direct Track|Mixed Platforms.Build.0 = Debug|Any CPU
		{AC153EBD-4D65-4B9D-A812-65592DD49508}.Debug - Direct Track|Mixed Platforms.Deploy.0 = Debug|Any CPU
		{AC153EBD-4D65-4B9D-A812-65592DD49508}.Debug - Direct Track|x86.ActiveCfg = Debug|Any CPU
		{AC153EBD-4D65-4B9D-A812-65592DD49508}.Debug - z|Any CPU.ActiveCfg = Debug|Any CPU
		{AC153EBD-4D65-4B9D-A812-65592DD49508}.Debug - z|Any CPU.Build.0 = Debug|Any CPU
		{AC153EBD-4D65-4B9D-A812-65592DD49508}.Debug - z|Any CPU.Deploy.0 = Debug|Any CPU
		{AC153EBD-4D65-4B9D-A812-65592DD49508}.Debug - z|Mixed Platforms.ActiveCfg = Debug|Any CPU
		{AC153EBD-4D65-4B9D-A812-65592DD49508}.Debug - z|Mixed Platforms.Build.0 = Debug|Any CPU
		{AC153EBD-4D65-4B9D-A812-65592DD49508}.Debug - z|Mixed Platforms.Deploy.0 = Debug|Any CPU
		{AC153EBD-4D65-4B9D-A812-65592DD49508}.Debug - z|x86.ActiveCfg = Debug|Any CPU
		{AC153EBD-4D65-4B9D-A812-65592DD49508}.Debug|Any CPU.ActiveCfg = Debug|Any CPU
		{AC153EBD-4D65-4B9D-A812-65592DD49508}.Debug|Any CPU.Build.0 = Debug|Any CPU
		{AC153EBD-4D65-4B9D-A812-65592DD49508}.Debug|Any CPU.Deploy.0 = Debug|Any CPU
		{AC153EBD-4D65-4B9D-A812-65592DD49508}.Debug|Mixed Platforms.ActiveCfg = Debug|Any CPU
		{AC153EBD-4D65-4B9D-A812-65592DD49508}.Debug|x86.ActiveCfg = Debug|Any CPU
		{AC153EBD-4D65-4B9D-A812-65592DD49508}.Release|Any CPU.ActiveCfg = Release|Any CPU
		{AC153EBD-4D65-4B9D-A812-65592DD49508}.Release|Any CPU.Build.0 = Release|Any CPU
		{AC153EBD-4D65-4B9D-A812-65592DD49508}.Release|Any CPU.Deploy.0 = Release|Any CPU
		{AC153EBD-4D65-4B9D-A812-65592DD49508}.Release|Mixed Platforms.ActiveCfg = Release|Any CPU
		{AC153EBD-4D65-4B9D-A812-65592DD49508}.Release|Mixed Platforms.Build.0 = Release|Any CPU
		{AC153EBD-4D65-4B9D-A812-65592DD49508}.Release|Mixed Platforms.Deploy.0 = Release|Any CPU
		{AC153EBD-4D65-4B9D-A812-65592DD49508}.Release|x86.ActiveCfg = Release|Any CPU
		{AC153EBD-4D65-4B9D-A812-65592DD49508}.Try1 Debug|Any CPU.ActiveCfg = Try1 Debug|Any CPU
		{AC153EBD-4D65-4B9D-A812-65592DD49508}.Try1 Debug|Any CPU.Build.0 = Try1 Debug|Any CPU
		{AC153EBD-4D65-4B9D-A812-65592DD49508}.Try1 Debug|Any CPU.Deploy.0 = Try1 Debug|Any CPU
		{AC153EBD-4D65-4B9D-A812-65592DD49508}.Try1 Debug|Mixed Platforms.ActiveCfg = Try1 Debug|Any CPU
		{AC153EBD-4D65-4B9D-A812-65592DD49508}.Try1 Debug|Mixed Platforms.Build.0 = Try1 Debug|Any CPU
		{AC153EBD-4D65-4B9D-A812-65592DD49508}.Try1 Debug|Mixed Platforms.Deploy.0 = Try1 Debug|Any CPU
		{AC153EBD-4D65-4B9D-A812-65592DD49508}.Try1 Debug|x86.ActiveCfg = Try1 Debug|Any CPU
		{87AEC306-A7EC-4F3E-925A-59AB736E60D4}.Debug - Client Portal|Any CPU.ActiveCfg = Debug - Client Portal|Any CPU
		{87AEC306-A7EC-4F3E-925A-59AB736E60D4}.Debug - Client Portal|Any CPU.Build.0 = Debug - Client Portal|Any CPU
		{87AEC306-A7EC-4F3E-925A-59AB736E60D4}.Debug - Client Portal|Any CPU.Deploy.0 = Debug - Client Portal|Any CPU
		{87AEC306-A7EC-4F3E-925A-59AB736E60D4}.Debug - Client Portal|Mixed Platforms.ActiveCfg = Debug - Client Portal|Any CPU
		{87AEC306-A7EC-4F3E-925A-59AB736E60D4}.Debug - Client Portal|Mixed Platforms.Build.0 = Debug - Client Portal|Any CPU
		{87AEC306-A7EC-4F3E-925A-59AB736E60D4}.Debug - Client Portal|Mixed Platforms.Deploy.0 = Debug - Client Portal|Any CPU
		{87AEC306-A7EC-4F3E-925A-59AB736E60D4}.Debug - Client Portal|x86.ActiveCfg = Debug - Client Portal|Any CPU
		{87AEC306-A7EC-4F3E-925A-59AB736E60D4}.Debug - DADatabaseService|Any CPU.ActiveCfg = Debug - DADatabaseService|Any CPU
		{87AEC306-A7EC-4F3E-925A-59AB736E60D4}.Debug - DADatabaseService|Any CPU.Build.0 = Debug - DADatabaseService|Any CPU
		{87AEC306-A7EC-4F3E-925A-59AB736E60D4}.Debug - DADatabaseService|Any CPU.Deploy.0 = Debug - DADatabaseService|Any CPU
		{87AEC306-A7EC-4F3E-925A-59AB736E60D4}.Debug - DADatabaseService|Mixed Platforms.ActiveCfg = Debug - DADatabaseService|Any CPU
		{87AEC306-A7EC-4F3E-925A-59AB736E60D4}.Debug - DADatabaseService|Mixed Platforms.Build.0 = Debug - DADatabaseService|Any CPU
		{87AEC306-A7EC-4F3E-925A-59AB736E60D4}.Debug - DADatabaseService|Mixed Platforms.Deploy.0 = Debug - DADatabaseService|Any CPU
		{87AEC306-A7EC-4F3E-925A-59AB736E60D4}.Debug - DADatabaseService|x86.ActiveCfg = Debug - DADatabaseService|Any CPU
		{87AEC306-A7EC-4F3E-925A-59AB736E60D4}.Debug - Direct Track|Any CPU.ActiveCfg = Debug - Direct Track|Any CPU
		{87AEC306-A7EC-4F3E-925A-59AB736E60D4}.Debug - Direct Track|Any CPU.Build.0 = Debug - Direct Track|Any CPU
		{87AEC306-A7EC-4F3E-925A-59AB736E60D4}.Debug - Direct Track|Any CPU.Deploy.0 = Debug - Direct Track|Any CPU
		{87AEC306-A7EC-4F3E-925A-59AB736E60D4}.Debug - Direct Track|Mixed Platforms.ActiveCfg = Debug - Direct Track|Any CPU
		{87AEC306-A7EC-4F3E-925A-59AB736E60D4}.Debug - Direct Track|Mixed Platforms.Build.0 = Debug - Direct Track|Any CPU
		{87AEC306-A7EC-4F3E-925A-59AB736E60D4}.Debug - Direct Track|Mixed Platforms.Deploy.0 = Debug - Direct Track|Any CPU
		{87AEC306-A7EC-4F3E-925A-59AB736E60D4}.Debug - Direct Track|x86.ActiveCfg = Debug - Direct Track|Any CPU
		{87AEC306-A7EC-4F3E-925A-59AB736E60D4}.Debug - z|Any CPU.ActiveCfg = Debug - z|Any CPU
		{87AEC306-A7EC-4F3E-925A-59AB736E60D4}.Debug - z|Any CPU.Build.0 = Debug - z|Any CPU
		{87AEC306-A7EC-4F3E-925A-59AB736E60D4}.Debug - z|Any CPU.Deploy.0 = Debug - z|Any CPU
		{87AEC306-A7EC-4F3E-925A-59AB736E60D4}.Debug - z|Mixed Platforms.ActiveCfg = Debug - z|Any CPU
		{87AEC306-A7EC-4F3E-925A-59AB736E60D4}.Debug - z|Mixed Platforms.Build.0 = Debug - z|Any CPU
		{87AEC306-A7EC-4F3E-925A-59AB736E60D4}.Debug - z|Mixed Platforms.Deploy.0 = Debug - z|Any CPU
		{87AEC306-A7EC-4F3E-925A-59AB736E60D4}.Debug - z|x86.ActiveCfg = Debug - z|Any CPU
		{87AEC306-A7EC-4F3E-925A-59AB736E60D4}.Debug|Any CPU.ActiveCfg = Debug|Any CPU
		{87AEC306-A7EC-4F3E-925A-59AB736E60D4}.Debug|Any CPU.Build.0 = Debug|Any CPU
		{87AEC306-A7EC-4F3E-925A-59AB736E60D4}.Debug|Any CPU.Deploy.0 = Debug|Any CPU
		{87AEC306-A7EC-4F3E-925A-59AB736E60D4}.Debug|Mixed Platforms.ActiveCfg = Debug|Any CPU
		{87AEC306-A7EC-4F3E-925A-59AB736E60D4}.Debug|x86.ActiveCfg = Debug|Any CPU
		{87AEC306-A7EC-4F3E-925A-59AB736E60D4}.Release|Any CPU.ActiveCfg = Release|Any CPU
		{87AEC306-A7EC-4F3E-925A-59AB736E60D4}.Release|Any CPU.Build.0 = Release|Any CPU
		{87AEC306-A7EC-4F3E-925A-59AB736E60D4}.Release|Any CPU.Deploy.0 = Release|Any CPU
		{87AEC306-A7EC-4F3E-925A-59AB736E60D4}.Release|Mixed Platforms.ActiveCfg = Release|Any CPU
		{87AEC306-A7EC-4F3E-925A-59AB736E60D4}.Release|Mixed Platforms.Build.0 = Release|Any CPU
		{87AEC306-A7EC-4F3E-925A-59AB736E60D4}.Release|Mixed Platforms.Deploy.0 = Release|Any CPU
		{87AEC306-A7EC-4F3E-925A-59AB736E60D4}.Release|x86.ActiveCfg = Release|Any CPU
		{87AEC306-A7EC-4F3E-925A-59AB736E60D4}.Try1 Debug|Any CPU.ActiveCfg = Debug|Any CPU
		{87AEC306-A7EC-4F3E-925A-59AB736E60D4}.Try1 Debug|Any CPU.Build.0 = Debug|Any CPU
		{87AEC306-A7EC-4F3E-925A-59AB736E60D4}.Try1 Debug|Any CPU.Deploy.0 = Debug|Any CPU
		{87AEC306-A7EC-4F3E-925A-59AB736E60D4}.Try1 Debug|Mixed Platforms.ActiveCfg = Debug|Any CPU
		{87AEC306-A7EC-4F3E-925A-59AB736E60D4}.Try1 Debug|Mixed Platforms.Build.0 = Debug|Any CPU
		{87AEC306-A7EC-4F3E-925A-59AB736E60D4}.Try1 Debug|Mixed Platforms.Deploy.0 = Debug|Any CPU
		{87AEC306-A7EC-4F3E-925A-59AB736E60D4}.Try1 Debug|x86.ActiveCfg = Debug|Any CPU
		{B9F971EA-5F76-474C-B3DC-E00FD3760967}.Debug - Client Portal|Any CPU.ActiveCfg = Debug|Any CPU
		{B9F971EA-5F76-474C-B3DC-E00FD3760967}.Debug - Client Portal|Any CPU.Build.0 = Debug|Any CPU
		{B9F971EA-5F76-474C-B3DC-E00FD3760967}.Debug - Client Portal|Mixed Platforms.ActiveCfg = Debug|Any CPU
		{B9F971EA-5F76-474C-B3DC-E00FD3760967}.Debug - Client Portal|Mixed Platforms.Build.0 = Debug|Any CPU
		{B9F971EA-5F76-474C-B3DC-E00FD3760967}.Debug - Client Portal|x86.ActiveCfg = Debug|Any CPU
		{B9F971EA-5F76-474C-B3DC-E00FD3760967}.Debug - DADatabaseService|Any CPU.ActiveCfg = Debug|Any CPU
		{B9F971EA-5F76-474C-B3DC-E00FD3760967}.Debug - DADatabaseService|Any CPU.Build.0 = Debug|Any CPU
		{B9F971EA-5F76-474C-B3DC-E00FD3760967}.Debug - DADatabaseService|Mixed Platforms.ActiveCfg = Debug|Any CPU
		{B9F971EA-5F76-474C-B3DC-E00FD3760967}.Debug - DADatabaseService|Mixed Platforms.Build.0 = Debug|Any CPU
		{B9F971EA-5F76-474C-B3DC-E00FD3760967}.Debug - DADatabaseService|x86.ActiveCfg = Debug|Any CPU
		{B9F971EA-5F76-474C-B3DC-E00FD3760967}.Debug - Direct Track|Any CPU.ActiveCfg = Debug|Any CPU
		{B9F971EA-5F76-474C-B3DC-E00FD3760967}.Debug - Direct Track|Any CPU.Build.0 = Debug|Any CPU
		{B9F971EA-5F76-474C-B3DC-E00FD3760967}.Debug - Direct Track|Mixed Platforms.ActiveCfg = Debug|Any CPU
		{B9F971EA-5F76-474C-B3DC-E00FD3760967}.Debug - Direct Track|Mixed Platforms.Build.0 = Debug|Any CPU
		{B9F971EA-5F76-474C-B3DC-E00FD3760967}.Debug - Direct Track|x86.ActiveCfg = Debug|Any CPU
		{B9F971EA-5F76-474C-B3DC-E00FD3760967}.Debug - z|Any CPU.ActiveCfg = Debug|Any CPU
		{B9F971EA-5F76-474C-B3DC-E00FD3760967}.Debug - z|Any CPU.Build.0 = Debug|Any CPU
		{B9F971EA-5F76-474C-B3DC-E00FD3760967}.Debug - z|Mixed Platforms.ActiveCfg = Debug|Any CPU
		{B9F971EA-5F76-474C-B3DC-E00FD3760967}.Debug - z|Mixed Platforms.Build.0 = Debug|Any CPU
		{B9F971EA-5F76-474C-B3DC-E00FD3760967}.Debug - z|x86.ActiveCfg = Debug|Any CPU
		{B9F971EA-5F76-474C-B3DC-E00FD3760967}.Debug|Any CPU.ActiveCfg = Debug|Any CPU
		{B9F971EA-5F76-474C-B3DC-E00FD3760967}.Debug|Any CPU.Build.0 = Debug|Any CPU
		{B9F971EA-5F76-474C-B3DC-E00FD3760967}.Debug|Mixed Platforms.ActiveCfg = Debug|Any CPU
		{B9F971EA-5F76-474C-B3DC-E00FD3760967}.Debug|Mixed Platforms.Build.0 = Debug|Any CPU
		{B9F971EA-5F76-474C-B3DC-E00FD3760967}.Debug|x86.ActiveCfg = Debug|Any CPU
		{B9F971EA-5F76-474C-B3DC-E00FD3760967}.Release|Any CPU.ActiveCfg = Release|Any CPU
		{B9F971EA-5F76-474C-B3DC-E00FD3760967}.Release|Any CPU.Build.0 = Release|Any CPU
		{B9F971EA-5F76-474C-B3DC-E00FD3760967}.Release|Mixed Platforms.ActiveCfg = Release|Any CPU
		{B9F971EA-5F76-474C-B3DC-E00FD3760967}.Release|Mixed Platforms.Build.0 = Release|Any CPU
		{B9F971EA-5F76-474C-B3DC-E00FD3760967}.Release|x86.ActiveCfg = Release|Any CPU
		{B9F971EA-5F76-474C-B3DC-E00FD3760967}.Try1 Debug|Any CPU.ActiveCfg = Debug|Any CPU
		{B9F971EA-5F76-474C-B3DC-E00FD3760967}.Try1 Debug|Any CPU.Build.0 = Debug|Any CPU
		{B9F971EA-5F76-474C-B3DC-E00FD3760967}.Try1 Debug|Mixed Platforms.ActiveCfg = Debug|Any CPU
		{B9F971EA-5F76-474C-B3DC-E00FD3760967}.Try1 Debug|Mixed Platforms.Build.0 = Debug|Any CPU
		{B9F971EA-5F76-474C-B3DC-E00FD3760967}.Try1 Debug|x86.ActiveCfg = Debug|Any CPU
		{268E422D-0ED9-4922-AE6E-775534A8EDAC}.Debug - Client Portal|Any CPU.ActiveCfg = Debug|Any CPU
		{268E422D-0ED9-4922-AE6E-775534A8EDAC}.Debug - Client Portal|Any CPU.Build.0 = Debug|Any CPU
		{268E422D-0ED9-4922-AE6E-775534A8EDAC}.Debug - Client Portal|Mixed Platforms.ActiveCfg = Debug|Any CPU
		{268E422D-0ED9-4922-AE6E-775534A8EDAC}.Debug - Client Portal|Mixed Platforms.Build.0 = Debug|Any CPU
		{268E422D-0ED9-4922-AE6E-775534A8EDAC}.Debug - Client Portal|x86.ActiveCfg = Debug|Any CPU
		{268E422D-0ED9-4922-AE6E-775534A8EDAC}.Debug - DADatabaseService|Any CPU.ActiveCfg = Debug|Any CPU
		{268E422D-0ED9-4922-AE6E-775534A8EDAC}.Debug - DADatabaseService|Any CPU.Build.0 = Debug|Any CPU
		{268E422D-0ED9-4922-AE6E-775534A8EDAC}.Debug - DADatabaseService|Mixed Platforms.ActiveCfg = Debug|Any CPU
		{268E422D-0ED9-4922-AE6E-775534A8EDAC}.Debug - DADatabaseService|Mixed Platforms.Build.0 = Debug|Any CPU
		{268E422D-0ED9-4922-AE6E-775534A8EDAC}.Debug - DADatabaseService|x86.ActiveCfg = Debug|Any CPU
		{268E422D-0ED9-4922-AE6E-775534A8EDAC}.Debug - Direct Track|Any CPU.ActiveCfg = Debug|Any CPU
		{268E422D-0ED9-4922-AE6E-775534A8EDAC}.Debug - Direct Track|Any CPU.Build.0 = Debug|Any CPU
		{268E422D-0ED9-4922-AE6E-775534A8EDAC}.Debug - Direct Track|Mixed Platforms.ActiveCfg = Debug|Any CPU
		{268E422D-0ED9-4922-AE6E-775534A8EDAC}.Debug - Direct Track|Mixed Platforms.Build.0 = Debug|Any CPU
		{268E422D-0ED9-4922-AE6E-775534A8EDAC}.Debug - Direct Track|x86.ActiveCfg = Debug|Any CPU
		{268E422D-0ED9-4922-AE6E-775534A8EDAC}.Debug - z|Any CPU.ActiveCfg = Debug|Any CPU
		{268E422D-0ED9-4922-AE6E-775534A8EDAC}.Debug - z|Any CPU.Build.0 = Debug|Any CPU
		{268E422D-0ED9-4922-AE6E-775534A8EDAC}.Debug - z|Mixed Platforms.ActiveCfg = Debug|Any CPU
		{268E422D-0ED9-4922-AE6E-775534A8EDAC}.Debug - z|Mixed Platforms.Build.0 = Debug|Any CPU
		{268E422D-0ED9-4922-AE6E-775534A8EDAC}.Debug - z|x86.ActiveCfg = Debug|Any CPU
		{268E422D-0ED9-4922-AE6E-775534A8EDAC}.Debug|Any CPU.ActiveCfg = Debug|Any CPU
		{268E422D-0ED9-4922-AE6E-775534A8EDAC}.Debug|Any CPU.Build.0 = Debug|Any CPU
		{268E422D-0ED9-4922-AE6E-775534A8EDAC}.Debug|Mixed Platforms.ActiveCfg = Debug|Any CPU
		{268E422D-0ED9-4922-AE6E-775534A8EDAC}.Debug|Mixed Platforms.Build.0 = Debug|Any CPU
		{268E422D-0ED9-4922-AE6E-775534A8EDAC}.Debug|x86.ActiveCfg = Debug|Any CPU
		{268E422D-0ED9-4922-AE6E-775534A8EDAC}.Release|Any CPU.ActiveCfg = Release|Any CPU
		{268E422D-0ED9-4922-AE6E-775534A8EDAC}.Release|Any CPU.Build.0 = Release|Any CPU
		{268E422D-0ED9-4922-AE6E-775534A8EDAC}.Release|Mixed Platforms.ActiveCfg = Release|Any CPU
		{268E422D-0ED9-4922-AE6E-775534A8EDAC}.Release|Mixed Platforms.Build.0 = Release|Any CPU
		{268E422D-0ED9-4922-AE6E-775534A8EDAC}.Release|x86.ActiveCfg = Release|Any CPU
		{268E422D-0ED9-4922-AE6E-775534A8EDAC}.Try1 Debug|Any CPU.ActiveCfg = Debug|Any CPU
		{268E422D-0ED9-4922-AE6E-775534A8EDAC}.Try1 Debug|Any CPU.Build.0 = Debug|Any CPU
		{268E422D-0ED9-4922-AE6E-775534A8EDAC}.Try1 Debug|Mixed Platforms.ActiveCfg = Debug|Any CPU
		{268E422D-0ED9-4922-AE6E-775534A8EDAC}.Try1 Debug|Mixed Platforms.Build.0 = Debug|Any CPU
		{268E422D-0ED9-4922-AE6E-775534A8EDAC}.Try1 Debug|x86.ActiveCfg = Debug|Any CPU
		{9C62966A-7D38-46A0-8801-8B3BC29FE636}.Debug - Client Portal|Any CPU.ActiveCfg = Debug|x86
		{9C62966A-7D38-46A0-8801-8B3BC29FE636}.Debug - Client Portal|Mixed Platforms.ActiveCfg = Debug|x86
		{9C62966A-7D38-46A0-8801-8B3BC29FE636}.Debug - Client Portal|Mixed Platforms.Build.0 = Debug|x86
		{9C62966A-7D38-46A0-8801-8B3BC29FE636}.Debug - Client Portal|x86.ActiveCfg = Debug|x86
		{9C62966A-7D38-46A0-8801-8B3BC29FE636}.Debug - Client Portal|x86.Build.0 = Debug|x86
		{9C62966A-7D38-46A0-8801-8B3BC29FE636}.Debug - DADatabaseService|Any CPU.ActiveCfg = Debug|x86
		{9C62966A-7D38-46A0-8801-8B3BC29FE636}.Debug - DADatabaseService|Mixed Platforms.ActiveCfg = Debug|x86
		{9C62966A-7D38-46A0-8801-8B3BC29FE636}.Debug - DADatabaseService|Mixed Platforms.Build.0 = Debug|x86
		{9C62966A-7D38-46A0-8801-8B3BC29FE636}.Debug - DADatabaseService|x86.ActiveCfg = Debug|x86
		{9C62966A-7D38-46A0-8801-8B3BC29FE636}.Debug - DADatabaseService|x86.Build.0 = Debug|x86
		{9C62966A-7D38-46A0-8801-8B3BC29FE636}.Debug - Direct Track|Any CPU.ActiveCfg = Debug|x86
		{9C62966A-7D38-46A0-8801-8B3BC29FE636}.Debug - Direct Track|Mixed Platforms.ActiveCfg = Debug|x86
		{9C62966A-7D38-46A0-8801-8B3BC29FE636}.Debug - Direct Track|Mixed Platforms.Build.0 = Debug|x86
		{9C62966A-7D38-46A0-8801-8B3BC29FE636}.Debug - Direct Track|x86.ActiveCfg = Debug|x86
		{9C62966A-7D38-46A0-8801-8B3BC29FE636}.Debug - Direct Track|x86.Build.0 = Debug|x86
		{9C62966A-7D38-46A0-8801-8B3BC29FE636}.Debug - z|Any CPU.ActiveCfg = Debug|x86
		{9C62966A-7D38-46A0-8801-8B3BC29FE636}.Debug - z|Mixed Platforms.ActiveCfg = Debug|x86
		{9C62966A-7D38-46A0-8801-8B3BC29FE636}.Debug - z|Mixed Platforms.Build.0 = Debug|x86
		{9C62966A-7D38-46A0-8801-8B3BC29FE636}.Debug - z|x86.ActiveCfg = Debug|x86
		{9C62966A-7D38-46A0-8801-8B3BC29FE636}.Debug - z|x86.Build.0 = Debug|x86
		{9C62966A-7D38-46A0-8801-8B3BC29FE636}.Debug|Any CPU.ActiveCfg = Debug|x86
		{9C62966A-7D38-46A0-8801-8B3BC29FE636}.Debug|Mixed Platforms.ActiveCfg = Debug|x86
		{9C62966A-7D38-46A0-8801-8B3BC29FE636}.Debug|Mixed Platforms.Build.0 = Debug|x86
		{9C62966A-7D38-46A0-8801-8B3BC29FE636}.Debug|x86.ActiveCfg = Debug|x86
		{9C62966A-7D38-46A0-8801-8B3BC29FE636}.Debug|x86.Build.0 = Debug|x86
		{9C62966A-7D38-46A0-8801-8B3BC29FE636}.Release|Any CPU.ActiveCfg = Release|x86
		{9C62966A-7D38-46A0-8801-8B3BC29FE636}.Release|Mixed Platforms.ActiveCfg = Release|x86
		{9C62966A-7D38-46A0-8801-8B3BC29FE636}.Release|Mixed Platforms.Build.0 = Release|x86
		{9C62966A-7D38-46A0-8801-8B3BC29FE636}.Release|x86.ActiveCfg = Release|x86
		{9C62966A-7D38-46A0-8801-8B3BC29FE636}.Release|x86.Build.0 = Release|x86
		{9C62966A-7D38-46A0-8801-8B3BC29FE636}.Try1 Debug|Any CPU.ActiveCfg = Debug|x86
		{9C62966A-7D38-46A0-8801-8B3BC29FE636}.Try1 Debug|Mixed Platforms.ActiveCfg = Debug|x86
		{9C62966A-7D38-46A0-8801-8B3BC29FE636}.Try1 Debug|Mixed Platforms.Build.0 = Debug|x86
		{9C62966A-7D38-46A0-8801-8B3BC29FE636}.Try1 Debug|x86.ActiveCfg = Debug|x86
		{9C62966A-7D38-46A0-8801-8B3BC29FE636}.Try1 Debug|x86.Build.0 = Debug|x86
		{815E0D7A-2097-4281-9627-F2FCFDB33190}.Debug - Client Portal|Any CPU.ActiveCfg = Debug|Any CPU
		{815E0D7A-2097-4281-9627-F2FCFDB33190}.Debug - Client Portal|Any CPU.Build.0 = Debug|Any CPU
		{815E0D7A-2097-4281-9627-F2FCFDB33190}.Debug - Client Portal|Mixed Platforms.ActiveCfg = Debug|Any CPU
		{815E0D7A-2097-4281-9627-F2FCFDB33190}.Debug - Client Portal|Mixed Platforms.Build.0 = Debug|Any CPU
		{815E0D7A-2097-4281-9627-F2FCFDB33190}.Debug - Client Portal|x86.ActiveCfg = Debug|Any CPU
		{815E0D7A-2097-4281-9627-F2FCFDB33190}.Debug - DADatabaseService|Any CPU.ActiveCfg = Debug|Any CPU
		{815E0D7A-2097-4281-9627-F2FCFDB33190}.Debug - DADatabaseService|Any CPU.Build.0 = Debug|Any CPU
		{815E0D7A-2097-4281-9627-F2FCFDB33190}.Debug - DADatabaseService|Mixed Platforms.ActiveCfg = Debug|Any CPU
		{815E0D7A-2097-4281-9627-F2FCFDB33190}.Debug - DADatabaseService|Mixed Platforms.Build.0 = Debug|Any CPU
		{815E0D7A-2097-4281-9627-F2FCFDB33190}.Debug - DADatabaseService|x86.ActiveCfg = Debug|Any CPU
		{815E0D7A-2097-4281-9627-F2FCFDB33190}.Debug - Direct Track|Any CPU.ActiveCfg = Debug|Any CPU
		{815E0D7A-2097-4281-9627-F2FCFDB33190}.Debug - Direct Track|Any CPU.Build.0 = Debug|Any CPU
		{815E0D7A-2097-4281-9627-F2FCFDB33190}.Debug - Direct Track|Mixed Platforms.ActiveCfg = Debug|Any CPU
		{815E0D7A-2097-4281-9627-F2FCFDB33190}.Debug - Direct Track|Mixed Platforms.Build.0 = Debug|Any CPU
		{815E0D7A-2097-4281-9627-F2FCFDB33190}.Debug - Direct Track|x86.ActiveCfg = Debug|Any CPU
		{815E0D7A-2097-4281-9627-F2FCFDB33190}.Debug - z|Any CPU.ActiveCfg = Debug|Any CPU
		{815E0D7A-2097-4281-9627-F2FCFDB33190}.Debug - z|Any CPU.Build.0 = Debug|Any CPU
		{815E0D7A-2097-4281-9627-F2FCFDB33190}.Debug - z|Mixed Platforms.ActiveCfg = Debug|Any CPU
		{815E0D7A-2097-4281-9627-F2FCFDB33190}.Debug - z|Mixed Platforms.Build.0 = Debug|Any CPU
		{815E0D7A-2097-4281-9627-F2FCFDB33190}.Debug - z|x86.ActiveCfg = Debug|Any CPU
		{815E0D7A-2097-4281-9627-F2FCFDB33190}.Debug|Any CPU.ActiveCfg = Debug|Any CPU
		{815E0D7A-2097-4281-9627-F2FCFDB33190}.Debug|Any CPU.Build.0 = Debug|Any CPU
		{815E0D7A-2097-4281-9627-F2FCFDB33190}.Debug|Mixed Platforms.ActiveCfg = Debug|Any CPU
		{815E0D7A-2097-4281-9627-F2FCFDB33190}.Debug|Mixed Platforms.Build.0 = Debug|Any CPU
		{815E0D7A-2097-4281-9627-F2FCFDB33190}.Debug|x86.ActiveCfg = Debug|Any CPU
		{815E0D7A-2097-4281-9627-F2FCFDB33190}.Release|Any CPU.ActiveCfg = Release|Any CPU
		{815E0D7A-2097-4281-9627-F2FCFDB33190}.Release|Any CPU.Build.0 = Release|Any CPU
		{815E0D7A-2097-4281-9627-F2FCFDB33190}.Release|Mixed Platforms.ActiveCfg = Release|Any CPU
		{815E0D7A-2097-4281-9627-F2FCFDB33190}.Release|Mixed Platforms.Build.0 = Release|Any CPU
		{815E0D7A-2097-4281-9627-F2FCFDB33190}.Release|x86.ActiveCfg = Release|Any CPU
		{815E0D7A-2097-4281-9627-F2FCFDB33190}.Try1 Debug|Any CPU.ActiveCfg = Debug|Any CPU
		{815E0D7A-2097-4281-9627-F2FCFDB33190}.Try1 Debug|Any CPU.Build.0 = Debug|Any CPU
		{815E0D7A-2097-4281-9627-F2FCFDB33190}.Try1 Debug|Mixed Platforms.ActiveCfg = Debug|Any CPU
		{815E0D7A-2097-4281-9627-F2FCFDB33190}.Try1 Debug|Mixed Platforms.Build.0 = Debug|Any CPU
		{815E0D7A-2097-4281-9627-F2FCFDB33190}.Try1 Debug|x86.ActiveCfg = Debug|Any CPU
		{6DE348DC-663F-4251-A8E4-A1107E1B0497}.Debug - Client Portal|Any CPU.ActiveCfg = Debug|Any CPU
		{6DE348DC-663F-4251-A8E4-A1107E1B0497}.Debug - Client Portal|Any CPU.Build.0 = Debug|Any CPU
		{6DE348DC-663F-4251-A8E4-A1107E1B0497}.Debug - Client Portal|Mixed Platforms.ActiveCfg = Debug|Any CPU
		{6DE348DC-663F-4251-A8E4-A1107E1B0497}.Debug - Client Portal|Mixed Platforms.Build.0 = Debug|Any CPU
		{6DE348DC-663F-4251-A8E4-A1107E1B0497}.Debug - Client Portal|x86.ActiveCfg = Debug|Any CPU
		{6DE348DC-663F-4251-A8E4-A1107E1B0497}.Debug - DADatabaseService|Any CPU.ActiveCfg = Debug|Any CPU
		{6DE348DC-663F-4251-A8E4-A1107E1B0497}.Debug - DADatabaseService|Any CPU.Build.0 = Debug|Any CPU
		{6DE348DC-663F-4251-A8E4-A1107E1B0497}.Debug - DADatabaseService|Mixed Platforms.ActiveCfg = Debug|Any CPU
		{6DE348DC-663F-4251-A8E4-A1107E1B0497}.Debug - DADatabaseService|Mixed Platforms.Build.0 = Debug|Any CPU
		{6DE348DC-663F-4251-A8E4-A1107E1B0497}.Debug - DADatabaseService|x86.ActiveCfg = Debug|Any CPU
		{6DE348DC-663F-4251-A8E4-A1107E1B0497}.Debug - Direct Track|Any CPU.ActiveCfg = Debug|Any CPU
		{6DE348DC-663F-4251-A8E4-A1107E1B0497}.Debug - Direct Track|Any CPU.Build.0 = Debug|Any CPU
		{6DE348DC-663F-4251-A8E4-A1107E1B0497}.Debug - Direct Track|Mixed Platforms.ActiveCfg = Debug|Any CPU
		{6DE348DC-663F-4251-A8E4-A1107E1B0497}.Debug - Direct Track|Mixed Platforms.Build.0 = Debug|Any CPU
		{6DE348DC-663F-4251-A8E4-A1107E1B0497}.Debug - Direct Track|x86.ActiveCfg = Debug|Any CPU
		{6DE348DC-663F-4251-A8E4-A1107E1B0497}.Debug - z|Any CPU.ActiveCfg = Debug|Any CPU
		{6DE348DC-663F-4251-A8E4-A1107E1B0497}.Debug - z|Any CPU.Build.0 = Debug|Any CPU
		{6DE348DC-663F-4251-A8E4-A1107E1B0497}.Debug - z|Mixed Platforms.ActiveCfg = Debug|Any CPU
		{6DE348DC-663F-4251-A8E4-A1107E1B0497}.Debug - z|Mixed Platforms.Build.0 = Debug|Any CPU
		{6DE348DC-663F-4251-A8E4-A1107E1B0497}.Debug - z|x86.ActiveCfg = Debug|Any CPU
		{6DE348DC-663F-4251-A8E4-A1107E1B0497}.Debug|Any CPU.ActiveCfg = Debug|Any CPU
		{6DE348DC-663F-4251-A8E4-A1107E1B0497}.Debug|Any CPU.Build.0 = Debug|Any CPU
		{6DE348DC-663F-4251-A8E4-A1107E1B0497}.Debug|Mixed Platforms.ActiveCfg = Debug|Any CPU
		{6DE348DC-663F-4251-A8E4-A1107E1B0497}.Debug|Mixed Platforms.Build.0 = Debug|Any CPU
		{6DE348DC-663F-4251-A8E4-A1107E1B0497}.Debug|x86.ActiveCfg = Debug|Any CPU
		{6DE348DC-663F-4251-A8E4-A1107E1B0497}.Release|Any CPU.ActiveCfg = Release|Any CPU
		{6DE348DC-663F-4251-A8E4-A1107E1B0497}.Release|Any CPU.Build.0 = Release|Any CPU
		{6DE348DC-663F-4251-A8E4-A1107E1B0497}.Release|Mixed Platforms.ActiveCfg = Release|Any CPU
		{6DE348DC-663F-4251-A8E4-A1107E1B0497}.Release|Mixed Platforms.Build.0 = Release|Any CPU
		{6DE348DC-663F-4251-A8E4-A1107E1B0497}.Release|x86.ActiveCfg = Release|Any CPU
		{6DE348DC-663F-4251-A8E4-A1107E1B0497}.Try1 Debug|Any CPU.ActiveCfg = Debug|Any CPU
		{6DE348DC-663F-4251-A8E4-A1107E1B0497}.Try1 Debug|Any CPU.Build.0 = Debug|Any CPU
		{6DE348DC-663F-4251-A8E4-A1107E1B0497}.Try1 Debug|Mixed Platforms.ActiveCfg = Debug|Any CPU
		{6DE348DC-663F-4251-A8E4-A1107E1B0497}.Try1 Debug|Mixed Platforms.Build.0 = Debug|Any CPU
		{6DE348DC-663F-4251-A8E4-A1107E1B0497}.Try1 Debug|x86.ActiveCfg = Debug|Any CPU
		{DC30DCE4-D767-4DDC-AEA0-959703093913}.Debug - Client Portal|Any CPU.ActiveCfg = Debug|Any CPU
		{DC30DCE4-D767-4DDC-AEA0-959703093913}.Debug - Client Portal|Any CPU.Build.0 = Debug|Any CPU
		{DC30DCE4-D767-4DDC-AEA0-959703093913}.Debug - Client Portal|Mixed Platforms.ActiveCfg = Debug|Any CPU
		{DC30DCE4-D767-4DDC-AEA0-959703093913}.Debug - Client Portal|Mixed Platforms.Build.0 = Debug|Any CPU
		{DC30DCE4-D767-4DDC-AEA0-959703093913}.Debug - Client Portal|x86.ActiveCfg = Debug|Any CPU
		{DC30DCE4-D767-4DDC-AEA0-959703093913}.Debug - DADatabaseService|Any CPU.ActiveCfg = Debug|Any CPU
		{DC30DCE4-D767-4DDC-AEA0-959703093913}.Debug - DADatabaseService|Any CPU.Build.0 = Debug|Any CPU
		{DC30DCE4-D767-4DDC-AEA0-959703093913}.Debug - DADatabaseService|Mixed Platforms.ActiveCfg = Debug|Any CPU
		{DC30DCE4-D767-4DDC-AEA0-959703093913}.Debug - DADatabaseService|Mixed Platforms.Build.0 = Debug|Any CPU
		{DC30DCE4-D767-4DDC-AEA0-959703093913}.Debug - DADatabaseService|x86.ActiveCfg = Debug|Any CPU
		{DC30DCE4-D767-4DDC-AEA0-959703093913}.Debug - Direct Track|Any CPU.ActiveCfg = Debug|Any CPU
		{DC30DCE4-D767-4DDC-AEA0-959703093913}.Debug - Direct Track|Any CPU.Build.0 = Debug|Any CPU
		{DC30DCE4-D767-4DDC-AEA0-959703093913}.Debug - Direct Track|Mixed Platforms.ActiveCfg = Debug|Any CPU
		{DC30DCE4-D767-4DDC-AEA0-959703093913}.Debug - Direct Track|Mixed Platforms.Build.0 = Debug|Any CPU
		{DC30DCE4-D767-4DDC-AEA0-959703093913}.Debug - Direct Track|x86.ActiveCfg = Debug|Any CPU
		{DC30DCE4-D767-4DDC-AEA0-959703093913}.Debug - z|Any CPU.ActiveCfg = Debug|Any CPU
		{DC30DCE4-D767-4DDC-AEA0-959703093913}.Debug - z|Any CPU.Build.0 = Debug|Any CPU
		{DC30DCE4-D767-4DDC-AEA0-959703093913}.Debug - z|Mixed Platforms.ActiveCfg = Debug|Any CPU
		{DC30DCE4-D767-4DDC-AEA0-959703093913}.Debug - z|Mixed Platforms.Build.0 = Debug|Any CPU
		{DC30DCE4-D767-4DDC-AEA0-959703093913}.Debug - z|x86.ActiveCfg = Debug|Any CPU
		{DC30DCE4-D767-4DDC-AEA0-959703093913}.Debug|Any CPU.ActiveCfg = Debug|Any CPU
		{DC30DCE4-D767-4DDC-AEA0-959703093913}.Debug|Any CPU.Build.0 = Debug|Any CPU
		{DC30DCE4-D767-4DDC-AEA0-959703093913}.Debug|Mixed Platforms.ActiveCfg = Debug|Any CPU
		{DC30DCE4-D767-4DDC-AEA0-959703093913}.Debug|Mixed Platforms.Build.0 = Debug|Any CPU
		{DC30DCE4-D767-4DDC-AEA0-959703093913}.Debug|x86.ActiveCfg = Debug|Any CPU
		{DC30DCE4-D767-4DDC-AEA0-959703093913}.Release|Any CPU.ActiveCfg = Release|Any CPU
		{DC30DCE4-D767-4DDC-AEA0-959703093913}.Release|Any CPU.Build.0 = Release|Any CPU
		{DC30DCE4-D767-4DDC-AEA0-959703093913}.Release|Mixed Platforms.ActiveCfg = Release|Any CPU
		{DC30DCE4-D767-4DDC-AEA0-959703093913}.Release|Mixed Platforms.Build.0 = Release|Any CPU
		{DC30DCE4-D767-4DDC-AEA0-959703093913}.Release|x86.ActiveCfg = Release|Any CPU
		{DC30DCE4-D767-4DDC-AEA0-959703093913}.Try1 Debug|Any CPU.ActiveCfg = Debug|Any CPU
		{DC30DCE4-D767-4DDC-AEA0-959703093913}.Try1 Debug|Any CPU.Build.0 = Debug|Any CPU
		{DC30DCE4-D767-4DDC-AEA0-959703093913}.Try1 Debug|Mixed Platforms.ActiveCfg = Debug|Any CPU
		{DC30DCE4-D767-4DDC-AEA0-959703093913}.Try1 Debug|Mixed Platforms.Build.0 = Debug|Any CPU
		{DC30DCE4-D767-4DDC-AEA0-959703093913}.Try1 Debug|x86.ActiveCfg = Debug|Any CPU
		{768819DE-541A-4208-9D3B-06FD70AFA769}.Debug - Client Portal|Any CPU.ActiveCfg = Debug|Any CPU
		{768819DE-541A-4208-9D3B-06FD70AFA769}.Debug - Client Portal|Any CPU.Build.0 = Debug|Any CPU
		{768819DE-541A-4208-9D3B-06FD70AFA769}.Debug - Client Portal|Mixed Platforms.ActiveCfg = Debug|Any CPU
		{768819DE-541A-4208-9D3B-06FD70AFA769}.Debug - Client Portal|Mixed Platforms.Build.0 = Debug|Any CPU
		{768819DE-541A-4208-9D3B-06FD70AFA769}.Debug - Client Portal|x86.ActiveCfg = Debug|Any CPU
		{768819DE-541A-4208-9D3B-06FD70AFA769}.Debug - DADatabaseService|Any CPU.ActiveCfg = Debug|Any CPU
		{768819DE-541A-4208-9D3B-06FD70AFA769}.Debug - DADatabaseService|Any CPU.Build.0 = Debug|Any CPU
		{768819DE-541A-4208-9D3B-06FD70AFA769}.Debug - DADatabaseService|Mixed Platforms.ActiveCfg = Debug|Any CPU
		{768819DE-541A-4208-9D3B-06FD70AFA769}.Debug - DADatabaseService|Mixed Platforms.Build.0 = Debug|Any CPU
		{768819DE-541A-4208-9D3B-06FD70AFA769}.Debug - DADatabaseService|x86.ActiveCfg = Debug|Any CPU
		{768819DE-541A-4208-9D3B-06FD70AFA769}.Debug - Direct Track|Any CPU.ActiveCfg = Debug|Any CPU
		{768819DE-541A-4208-9D3B-06FD70AFA769}.Debug - Direct Track|Any CPU.Build.0 = Debug|Any CPU
		{768819DE-541A-4208-9D3B-06FD70AFA769}.Debug - Direct Track|Mixed Platforms.ActiveCfg = Debug|Any CPU
		{768819DE-541A-4208-9D3B-06FD70AFA769}.Debug - Direct Track|Mixed Platforms.Build.0 = Debug|Any CPU
		{768819DE-541A-4208-9D3B-06FD70AFA769}.Debug - Direct Track|x86.ActiveCfg = Debug|Any CPU
		{768819DE-541A-4208-9D3B-06FD70AFA769}.Debug - z|Any CPU.ActiveCfg = Debug|Any CPU
		{768819DE-541A-4208-9D3B-06FD70AFA769}.Debug - z|Any CPU.Build.0 = Debug|Any CPU
		{768819DE-541A-4208-9D3B-06FD70AFA769}.Debug - z|Mixed Platforms.ActiveCfg = Debug|Any CPU
		{768819DE-541A-4208-9D3B-06FD70AFA769}.Debug - z|Mixed Platforms.Build.0 = Debug|Any CPU
		{768819DE-541A-4208-9D3B-06FD70AFA769}.Debug - z|x86.ActiveCfg = Debug|Any CPU
		{768819DE-541A-4208-9D3B-06FD70AFA769}.Debug|Any CPU.ActiveCfg = Debug|Any CPU
		{768819DE-541A-4208-9D3B-06FD70AFA769}.Debug|Any CPU.Build.0 = Debug|Any CPU
		{768819DE-541A-4208-9D3B-06FD70AFA769}.Debug|Mixed Platforms.ActiveCfg = Debug|Any CPU
		{768819DE-541A-4208-9D3B-06FD70AFA769}.Debug|Mixed Platforms.Build.0 = Debug|Any CPU
		{768819DE-541A-4208-9D3B-06FD70AFA769}.Debug|x86.ActiveCfg = Debug|Any CPU
		{768819DE-541A-4208-9D3B-06FD70AFA769}.Release|Any CPU.ActiveCfg = Release|Any CPU
		{768819DE-541A-4208-9D3B-06FD70AFA769}.Release|Any CPU.Build.0 = Release|Any CPU
		{768819DE-541A-4208-9D3B-06FD70AFA769}.Release|Mixed Platforms.ActiveCfg = Release|Any CPU
		{768819DE-541A-4208-9D3B-06FD70AFA769}.Release|Mixed Platforms.Build.0 = Release|Any CPU
		{768819DE-541A-4208-9D3B-06FD70AFA769}.Release|x86.ActiveCfg = Release|Any CPU
		{768819DE-541A-4208-9D3B-06FD70AFA769}.Try1 Debug|Any CPU.ActiveCfg = Debug|Any CPU
		{768819DE-541A-4208-9D3B-06FD70AFA769}.Try1 Debug|Any CPU.Build.0 = Debug|Any CPU
		{768819DE-541A-4208-9D3B-06FD70AFA769}.Try1 Debug|Mixed Platforms.ActiveCfg = Debug|Any CPU
		{768819DE-541A-4208-9D3B-06FD70AFA769}.Try1 Debug|Mixed Platforms.Build.0 = Debug|Any CPU
		{768819DE-541A-4208-9D3B-06FD70AFA769}.Try1 Debug|x86.ActiveCfg = Debug|Any CPU
	EndGlobalSection
	GlobalSection(SolutionProperties) = preSolution
		HideSolutionNode = FALSE
	EndGlobalSection
	GlobalSection(NestedProjects) = preSolution
		{4C08DC70-20A6-4D3B-AB4B-5AAA04521118} = {E4D73AA0-8CFD-46A0-BE36-3E34D01CEC05}
		{A5D217FE-1556-4ABD-BFDF-F5A2D65F5D8A} = {E4D73AA0-8CFD-46A0-BE36-3E34D01CEC05}
		{1594F5F0-0810-4CD2-8C1E-439BA340EC2E} = {E4D73AA0-8CFD-46A0-BE36-3E34D01CEC05}
		{7FA31632-40D5-4B76-953D-CD90D8D64EFA} = {E4D73AA0-8CFD-46A0-BE36-3E34D01CEC05}
		{C96A7A6B-F15A-4C83-B871-0DF48E798C5F} = {E4D73AA0-8CFD-46A0-BE36-3E34D01CEC05}
		{B9F971EA-5F76-474C-B3DC-E00FD3760967} = {E4D73AA0-8CFD-46A0-BE36-3E34D01CEC05}
		{268E422D-0ED9-4922-AE6E-775534A8EDAC} = {E4D73AA0-8CFD-46A0-BE36-3E34D01CEC05}
		{9C62966A-7D38-46A0-8801-8B3BC29FE636} = {E4D73AA0-8CFD-46A0-BE36-3E34D01CEC05}
		{815E0D7A-2097-4281-9627-F2FCFDB33190} = {E4D73AA0-8CFD-46A0-BE36-3E34D01CEC05}
		{6DE348DC-663F-4251-A8E4-A1107E1B0497} = {E4D73AA0-8CFD-46A0-BE36-3E34D01CEC05}
		{DC30DCE4-D767-4DDC-AEA0-959703093913} = {E4D73AA0-8CFD-46A0-BE36-3E34D01CEC05}
		{768819DE-541A-4208-9D3B-06FD70AFA769} = {E4D73AA0-8CFD-46A0-BE36-3E34D01CEC05}
		{AC153EBD-4D65-4B9D-A812-65592DD49508} = {B63CA144-D8E4-4553-BDF6-8268EB9467E7}
		{87AEC306-A7EC-4F3E-925A-59AB736E60D4} = {B63CA144-D8E4-4553-BDF6-8268EB9467E7}
		{590BB4FB-CBF2-496C-B408-5D8C1C54CD5F} = {B63CA144-D8E4-4553-BDF6-8268EB9467E7}
	EndGlobalSection
EndGlobal
