
Microsoft Visual Studio Solution File, Format Version 12.00
# Visual Studio 15
VisualStudioVersion = 15.0.28010.2048
MinimumVisualStudioVersion = 10.0.40219.1
Project("{FAE04EC0-301F-11D3-BF4B-00C04F79EFBC}") = "CakeExtractor.SeleniumApplication", "CakeExtractor.SeleniumApplication\CakeExtractor.SeleniumApplication.csproj", "{CC1C4E5C-F431-4F95-9F20-B57E7DA1343B}"
EndProject
Project("{FAE04EC0-301F-11D3-BF4B-00C04F79EFBC}") = "CakeExtracter", "..\CakeExtracter\CakeExtracter\CakeExtracter.csproj", "{3B6C5433-5392-4165-A7E4-4AA431A75BB3}"
EndProject
Project("{FAE04EC0-301F-11D3-BF4B-00C04F79EFBC}") = "Amazon", "..\API\Amazon\Amazon.csproj", "{5C59F9FE-A478-4701-BB84-17E7D0E5E012}"
EndProject
Project("{FAE04EC0-301F-11D3-BF4B-00C04F79EFBC}") = "DirectAgents.Domain", "..\..\1\DirectAgents.Domain\DirectAgents.Domain.csproj", "{278911AB-CB92-4316-843E-4571CD0C3410}"
EndProject
Global
	GlobalSection(SolutionConfigurationPlatforms) = preSolution
		Debug|Any CPU = Debug|Any CPU
		Release|Any CPU = Release|Any CPU
	EndGlobalSection
	GlobalSection(ProjectConfigurationPlatforms) = postSolution
		{CC1C4E5C-F431-4F95-9F20-B57E7DA1343B}.Debug|Any CPU.ActiveCfg = Debug|Any CPU
		{CC1C4E5C-F431-4F95-9F20-B57E7DA1343B}.Debug|Any CPU.Build.0 = Debug|Any CPU
		{CC1C4E5C-F431-4F95-9F20-B57E7DA1343B}.Release|Any CPU.ActiveCfg = Release|Any CPU
		{CC1C4E5C-F431-4F95-9F20-B57E7DA1343B}.Release|Any CPU.Build.0 = Release|Any CPU
		{3B6C5433-5392-4165-A7E4-4AA431A75BB3}.Debug|Any CPU.ActiveCfg = Debug|Any CPU
		{3B6C5433-5392-4165-A7E4-4AA431A75BB3}.Debug|Any CPU.Build.0 = Debug|Any CPU
		{3B6C5433-5392-4165-A7E4-4AA431A75BB3}.Release|Any CPU.ActiveCfg = Release|Any CPU
		{3B6C5433-5392-4165-A7E4-4AA431A75BB3}.Release|Any CPU.Build.0 = Release|Any CPU
		{5C59F9FE-A478-4701-BB84-17E7D0E5E012}.Debug|Any CPU.ActiveCfg = Debug|Any CPU
		{5C59F9FE-A478-4701-BB84-17E7D0E5E012}.Debug|Any CPU.Build.0 = Debug|Any CPU
		{5C59F9FE-A478-4701-BB84-17E7D0E5E012}.Release|Any CPU.ActiveCfg = Release|Any CPU
		{5C59F9FE-A478-4701-BB84-17E7D0E5E012}.Release|Any CPU.Build.0 = Release|Any CPU
		{278911AB-CB92-4316-843E-4571CD0C3410}.Debug|Any CPU.ActiveCfg = Debug|Any CPU
		{278911AB-CB92-4316-843E-4571CD0C3410}.Debug|Any CPU.Build.0 = Debug|Any CPU
		{278911AB-CB92-4316-843E-4571CD0C3410}.Release|Any CPU.ActiveCfg = Release|Any CPU
		{278911AB-CB92-4316-843E-4571CD0C3410}.Release|Any CPU.Build.0 = Release|Any CPU
	EndGlobalSection
	GlobalSection(SolutionProperties) = preSolution
		HideSolutionNode = FALSE
	EndGlobalSection
	GlobalSection(ExtensibilityGlobals) = postSolution
		SolutionGuid = {B15ECB22-024E-47FD-A58C-7C2E8483BEE8}
	EndGlobalSection
EndGlobal
